
Microsoft Visual Studio Solution File, Format Version 12.00
# Visual Studio 2012
Project("{FAE04EC0-301F-11D3-BF4B-00C04F79EFBC}") = "SmaugCS", "SmaugCS\SmaugCS.csproj", "{30198591-FFF9-488C-AB88-2B02D58900D4}"
EndProject
Project("{FAE04EC0-301F-11D3-BF4B-00C04F79EFBC}") = "SmaugCS.Tests", "SmaugCS.Tests\SmaugCS.Tests.csproj", "{03416378-07C6-40AC-906B-E27F31E959F8}"
EndProject
Project("{FAE04EC0-301F-11D3-BF4B-00C04F79EFBC}") = "SmaugCS.Common", "SmaugCS.Common\SmaugCS.Common.csproj", "{B89245A0-DE06-4DD9-A02E-CBDEABC209C8}"
EndProject
Project("{2150E333-8FDC-42A3-9474-1A3956D46DE8}") = "Libraries", "Libraries", "{B9A26022-E8BF-4AB8-B5CE-198BABFABD70}"
EndProject
Project("{2150E333-8FDC-42A3-9474-1A3956D46DE8}") = "Tests", "Tests", "{8C290C9F-8A88-4A34-AD47-6D0D9E188ECF}"
EndProject
Project("{FAE04EC0-301F-11D3-BF4B-00C04F79EFBC}") = "Realm.Library.Common.Test", "Libraries\Realm.Library.Common.Test\Realm.Library.Common.Test.csproj", "{B6A78452-CA4D-442F-AAD4-A31647B18CB7}"
EndProject
Project("{FAE04EC0-301F-11D3-BF4B-00C04F79EFBC}") = "Realm.Library.Pattern.Test", "Libraries\Realm.Library.Pattern.Test\Realm.Library.Pattern.Test.csproj", "{7F8A32C0-B452-4E30-9C23-6406DDC353DB}"
EndProject
Project("{FAE04EC0-301F-11D3-BF4B-00C04F79EFBC}") = "Realm.Library.Common", "Libraries\Realm.Library.Common\Realm.Library.Common.csproj", "{1FDEE5BD-A724-4478-BCA3-4C49DAEA291D}"
EndProject
Project("{FAE04EC0-301F-11D3-BF4B-00C04F79EFBC}") = "Realm.Library.Patterns.Command", "Libraries\Realm.Library.Patterns.Command\Realm.Library.Patterns.Command.csproj", "{DD42338B-FE18-406E-8084-F606825771F6}"
EndProject
Project("{FAE04EC0-301F-11D3-BF4B-00C04F79EFBC}") = "Realm.Library.Patterns.Factory", "Libraries\Realm.Library.Patterns.Factory\Realm.Library.Patterns.Factory.csproj", "{74A0765E-25AD-486E-8284-33FCECF636D1}"
EndProject
Project("{FAE04EC0-301F-11D3-BF4B-00C04F79EFBC}") = "Realm.Library.Patterns.Repository", "Libraries\Realm.Library.Patterns.Repository\Realm.Library.Patterns.Repository.csproj", "{222CCE38-B286-44F0-B7F1-6AF8BA525FB6}"
EndProject
Project("{FAE04EC0-301F-11D3-BF4B-00C04F79EFBC}") = "Realm.Library.Patterns.Singleton", "Libraries\Realm.Library.Patterns.Singleton\Realm.Library.Patterns.Singleton.csproj", "{B459E90B-793A-48B1-B672-50D162EDC662}"
EndProject
Project("{FAE04EC0-301F-11D3-BF4B-00C04F79EFBC}") = "Realm.Library.NCalcExt", "Libraries\Realm.Library.NCalcExt\Realm.Library.NCalcExt.csproj", "{D2EBA739-4153-48FF-93F0-AAEB43D1AB7E}"
EndProject
Project("{FAE04EC0-301F-11D3-BF4B-00C04F79EFBC}") = "Realm.Library.NCalcExt.Test", "Libraries\Realm.Library.NCalcExt.Test\Realm.Library.NCalcExt.Test.csproj", "{B78267E9-B883-4BDE-8883-99D8F5A09013}"
EndProject
Project("{FAE04EC0-301F-11D3-BF4B-00C04F79EFBC}") = "Realm.Library.Patterns.Decorator", "Libraries\Realm.Library.Patterns.Decorator\Realm.Library.Patterns.Decorator.csproj", "{2BB2460C-A3C5-410B-B139-0E16E5077AAC}"
EndProject
Project("{2150E333-8FDC-42A3-9474-1A3956D46DE8}") = ".nuget", ".nuget", "{4DE84B61-11A8-43D2-9095-74E0C6799276}"
	ProjectSection(SolutionItems) = preProject
		.nuget\NuGet.Config = .nuget\NuGet.Config
		.nuget\NuGet.exe = .nuget\NuGet.exe
		.nuget\NuGet.targets = .nuget\NuGet.targets
	EndProjectSection
EndProject
Project("{FAE04EC0-301F-11D3-BF4B-00C04F79EFBC}") = "Realm.Library.Lua", "Libraries\Realm.Library.Lua\Realm.Library.Lua.csproj", "{02B1394B-866D-42AD-B187-EF9D9D459EB0}"
EndProject
Project("{FAE04EC0-301F-11D3-BF4B-00C04F79EFBC}") = "Realm.Library.Lua.Test", "Libraries\Realm.Library.Lua.Test\Realm.Library.Lua.Test.csproj", "{D822B027-D854-4081-B14D-8F7269207F61}"
EndProject
Global
	GlobalSection(SolutionConfigurationPlatforms) = preSolution
		Debug|Any CPU = Debug|Any CPU
		Debug|x86 = Debug|x86
		Home|Any CPU = Home|Any CPU
		Home|x86 = Home|x86
		Release|Any CPU = Release|Any CPU
		Release|x86 = Release|x86
		Work|Any CPU = Work|Any CPU
		Work|x86 = Work|x86
	EndGlobalSection
	GlobalSection(ProjectConfigurationPlatforms) = postSolution
		{30198591-FFF9-488C-AB88-2B02D58900D4}.Debug|Any CPU.ActiveCfg = Debug|Any CPU
		{30198591-FFF9-488C-AB88-2B02D58900D4}.Debug|Any CPU.Build.0 = Debug|Any CPU
		{30198591-FFF9-488C-AB88-2B02D58900D4}.Debug|x86.ActiveCfg = Debug|Any CPU
		{30198591-FFF9-488C-AB88-2B02D58900D4}.Home|Any CPU.ActiveCfg = Release|Any CPU
		{30198591-FFF9-488C-AB88-2B02D58900D4}.Home|Any CPU.Build.0 = Release|Any CPU
		{30198591-FFF9-488C-AB88-2B02D58900D4}.Home|x86.ActiveCfg = Release|Any CPU
		{30198591-FFF9-488C-AB88-2B02D58900D4}.Release|Any CPU.ActiveCfg = Release|Any CPU
		{30198591-FFF9-488C-AB88-2B02D58900D4}.Release|Any CPU.Build.0 = Release|Any CPU
		{30198591-FFF9-488C-AB88-2B02D58900D4}.Release|x86.ActiveCfg = Release|Any CPU
		{30198591-FFF9-488C-AB88-2B02D58900D4}.Work|Any CPU.ActiveCfg = Release|Any CPU
		{30198591-FFF9-488C-AB88-2B02D58900D4}.Work|Any CPU.Build.0 = Release|Any CPU
		{30198591-FFF9-488C-AB88-2B02D58900D4}.Work|x86.ActiveCfg = Release|Any CPU
		{03416378-07C6-40AC-906B-E27F31E959F8}.Debug|Any CPU.ActiveCfg = Debug|Any CPU
		{03416378-07C6-40AC-906B-E27F31E959F8}.Debug|Any CPU.Build.0 = Debug|Any CPU
		{03416378-07C6-40AC-906B-E27F31E959F8}.Debug|x86.ActiveCfg = Debug|Any CPU
		{03416378-07C6-40AC-906B-E27F31E959F8}.Home|Any CPU.ActiveCfg = Release|Any CPU
		{03416378-07C6-40AC-906B-E27F31E959F8}.Home|Any CPU.Build.0 = Release|Any CPU
		{03416378-07C6-40AC-906B-E27F31E959F8}.Home|x86.ActiveCfg = Release|Any CPU
		{03416378-07C6-40AC-906B-E27F31E959F8}.Release|Any CPU.ActiveCfg = Release|Any CPU
		{03416378-07C6-40AC-906B-E27F31E959F8}.Release|Any CPU.Build.0 = Release|Any CPU
		{03416378-07C6-40AC-906B-E27F31E959F8}.Release|x86.ActiveCfg = Release|Any CPU
		{03416378-07C6-40AC-906B-E27F31E959F8}.Work|Any CPU.ActiveCfg = Release|Any CPU
		{03416378-07C6-40AC-906B-E27F31E959F8}.Work|Any CPU.Build.0 = Release|Any CPU
		{03416378-07C6-40AC-906B-E27F31E959F8}.Work|x86.ActiveCfg = Release|Any CPU
		{B89245A0-DE06-4DD9-A02E-CBDEABC209C8}.Debug|Any CPU.ActiveCfg = Debug|Any CPU
		{B89245A0-DE06-4DD9-A02E-CBDEABC209C8}.Debug|Any CPU.Build.0 = Debug|Any CPU
		{B89245A0-DE06-4DD9-A02E-CBDEABC209C8}.Debug|x86.ActiveCfg = Debug|Any CPU
		{B89245A0-DE06-4DD9-A02E-CBDEABC209C8}.Home|Any CPU.ActiveCfg = Release|Any CPU
		{B89245A0-DE06-4DD9-A02E-CBDEABC209C8}.Home|Any CPU.Build.0 = Release|Any CPU
		{B89245A0-DE06-4DD9-A02E-CBDEABC209C8}.Home|x86.ActiveCfg = Release|Any CPU
		{B89245A0-DE06-4DD9-A02E-CBDEABC209C8}.Release|Any CPU.ActiveCfg = Release|Any CPU
		{B89245A0-DE06-4DD9-A02E-CBDEABC209C8}.Release|Any CPU.Build.0 = Release|Any CPU
		{B89245A0-DE06-4DD9-A02E-CBDEABC209C8}.Release|x86.ActiveCfg = Release|Any CPU
		{B89245A0-DE06-4DD9-A02E-CBDEABC209C8}.Work|Any CPU.ActiveCfg = Release|Any CPU
		{B89245A0-DE06-4DD9-A02E-CBDEABC209C8}.Work|Any CPU.Build.0 = Release|Any CPU
		{B89245A0-DE06-4DD9-A02E-CBDEABC209C8}.Work|x86.ActiveCfg = Release|Any CPU
		{B6A78452-CA4D-442F-AAD4-A31647B18CB7}.Debug|Any CPU.ActiveCfg = Debug|Any CPU
		{B6A78452-CA4D-442F-AAD4-A31647B18CB7}.Debug|Any CPU.Build.0 = Debug|Any CPU
		{B6A78452-CA4D-442F-AAD4-A31647B18CB7}.Debug|x86.ActiveCfg = Debug|x86
		{B6A78452-CA4D-442F-AAD4-A31647B18CB7}.Debug|x86.Build.0 = Debug|x86
		{B6A78452-CA4D-442F-AAD4-A31647B18CB7}.Home|Any CPU.ActiveCfg = Home|Any CPU
		{B6A78452-CA4D-442F-AAD4-A31647B18CB7}.Home|Any CPU.Build.0 = Home|Any CPU
		{B6A78452-CA4D-442F-AAD4-A31647B18CB7}.Home|x86.ActiveCfg = Home|x86
		{B6A78452-CA4D-442F-AAD4-A31647B18CB7}.Home|x86.Build.0 = Home|x86
		{B6A78452-CA4D-442F-AAD4-A31647B18CB7}.Release|Any CPU.ActiveCfg = Release|Any CPU
		{B6A78452-CA4D-442F-AAD4-A31647B18CB7}.Release|Any CPU.Build.0 = Release|Any CPU
		{B6A78452-CA4D-442F-AAD4-A31647B18CB7}.Release|x86.ActiveCfg = Release|x86
		{B6A78452-CA4D-442F-AAD4-A31647B18CB7}.Release|x86.Build.0 = Release|x86
		{B6A78452-CA4D-442F-AAD4-A31647B18CB7}.Work|Any CPU.ActiveCfg = Work|Any CPU
		{B6A78452-CA4D-442F-AAD4-A31647B18CB7}.Work|Any CPU.Build.0 = Work|Any CPU
		{B6A78452-CA4D-442F-AAD4-A31647B18CB7}.Work|x86.ActiveCfg = Work|x86
		{B6A78452-CA4D-442F-AAD4-A31647B18CB7}.Work|x86.Build.0 = Work|x86
		{7F8A32C0-B452-4E30-9C23-6406DDC353DB}.Debug|Any CPU.ActiveCfg = Debug|Any CPU
		{7F8A32C0-B452-4E30-9C23-6406DDC353DB}.Debug|Any CPU.Build.0 = Debug|Any CPU
		{7F8A32C0-B452-4E30-9C23-6406DDC353DB}.Debug|x86.ActiveCfg = Debug|x86
		{7F8A32C0-B452-4E30-9C23-6406DDC353DB}.Debug|x86.Build.0 = Debug|x86
		{7F8A32C0-B452-4E30-9C23-6406DDC353DB}.Home|Any CPU.ActiveCfg = Home|Any CPU
		{7F8A32C0-B452-4E30-9C23-6406DDC353DB}.Home|Any CPU.Build.0 = Home|Any CPU
		{7F8A32C0-B452-4E30-9C23-6406DDC353DB}.Home|x86.ActiveCfg = Home|x86
		{7F8A32C0-B452-4E30-9C23-6406DDC353DB}.Home|x86.Build.0 = Home|x86
		{7F8A32C0-B452-4E30-9C23-6406DDC353DB}.Release|Any CPU.ActiveCfg = Release|Any CPU
		{7F8A32C0-B452-4E30-9C23-6406DDC353DB}.Release|Any CPU.Build.0 = Release|Any CPU
		{7F8A32C0-B452-4E30-9C23-6406DDC353DB}.Release|x86.ActiveCfg = Release|x86
		{7F8A32C0-B452-4E30-9C23-6406DDC353DB}.Release|x86.Build.0 = Release|x86
		{7F8A32C0-B452-4E30-9C23-6406DDC353DB}.Work|Any CPU.ActiveCfg = Work|Any CPU
		{7F8A32C0-B452-4E30-9C23-6406DDC353DB}.Work|Any CPU.Build.0 = Work|Any CPU
		{7F8A32C0-B452-4E30-9C23-6406DDC353DB}.Work|x86.ActiveCfg = Work|x86
		{7F8A32C0-B452-4E30-9C23-6406DDC353DB}.Work|x86.Build.0 = Work|x86
		{1FDEE5BD-A724-4478-BCA3-4C49DAEA291D}.Debug|Any CPU.ActiveCfg = Debug|Any CPU
		{1FDEE5BD-A724-4478-BCA3-4C49DAEA291D}.Debug|Any CPU.Build.0 = Debug|Any CPU
		{1FDEE5BD-A724-4478-BCA3-4C49DAEA291D}.Debug|x86.ActiveCfg = Debug|x86
		{1FDEE5BD-A724-4478-BCA3-4C49DAEA291D}.Debug|x86.Build.0 = Debug|x86
		{1FDEE5BD-A724-4478-BCA3-4C49DAEA291D}.Home|Any CPU.ActiveCfg = Home|Any CPU
		{1FDEE5BD-A724-4478-BCA3-4C49DAEA291D}.Home|Any CPU.Build.0 = Home|Any CPU
		{1FDEE5BD-A724-4478-BCA3-4C49DAEA291D}.Home|x86.ActiveCfg = Home|x86
		{1FDEE5BD-A724-4478-BCA3-4C49DAEA291D}.Home|x86.Build.0 = Home|x86
		{1FDEE5BD-A724-4478-BCA3-4C49DAEA291D}.Release|Any CPU.ActiveCfg = Release|Any CPU
		{1FDEE5BD-A724-4478-BCA3-4C49DAEA291D}.Release|Any CPU.Build.0 = Release|Any CPU
		{1FDEE5BD-A724-4478-BCA3-4C49DAEA291D}.Release|x86.ActiveCfg = Release|x86
		{1FDEE5BD-A724-4478-BCA3-4C49DAEA291D}.Release|x86.Build.0 = Release|x86
		{1FDEE5BD-A724-4478-BCA3-4C49DAEA291D}.Work|Any CPU.ActiveCfg = Work|Any CPU
		{1FDEE5BD-A724-4478-BCA3-4C49DAEA291D}.Work|Any CPU.Build.0 = Work|Any CPU
		{1FDEE5BD-A724-4478-BCA3-4C49DAEA291D}.Work|x86.ActiveCfg = Work|x86
		{1FDEE5BD-A724-4478-BCA3-4C49DAEA291D}.Work|x86.Build.0 = Work|x86
		{DD42338B-FE18-406E-8084-F606825771F6}.Debug|Any CPU.ActiveCfg = Debug|Any CPU
		{DD42338B-FE18-406E-8084-F606825771F6}.Debug|Any CPU.Build.0 = Debug|Any CPU
		{DD42338B-FE18-406E-8084-F606825771F6}.Debug|x86.ActiveCfg = Debug|x86
		{DD42338B-FE18-406E-8084-F606825771F6}.Debug|x86.Build.0 = Debug|x86
		{DD42338B-FE18-406E-8084-F606825771F6}.Home|Any CPU.ActiveCfg = Home|Any CPU
		{DD42338B-FE18-406E-8084-F606825771F6}.Home|Any CPU.Build.0 = Home|Any CPU
		{DD42338B-FE18-406E-8084-F606825771F6}.Home|x86.ActiveCfg = Home|x86
		{DD42338B-FE18-406E-8084-F606825771F6}.Home|x86.Build.0 = Home|x86
		{DD42338B-FE18-406E-8084-F606825771F6}.Release|Any CPU.ActiveCfg = Release|Any CPU
		{DD42338B-FE18-406E-8084-F606825771F6}.Release|Any CPU.Build.0 = Release|Any CPU
		{DD42338B-FE18-406E-8084-F606825771F6}.Release|x86.ActiveCfg = Release|x86
		{DD42338B-FE18-406E-8084-F606825771F6}.Release|x86.Build.0 = Release|x86
		{DD42338B-FE18-406E-8084-F606825771F6}.Work|Any CPU.ActiveCfg = Work|Any CPU
		{DD42338B-FE18-406E-8084-F606825771F6}.Work|Any CPU.Build.0 = Work|Any CPU
		{DD42338B-FE18-406E-8084-F606825771F6}.Work|x86.ActiveCfg = Work|x86
		{DD42338B-FE18-406E-8084-F606825771F6}.Work|x86.Build.0 = Work|x86
		{74A0765E-25AD-486E-8284-33FCECF636D1}.Debug|Any CPU.ActiveCfg = Debug|Any CPU
		{74A0765E-25AD-486E-8284-33FCECF636D1}.Debug|Any CPU.Build.0 = Debug|Any CPU
		{74A0765E-25AD-486E-8284-33FCECF636D1}.Debug|x86.ActiveCfg = Debug|x86
		{74A0765E-25AD-486E-8284-33FCECF636D1}.Debug|x86.Build.0 = Debug|x86
		{74A0765E-25AD-486E-8284-33FCECF636D1}.Home|Any CPU.ActiveCfg = Home|Any CPU
		{74A0765E-25AD-486E-8284-33FCECF636D1}.Home|Any CPU.Build.0 = Home|Any CPU
		{74A0765E-25AD-486E-8284-33FCECF636D1}.Home|x86.ActiveCfg = Home|x86
		{74A0765E-25AD-486E-8284-33FCECF636D1}.Home|x86.Build.0 = Home|x86
		{74A0765E-25AD-486E-8284-33FCECF636D1}.Release|Any CPU.ActiveCfg = Release|Any CPU
		{74A0765E-25AD-486E-8284-33FCECF636D1}.Release|Any CPU.Build.0 = Release|Any CPU
		{74A0765E-25AD-486E-8284-33FCECF636D1}.Release|x86.ActiveCfg = Release|x86
		{74A0765E-25AD-486E-8284-33FCECF636D1}.Release|x86.Build.0 = Release|x86
		{74A0765E-25AD-486E-8284-33FCECF636D1}.Work|Any CPU.ActiveCfg = Work|Any CPU
		{74A0765E-25AD-486E-8284-33FCECF636D1}.Work|Any CPU.Build.0 = Work|Any CPU
		{74A0765E-25AD-486E-8284-33FCECF636D1}.Work|x86.ActiveCfg = Work|x86
		{74A0765E-25AD-486E-8284-33FCECF636D1}.Work|x86.Build.0 = Work|x86
		{222CCE38-B286-44F0-B7F1-6AF8BA525FB6}.Debug|Any CPU.ActiveCfg = Debug|Any CPU
		{222CCE38-B286-44F0-B7F1-6AF8BA525FB6}.Debug|Any CPU.Build.0 = Debug|Any CPU
		{222CCE38-B286-44F0-B7F1-6AF8BA525FB6}.Debug|x86.ActiveCfg = Debug|x86
		{222CCE38-B286-44F0-B7F1-6AF8BA525FB6}.Debug|x86.Build.0 = Debug|x86
		{222CCE38-B286-44F0-B7F1-6AF8BA525FB6}.Home|Any CPU.ActiveCfg = Home|Any CPU
		{222CCE38-B286-44F0-B7F1-6AF8BA525FB6}.Home|Any CPU.Build.0 = Home|Any CPU
		{222CCE38-B286-44F0-B7F1-6AF8BA525FB6}.Home|x86.ActiveCfg = Home|x86
		{222CCE38-B286-44F0-B7F1-6AF8BA525FB6}.Home|x86.Build.0 = Home|x86
		{222CCE38-B286-44F0-B7F1-6AF8BA525FB6}.Release|Any CPU.ActiveCfg = Release|Any CPU
		{222CCE38-B286-44F0-B7F1-6AF8BA525FB6}.Release|Any CPU.Build.0 = Release|Any CPU
		{222CCE38-B286-44F0-B7F1-6AF8BA525FB6}.Release|x86.ActiveCfg = Release|x86
		{222CCE38-B286-44F0-B7F1-6AF8BA525FB6}.Release|x86.Build.0 = Release|x86
		{222CCE38-B286-44F0-B7F1-6AF8BA525FB6}.Work|Any CPU.ActiveCfg = Work|Any CPU
		{222CCE38-B286-44F0-B7F1-6AF8BA525FB6}.Work|Any CPU.Build.0 = Work|Any CPU
		{222CCE38-B286-44F0-B7F1-6AF8BA525FB6}.Work|x86.ActiveCfg = Work|x86
		{222CCE38-B286-44F0-B7F1-6AF8BA525FB6}.Work|x86.Build.0 = Work|x86
		{B459E90B-793A-48B1-B672-50D162EDC662}.Debug|Any CPU.ActiveCfg = Debug|Any CPU
		{B459E90B-793A-48B1-B672-50D162EDC662}.Debug|Any CPU.Build.0 = Debug|Any CPU
		{B459E90B-793A-48B1-B672-50D162EDC662}.Debug|x86.ActiveCfg = Debug|x86
		{B459E90B-793A-48B1-B672-50D162EDC662}.Debug|x86.Build.0 = Debug|x86
		{B459E90B-793A-48B1-B672-50D162EDC662}.Home|Any CPU.ActiveCfg = Home|Any CPU
		{B459E90B-793A-48B1-B672-50D162EDC662}.Home|Any CPU.Build.0 = Home|Any CPU
		{B459E90B-793A-48B1-B672-50D162EDC662}.Home|x86.ActiveCfg = Home|x86
		{B459E90B-793A-48B1-B672-50D162EDC662}.Home|x86.Build.0 = Home|x86
		{B459E90B-793A-48B1-B672-50D162EDC662}.Release|Any CPU.ActiveCfg = Release|Any CPU
		{B459E90B-793A-48B1-B672-50D162EDC662}.Release|Any CPU.Build.0 = Release|Any CPU
		{B459E90B-793A-48B1-B672-50D162EDC662}.Release|x86.ActiveCfg = Release|x86
		{B459E90B-793A-48B1-B672-50D162EDC662}.Release|x86.Build.0 = Release|x86
		{B459E90B-793A-48B1-B672-50D162EDC662}.Work|Any CPU.ActiveCfg = Work|Any CPU
		{B459E90B-793A-48B1-B672-50D162EDC662}.Work|Any CPU.Build.0 = Work|Any CPU
		{B459E90B-793A-48B1-B672-50D162EDC662}.Work|x86.ActiveCfg = Work|x86
		{B459E90B-793A-48B1-B672-50D162EDC662}.Work|x86.Build.0 = Work|x86
		{D2EBA739-4153-48FF-93F0-AAEB43D1AB7E}.Debug|Any CPU.ActiveCfg = Debug|Any CPU
		{D2EBA739-4153-48FF-93F0-AAEB43D1AB7E}.Debug|Any CPU.Build.0 = Debug|Any CPU
		{D2EBA739-4153-48FF-93F0-AAEB43D1AB7E}.Debug|x86.ActiveCfg = Debug|Any CPU
		{D2EBA739-4153-48FF-93F0-AAEB43D1AB7E}.Home|Any CPU.ActiveCfg = Release|Any CPU
		{D2EBA739-4153-48FF-93F0-AAEB43D1AB7E}.Home|Any CPU.Build.0 = Release|Any CPU
		{D2EBA739-4153-48FF-93F0-AAEB43D1AB7E}.Home|x86.ActiveCfg = Release|Any CPU
		{D2EBA739-4153-48FF-93F0-AAEB43D1AB7E}.Release|Any CPU.ActiveCfg = Release|Any CPU
		{D2EBA739-4153-48FF-93F0-AAEB43D1AB7E}.Release|Any CPU.Build.0 = Release|Any CPU
		{D2EBA739-4153-48FF-93F0-AAEB43D1AB7E}.Release|x86.ActiveCfg = Release|Any CPU
		{D2EBA739-4153-48FF-93F0-AAEB43D1AB7E}.Work|Any CPU.ActiveCfg = Release|Any CPU
		{D2EBA739-4153-48FF-93F0-AAEB43D1AB7E}.Work|Any CPU.Build.0 = Release|Any CPU
		{D2EBA739-4153-48FF-93F0-AAEB43D1AB7E}.Work|x86.ActiveCfg = Release|Any CPU
		{B78267E9-B883-4BDE-8883-99D8F5A09013}.Debug|Any CPU.ActiveCfg = Debug|Any CPU
		{B78267E9-B883-4BDE-8883-99D8F5A09013}.Debug|Any CPU.Build.0 = Debug|Any CPU
		{B78267E9-B883-4BDE-8883-99D8F5A09013}.Debug|x86.ActiveCfg = Debug|Any CPU
		{B78267E9-B883-4BDE-8883-99D8F5A09013}.Home|Any CPU.ActiveCfg = Release|Any CPU
		{B78267E9-B883-4BDE-8883-99D8F5A09013}.Home|Any CPU.Build.0 = Release|Any CPU
		{B78267E9-B883-4BDE-8883-99D8F5A09013}.Home|x86.ActiveCfg = Release|Any CPU
		{B78267E9-B883-4BDE-8883-99D8F5A09013}.Release|Any CPU.ActiveCfg = Release|Any CPU
		{B78267E9-B883-4BDE-8883-99D8F5A09013}.Release|Any CPU.Build.0 = Release|Any CPU
		{B78267E9-B883-4BDE-8883-99D8F5A09013}.Release|x86.ActiveCfg = Release|Any CPU
		{B78267E9-B883-4BDE-8883-99D8F5A09013}.Work|Any CPU.ActiveCfg = Release|Any CPU
		{B78267E9-B883-4BDE-8883-99D8F5A09013}.Work|Any CPU.Build.0 = Release|Any CPU
		{B78267E9-B883-4BDE-8883-99D8F5A09013}.Work|x86.ActiveCfg = Release|Any CPU
		{2BB2460C-A3C5-410B-B139-0E16E5077AAC}.Debug|Any CPU.ActiveCfg = Debug|Any CPU
		{2BB2460C-A3C5-410B-B139-0E16E5077AAC}.Debug|Any CPU.Build.0 = Debug|Any CPU
		{2BB2460C-A3C5-410B-B139-0E16E5077AAC}.Debug|x86.ActiveCfg = Debug|x86
		{2BB2460C-A3C5-410B-B139-0E16E5077AAC}.Debug|x86.Build.0 = Debug|x86
		{2BB2460C-A3C5-410B-B139-0E16E5077AAC}.Home|Any CPU.ActiveCfg = Home|Any CPU
		{2BB2460C-A3C5-410B-B139-0E16E5077AAC}.Home|Any CPU.Build.0 = Home|Any CPU
		{2BB2460C-A3C5-410B-B139-0E16E5077AAC}.Home|x86.ActiveCfg = Home|x86
		{2BB2460C-A3C5-410B-B139-0E16E5077AAC}.Home|x86.Build.0 = Home|x86
		{2BB2460C-A3C5-410B-B139-0E16E5077AAC}.Release|Any CPU.ActiveCfg = Release|Any CPU
		{2BB2460C-A3C5-410B-B139-0E16E5077AAC}.Release|Any CPU.Build.0 = Release|Any CPU
		{2BB2460C-A3C5-410B-B139-0E16E5077AAC}.Release|x86.ActiveCfg = Release|x86
		{2BB2460C-A3C5-410B-B139-0E16E5077AAC}.Release|x86.Build.0 = Release|x86
		{2BB2460C-A3C5-410B-B139-0E16E5077AAC}.Work|Any CPU.ActiveCfg = Work|Any CPU
		{2BB2460C-A3C5-410B-B139-0E16E5077AAC}.Work|Any CPU.Build.0 = Work|Any CPU
		{2BB2460C-A3C5-410B-B139-0E16E5077AAC}.Work|x86.ActiveCfg = Work|x86
		{2BB2460C-A3C5-410B-B139-0E16E5077AAC}.Work|x86.Build.0 = Work|x86
		{02B1394B-866D-42AD-B187-EF9D9D459EB0}.Debug|Any CPU.ActiveCfg = Debug|Any CPU
		{02B1394B-866D-42AD-B187-EF9D9D459EB0}.Debug|Any CPU.Build.0 = Debug|Any CPU
		{02B1394B-866D-42AD-B187-EF9D9D459EB0}.Debug|x86.ActiveCfg = Debug|x86
		{02B1394B-866D-42AD-B187-EF9D9D459EB0}.Debug|x86.Build.0 = Debug|x86
		{02B1394B-866D-42AD-B187-EF9D9D459EB0}.Home|Any CPU.ActiveCfg = Home|Any CPU
		{02B1394B-866D-42AD-B187-EF9D9D459EB0}.Home|Any CPU.Build.0 = Home|Any CPU
		{02B1394B-866D-42AD-B187-EF9D9D459EB0}.Home|x86.ActiveCfg = Home|x86
		{02B1394B-866D-42AD-B187-EF9D9D459EB0}.Home|x86.Build.0 = Home|x86
		{02B1394B-866D-42AD-B187-EF9D9D459EB0}.Release|Any CPU.ActiveCfg = Release|Any CPU
		{02B1394B-866D-42AD-B187-EF9D9D459EB0}.Release|Any CPU.Build.0 = Release|Any CPU
		{02B1394B-866D-42AD-B187-EF9D9D459EB0}.Release|x86.ActiveCfg = Release|x86
		{02B1394B-866D-42AD-B187-EF9D9D459EB0}.Release|x86.Build.0 = Release|x86
		{02B1394B-866D-42AD-B187-EF9D9D459EB0}.Work|Any CPU.ActiveCfg = Work|Any CPU
		{02B1394B-866D-42AD-B187-EF9D9D459EB0}.Work|Any CPU.Build.0 = Work|Any CPU
		{02B1394B-866D-42AD-B187-EF9D9D459EB0}.Work|x86.ActiveCfg = Work|x86
		{02B1394B-866D-42AD-B187-EF9D9D459EB0}.Work|x86.Build.0 = Work|x86
		{D822B027-D854-4081-B14D-8F7269207F61}.Debug|Any CPU.ActiveCfg = Debug|Any CPU
		{D822B027-D854-4081-B14D-8F7269207F61}.Debug|Any CPU.Build.0 = Debug|Any CPU
		{D822B027-D854-4081-B14D-8F7269207F61}.Debug|x86.ActiveCfg = Debug|x86
		{D822B027-D854-4081-B14D-8F7269207F61}.Debug|x86.Build.0 = Debug|x86
		{D822B027-D854-4081-B14D-8F7269207F61}.Home|Any CPU.ActiveCfg = Home|Any CPU
		{D822B027-D854-4081-B14D-8F7269207F61}.Home|Any CPU.Build.0 = Home|Any CPU
		{D822B027-D854-4081-B14D-8F7269207F61}.Home|x86.ActiveCfg = Home|x86
		{D822B027-D854-4081-B14D-8F7269207F61}.Home|x86.Build.0 = Home|x86
		{D822B027-D854-4081-B14D-8F7269207F61}.Release|Any CPU.ActiveCfg = Release|Any CPU
		{D822B027-D854-4081-B14D-8F7269207F61}.Release|Any CPU.Build.0 = Release|Any CPU
		{D822B027-D854-4081-B14D-8F7269207F61}.Release|x86.ActiveCfg = Release|x86
		{D822B027-D854-4081-B14D-8F7269207F61}.Release|x86.Build.0 = Release|x86
		{D822B027-D854-4081-B14D-8F7269207F61}.Work|Any CPU.ActiveCfg = Work|Any CPU
		{D822B027-D854-4081-B14D-8F7269207F61}.Work|Any CPU.Build.0 = Work|Any CPU
		{D822B027-D854-4081-B14D-8F7269207F61}.Work|x86.ActiveCfg = Work|x86
		{D822B027-D854-4081-B14D-8F7269207F61}.Work|x86.Build.0 = Work|x86
	EndGlobalSection
	GlobalSection(SolutionProperties) = preSolution
		HideSolutionNode = FALSE
	EndGlobalSection
	GlobalSection(NestedProjects) = preSolution
		{03416378-07C6-40AC-906B-E27F31E959F8} = {8C290C9F-8A88-4A34-AD47-6D0D9E188ECF}
		{B6A78452-CA4D-442F-AAD4-A31647B18CB7} = {8C290C9F-8A88-4A34-AD47-6D0D9E188ECF}
		{7F8A32C0-B452-4E30-9C23-6406DDC353DB} = {8C290C9F-8A88-4A34-AD47-6D0D9E188ECF}
		{B78267E9-B883-4BDE-8883-99D8F5A09013} = {8C290C9F-8A88-4A34-AD47-6D0D9E188ECF}
		{D822B027-D854-4081-B14D-8F7269207F61} = {8C290C9F-8A88-4A34-AD47-6D0D9E188ECF}
		{1FDEE5BD-A724-4478-BCA3-4C49DAEA291D} = {B9A26022-E8BF-4AB8-B5CE-198BABFABD70}
		{DD42338B-FE18-406E-8084-F606825771F6} = {B9A26022-E8BF-4AB8-B5CE-198BABFABD70}
		{74A0765E-25AD-486E-8284-33FCECF636D1} = {B9A26022-E8BF-4AB8-B5CE-198BABFABD70}
		{222CCE38-B286-44F0-B7F1-6AF8BA525FB6} = {B9A26022-E8BF-4AB8-B5CE-198BABFABD70}
		{B459E90B-793A-48B1-B672-50D162EDC662} = {B9A26022-E8BF-4AB8-B5CE-198BABFABD70}
		{D2EBA739-4153-48FF-93F0-AAEB43D1AB7E} = {B9A26022-E8BF-4AB8-B5CE-198BABFABD70}
		{2BB2460C-A3C5-410B-B139-0E16E5077AAC} = {B9A26022-E8BF-4AB8-B5CE-198BABFABD70}
		{02B1394B-866D-42AD-B187-EF9D9D459EB0} = {B9A26022-E8BF-4AB8-B5CE-198BABFABD70}
	EndGlobalSection
EndGlobal
