
Microsoft Visual Studio Solution File, Format Version 12.00
# Visual Studio 2012
Project("{FAE04EC0-301F-11D3-BF4B-00C04F79EFBC}") = "SmaugCS", "SmaugCS\SmaugCS.csproj", "{30198591-FFF9-488C-AB88-2B02D58900D4}"
EndProject
Project("{FAE04EC0-301F-11D3-BF4B-00C04F79EFBC}") = "SmaugCS.Tests", "SmaugCS.Tests\SmaugCS.Tests.csproj", "{03416378-07C6-40AC-906B-E27F31E959F8}"
EndProject
Project("{FAE04EC0-301F-11D3-BF4B-00C04F79EFBC}") = "SmaugCS.Common", "SmaugCS.Common\SmaugCS.Common.csproj", "{B89245A0-DE06-4DD9-A02E-CBDEABC209C8}"
EndProject
Project("{2150E333-8FDC-42A3-9474-1A3956D46DE8}") = "Libraries", "Libraries", "{B9A26022-E8BF-4AB8-B5CE-198BABFABD70}"
EndProject
Project("{2150E333-8FDC-42A3-9474-1A3956D46DE8}") = "Tests", "Tests", "{8C290C9F-8A88-4A34-AD47-6D0D9E188ECF}"
EndProject
Project("{FAE04EC0-301F-11D3-BF4B-00C04F79EFBC}") = "Realm.Library.Common.Test", "Libraries\Realm.Library.Common.Test\Realm.Library.Common.Test.csproj", "{B6A78452-CA4D-442F-AAD4-A31647B18CB7}"
EndProject
Project("{FAE04EC0-301F-11D3-BF4B-00C04F79EFBC}") = "Realm.Library.Pattern.Test", "Libraries\Realm.Library.Pattern.Test\Realm.Library.Pattern.Test.csproj", "{7F8A32C0-B452-4E30-9C23-6406DDC353DB}"
EndProject
Project("{FAE04EC0-301F-11D3-BF4B-00C04F79EFBC}") = "Realm.Library.Common", "Libraries\Realm.Library.Common\Realm.Library.Common.csproj", "{1FDEE5BD-A724-4478-BCA3-4C49DAEA291D}"
EndProject
Project("{FAE04EC0-301F-11D3-BF4B-00C04F79EFBC}") = "Realm.Library.Patterns.Command", "Libraries\Realm.Library.Patterns.Command\Realm.Library.Patterns.Command.csproj", "{DD42338B-FE18-406E-8084-F606825771F6}"
EndProject
Project("{FAE04EC0-301F-11D3-BF4B-00C04F79EFBC}") = "Realm.Library.Patterns.Factory", "Libraries\Realm.Library.Patterns.Factory\Realm.Library.Patterns.Factory.csproj", "{74A0765E-25AD-486E-8284-33FCECF636D1}"
EndProject
Project("{FAE04EC0-301F-11D3-BF4B-00C04F79EFBC}") = "Realm.Library.Patterns.Repository", "Libraries\Realm.Library.Patterns.Repository\Realm.Library.Patterns.Repository.csproj", "{222CCE38-B286-44F0-B7F1-6AF8BA525FB6}"
EndProject
Project("{FAE04EC0-301F-11D3-BF4B-00C04F79EFBC}") = "Realm.Library.Patterns.Singleton", "Libraries\Realm.Library.Patterns.Singleton\Realm.Library.Patterns.Singleton.csproj", "{B459E90B-793A-48B1-B672-50D162EDC662}"
EndProject
Project("{FAE04EC0-301F-11D3-BF4B-00C04F79EFBC}") = "Realm.Library.NCalcExt", "Libraries\Realm.Library.NCalcExt\Realm.Library.NCalcExt.csproj", "{D2EBA739-4153-48FF-93F0-AAEB43D1AB7E}"
EndProject
Project("{FAE04EC0-301F-11D3-BF4B-00C04F79EFBC}") = "Realm.Library.NCalcExt.Test", "Libraries\Realm.Library.NCalcExt.Test\Realm.Library.NCalcExt.Test.csproj", "{B78267E9-B883-4BDE-8883-99D8F5A09013}"
EndProject
Project("{FAE04EC0-301F-11D3-BF4B-00C04F79EFBC}") = "Realm.Library.Patterns.Decorator", "Libraries\Realm.Library.Patterns.Decorator\Realm.Library.Patterns.Decorator.csproj", "{2BB2460C-A3C5-410B-B139-0E16E5077AAC}"
EndProject
Project("{2150E333-8FDC-42A3-9474-1A3956D46DE8}") = ".nuget", ".nuget", "{4DE84B61-11A8-43D2-9095-74E0C6799276}"
	ProjectSection(SolutionItems) = preProject
		.nuget\NuGet.Config = .nuget\NuGet.Config
		.nuget\NuGet.exe = .nuget\NuGet.exe
		.nuget\NuGet.targets = .nuget\NuGet.targets
	EndProjectSection
EndProject
Project("{FAE04EC0-301F-11D3-BF4B-00C04F79EFBC}") = "Realm.Library.Lua", "Libraries\Realm.Library.Lua\Realm.Library.Lua.csproj", "{02B1394B-866D-42AD-B187-EF9D9D459EB0}"
EndProject
Project("{FAE04EC0-301F-11D3-BF4B-00C04F79EFBC}") = "Realm.Library.Lua.Test", "Libraries\Realm.Library.Lua.Test\Realm.Library.Lua.Test.csproj", "{D822B027-D854-4081-B14D-8F7269207F61}"
EndProject
Project("{2150E333-8FDC-42A3-9474-1A3956D46DE8}") = "data", "data", "{ED47B86C-FC5E-4F0D-9DCB-F5697F28DBC9}"
	ProjectSection(SolutionItems) = preProject
		data\SystemDirectories.txt = data\SystemDirectories.txt
		data\SystemFiles.txt = data\SystemFiles.txt
	EndProjectSection
EndProject
Project("{2150E333-8FDC-42A3-9474-1A3956D46DE8}") = "area", "area", "{E74C8BB0-D610-4403-9D6B-64C1C65473B2}"
	ProjectSection(SolutionItems) = preProject
		data\area\area.lst = data\area\area.lst
		data\area\astral.lua = data\area\astral.lua
		data\area\Build.lua = data\area\Build.lua
		data\area\chapel.lua = data\area\chapel.lua
		data\area\daycare.lua = data\area\daycare.lua
		data\area\dwarven.lua = data\area\dwarven.lua
		data\area\export.lua = data\area\export.lua
		data\area\gallery.lua = data\area\gallery.lua
		data\area\gardenillusion.lua = data\area\gardenillusion.lua
		data\area\gods.lua = data\area\gods.lua
		data\area\grave.lua = data\area\grave.lua
		data\area\grove.lua = data\area\grove.lua
		data\area\haon.lua = data\area\haon.lua
		data\area\help.lua = data\area\help.lua
		data\area\InnSevenRealms.lua = data\area\InnSevenRealms.lua
		data\area\limbo.lua = data\area\limbo.lua
		data\area\manor.lua = data\area\manor.lua
		data\area\midennir.lua = data\area\midennir.lua
		data\area\newacad.lua = data\area\newacad.lua
		data\area\newdark.lua = data\area\newdark.lua
		data\area\newgate.lua = data\area\newgate.lua
		data\area\pixie.lua = data\area\pixie.lua
		data\area\plains.lua = data\area\plains.lua
		data\area\redferne.lua = data\area\redferne.lua
		data\area\sewer.lua = data\area\sewer.lua
		data\area\srefuge.lua = data\area\srefuge.lua
		data\area\tree.lua = data\area\tree.lua
		data\area\trolls.lua = data\area\trolls.lua
		data\area\unholy.lua = data\area\unholy.lua
	EndProjectSection
EndProject
Project("{2150E333-8FDC-42A3-9474-1A3956D46DE8}") = "boards", "boards", "{7C54FF06-9C6B-43F9-BCCF-CD5685725E0F}"
	ProjectSection(SolutionItems) = preProject
		data\boards\boards.txt = data\boards\boards.txt
		data\boards\highgod.brd = data\boards\highgod.brd
		data\boards\immortal.brd = data\boards\immortal.brd
	EndProjectSection
EndProject
Project("{2150E333-8FDC-42A3-9474-1A3956D46DE8}") = "clans", "clans", "{893C56A7-CDB7-4556-9CE2-1F85865587D1}"
	ProjectSection(SolutionItems) = preProject
		data\clans\augurer.gui = data\clans\augurer.gui
		data\clans\clan.lst = data\clans\clan.lst
		data\clans\cleric.gui = data\clans\cleric.gui
		data\clans\druid.gui = data\clans\druid.gui
		data\clans\mage.gui = data\clans\mage.gui
		data\clans\ranger.gui = data\clans\ranger.gui
		data\clans\thief.gui = data\clans\thief.gui
		data\clans\vampire.gui = data\clans\vampire.gui
		data\clans\warrior.gui = data\clans\warrior.gui
	EndProjectSection
EndProject
Project("{2150E333-8FDC-42A3-9474-1A3956D46DE8}") = "classes", "classes", "{22E3EFB4-8CB5-4494-98D9-C6D91E094895}"
	ProjectSection(SolutionItems) = preProject
		data\classes\Augurer.class = data\classes\Augurer.class
		data\classes\class.lst = data\classes\class.lst
		data\classes\Cleric.class = data\classes\Cleric.class
		data\classes\Druid.class = data\classes\Druid.class
		data\classes\Mage.class = data\classes\Mage.class
		data\classes\Monger.class = data\classes\Monger.class
		data\classes\Nephandi.class = data\classes\Nephandi.class
		data\classes\Paladin.class = data\classes\Paladin.class
		data\classes\Pirate.class = data\classes\Pirate.class
		data\classes\Ranger.class = data\classes\Ranger.class
		data\classes\Savage.class = data\classes\Savage.class
		data\classes\Thief.class = data\classes\Thief.class
		data\classes\Vampire.class = data\classes\Vampire.class
		data\classes\Warrior.class = data\classes\Warrior.class
	EndProjectSection
EndProject
Project("{2150E333-8FDC-42A3-9474-1A3956D46DE8}") = "color", "color", "{10B1ED79-3B1C-45F4-A768-8C3F9CF1B809}"
	ProjectSection(SolutionItems) = preProject
		data\color\AFK = data\color\AFK
		data\color\default = data\color\default
		data\color\smaug = data\color\smaug
	EndProjectSection
EndProject
Project("{2150E333-8FDC-42A3-9474-1A3956D46DE8}") = "councils", "councils", "{C7C6404D-0765-4356-9634-AFA16E71043E}"
	ProjectSection(SolutionItems) = preProject
		data\councils\council.lst = data\councils\council.lst
	EndProjectSection
EndProject
Project("{2150E333-8FDC-42A3-9474-1A3956D46DE8}") = "deity", "deity", "{4154C014-3FB4-42C6-8874-6C56DA9E822C}"
	ProjectSection(SolutionItems) = preProject
		data\deity\deity.lst = data\deity\deity.lst
		data\deity\test.dty = data\deity\test.dty
	EndProjectSection
EndProject
Project("{2150E333-8FDC-42A3-9474-1A3956D46DE8}") = "gods", "gods", "{301B2B8C-B790-4394-BA5B-3A28CAA51670}"
	ProjectSection(SolutionItems) = preProject
		data\gods\Admin = data\gods\Admin
	EndProjectSection
EndProject
Project("{2150E333-8FDC-42A3-9474-1A3956D46DE8}") = "houses", "houses", "{0F4EED1F-696A-41D2-A88D-8B6D46BF872D}"
	ProjectSection(SolutionItems) = preProject
		data\houses\house.lst = data\houses\house.lst
	EndProjectSection
EndProject
Project("{2150E333-8FDC-42A3-9474-1A3956D46DE8}") = "races", "races", "{48A88E85-45BF-46F5-8722-B6F8BA2B1DA6}"
	ProjectSection(SolutionItems) = preProject
		data\races\_Vampire_.race = data\races\_Vampire_.race
		data\races\Deep-Gnome.race = data\races\Deep-Gnome.race
		data\races\Drow.race = data\races\Drow.race
		data\races\Dwarf.race = data\races\Dwarf.race
		data\races\Elf.race = data\races\Elf.race
		data\races\Gith.race = data\races\Gith.race
		data\races\Gnome.race = data\races\Gnome.race
		data\races\Half-Elf.race = data\races\Half-Elf.race
		data\races\Half-Ogre.race = data\races\Half-Ogre.race
		data\races\Half-Orc.race = data\races\Half-Orc.race
		data\races\Half-Troll.race = data\races\Half-Troll.race
		data\races\Halfling.race = data\races\Halfling.race
		data\races\Human.race = data\races\Human.race
		data\races\Lizardman.race = data\races\Lizardman.race
		data\races\oldgnome.race = data\races\oldgnome.race
		data\races\Pixie.race = data\races\Pixie.race
		data\races\race.lst = data\races\race.lst
		data\races\Sea-Elf.race = data\races\Sea-Elf.race
	EndProjectSection
EndProject
Project("{2150E333-8FDC-42A3-9474-1A3956D46DE8}") = "system", "system", "{E4EAFA0F-497E-479C-B15E-CA98E4F9B1F2}"
	ProjectSection(SolutionItems) = preProject
		data\system\ban.lst = data\system\ban.lst
		data\system\boot.txt = data\system\boot.txt
		data\system\bugs.txt = data\system\bugs.txt
		data\system\ccount.txt = data\system\ccount.txt
		data\system\colors.dat = data\system\colors.dat
		data\system\commands.dat = data\system\commands.dat
		data\system\dns.dat = data\system\dns.dat
		data\system\fixed.txt = data\system\fixed.txt
		data\system\herbs.dat = data\system\herbs.dat
		data\system\ideas.txt = data\system\ideas.txt
		data\system\immortal.host = data\system\immortal.host
		data\system\liquids.dat = data\system\liquids.dat
		data\system\login.msg = data\system\login.msg
		data\system\mixtures.dat = data\system\mixtures.dat
		data\system\moblog.txt = data\system\moblog.txt
		data\system\MoonMap.txt = data\system\MoonMap.txt
		data\system\morph.dat = data\system\morph.dat
		data\system\mssp.dat = data\system\mssp.dat
		data\system\mudrip.rip = data\system\mudrip.rip
		data\system\mudtitle.ans = data\system\mudtitle.ans
		data\system\mudtitle.asc = data\system\mudtitle.asc
		data\system\mudtitle.rip = data\system\mudtitle.rip
		data\system\news.dat = data\system\news.dat
		data\system\planes.dat = data\system\planes.dat
		data\system\REQUESTS = data\system\REQUESTS
		data\system\RETIREDLIST = data\system\RETIREDLIST
		data\system\skills.dat = data\system\skills.dat
		data\system\socials.dat = data\system\socials.dat
		data\system\specfuns.dat = data\system\specfuns.dat
		data\system\StarMap.txt = data\system\StarMap.txt
		data\system\SunMap.txt = data\system\SunMap.txt
		data\system\sysdata.dat = data\system\sysdata.dat
		data\system\time.dat = data\system\time.dat
		data\system\tongues.dat = data\system\tongues.dat
		data\system\typos.txt = data\system\typos.txt
		data\system\weather.dat = data\system\weather.dat
		data\system\weathermap.dat = data\system\weathermap.dat
		data\system\WeatherMessages.txt = data\system\WeatherMessages.txt
		data\system\WeatherRangeData.txt = data\system\WeatherRangeData.txt
		data\system\WEBWHO = data\system\WEBWHO
		data\system\WHO = data\system\WHO
		data\system\WIZLIST = data\system\WIZLIST
	EndProjectSection
EndProject
Project("{2150E333-8FDC-42A3-9474-1A3956D46DE8}") = "vault", "vault", "{7B298DBA-0A84-48E8-9BC9-072EAE306710}"
	ProjectSection(SolutionItems) = preProject
		data\vault\vault.lst = data\vault\vault.lst
	EndProjectSection
EndProject
Project("{2150E333-8FDC-42A3-9474-1A3956D46DE8}") = "mudprogs", "mudprogs", "{6112574E-7533-4D87-BB51-2DFF6C9364FB}"
EndProject
Project("{2150E333-8FDC-42A3-9474-1A3956D46DE8}") = "modules", "modules", "{C28149F0-D9AC-4485-914F-F798E7BB5BC3}"
	ProjectSection(SolutionItems) = preProject
		data\modules\module_area.lua = data\modules\module_area.lua
		data\modules\module_base.lua = data\modules\module_base.lua
		data\modules\module_mobs.lua = data\modules\module_mobs.lua
		data\modules\types.lua = data\modules\types.lua
	EndProjectSection
EndProject
Project("{FAE04EC0-301F-11D3-BF4B-00C04F79EFBC}") = "SmaugCS.Data", "SmaugCS.Data\SmaugCS.Data.csproj", "{68F2E535-38B5-4A0F-BB8B-74E3FF486E83}"
EndProject
Project("{FAE04EC0-301F-11D3-BF4B-00C04F79EFBC}") = "SmaugCS.Constants", "SmaugCS.Constants\SmaugCS.Constants.csproj", "{09CB479E-4286-4168-94DF-61777231F87C}"
EndProject
Project("{FAE04EC0-301F-11D3-BF4B-00C04F79EFBC}") = "SmaugCS.Weather", "SmaugCS.Weather\SmaugCS.Weather.csproj", "{149A131D-F10D-43C2-B49E-BE0B56363A24}"
EndProject
Project("{FAE04EC0-301F-11D3-BF4B-00C04F79EFBC}") = "SmaugCS.Language", "SmaugCS.Language\SmaugCS.Language.csproj", "{0E01A79F-5582-4797-AF09-12DE27901885}"
EndProject
Project("{2150E333-8FDC-42A3-9474-1A3956D46DE8}") = "Documents", "Documents", "{FF3CCE80-4483-42BB-A295-67F0C172EFB2}"
	ProjectSection(SolutionItems) = preProject
		Notes.txt = Notes.txt
		Resets.txt = Resets.txt
		values.txt = values.txt
	EndProjectSection
EndProject
Project("{2150E333-8FDC-42A3-9474-1A3956D46DE8}") = "Original", "Original", "{2BC26F47-22B4-4BE8-AAA9-64FB81430861}"
	ProjectSection(SolutionItems) = preProject
		doc\act.txt = doc\act.txt
		doc\area.txt = doc\area.txt
		doc\class.txt = doc\class.txt
		doc\command.txt = doc\command.txt
		doc\contrib.txt = doc\contrib.txt
		doc\drool.txt = doc\drool.txt
		doc\FAQ.txt = doc\FAQ.txt
		doc\hacker.txt = doc\hacker.txt
		doc\hacker2.txt = doc\hacker2.txt
		doc\license.diku = doc\license.diku
		doc\license.merc = doc\license.merc
		doc\license.txt = doc\license.txt
		doc\Mob.help = doc\Mob.help
		doc\Object.help = doc\Object.help
		doc\olc.txt = doc\olc.txt
		doc\pfile.txt = doc\pfile.txt
		doc\player.txt = doc\player.txt
		doc\Prog.help = doc\Prog.help
		doc\readme.txt = doc\readme.txt
		doc\Resets.help = doc\Resets.help
		doc\Room.help = doc\Room.help
		doc\security.txt = doc\security.txt
		doc\skill.txt = doc\skill.txt
		doc\smaug.txt = doc\smaug.txt
		doc\SMAUGDOC = doc\SMAUGDOC
		doc\smaugspells.txt = doc\smaugspells.txt
		doc\vnum.txt = doc\vnum.txt
		doc\WeatherHowTo.txt = doc\WeatherHowTo.txt
	EndProjectSection
EndProject
Project("{2150E333-8FDC-42A3-9474-1A3956D46DE8}") = "MudProgs", "MudProgs", "{1C88C8F6-11B5-4F07-80E7-BF73F0C6D95A}"
	ProjectSection(SolutionItems) = preProject
		doc\mudprogs\Beggar.prg = doc\mudprogs\Beggar.prg
		doc\mudprogs\CHANGES = doc\mudprogs\CHANGES
		doc\mudprogs\DOC = doc\mudprogs\DOC
		doc\mudprogs\Example.are = doc\mudprogs\Example.are
		doc\mudprogs\FOO = doc\mudprogs\FOO
		doc\mudprogs\INSTALL = doc\mudprogs\INSTALL
		doc\mudprogs\TRIGGER.txt = doc\mudprogs\TRIGGER.txt
	EndProjectSection
EndProject
Global
	GlobalSection(SolutionConfigurationPlatforms) = preSolution
		Debug|Any CPU = Debug|Any CPU
		Debug|x86 = Debug|x86
		Home|Any CPU = Home|Any CPU
		Home|x86 = Home|x86
		Release|Any CPU = Release|Any CPU
		Release|x86 = Release|x86
		Work|Any CPU = Work|Any CPU
		Work|x86 = Work|x86
	EndGlobalSection
	GlobalSection(ProjectConfigurationPlatforms) = postSolution
		{30198591-FFF9-488C-AB88-2B02D58900D4}.Debug|Any CPU.ActiveCfg = Debug|x86
		{30198591-FFF9-488C-AB88-2B02D58900D4}.Debug|Any CPU.Build.0 = Debug|x86
		{30198591-FFF9-488C-AB88-2B02D58900D4}.Debug|x86.ActiveCfg = Debug|Any CPU
		{30198591-FFF9-488C-AB88-2B02D58900D4}.Home|Any CPU.ActiveCfg = Release|Any CPU
		{30198591-FFF9-488C-AB88-2B02D58900D4}.Home|Any CPU.Build.0 = Release|Any CPU
		{30198591-FFF9-488C-AB88-2B02D58900D4}.Home|x86.ActiveCfg = Release|Any CPU
		{30198591-FFF9-488C-AB88-2B02D58900D4}.Release|Any CPU.ActiveCfg = Release|Any CPU
		{30198591-FFF9-488C-AB88-2B02D58900D4}.Release|Any CPU.Build.0 = Release|Any CPU
		{30198591-FFF9-488C-AB88-2B02D58900D4}.Release|x86.ActiveCfg = Release|Any CPU
		{30198591-FFF9-488C-AB88-2B02D58900D4}.Work|Any CPU.ActiveCfg = Release|Any CPU
		{30198591-FFF9-488C-AB88-2B02D58900D4}.Work|Any CPU.Build.0 = Release|Any CPU
		{30198591-FFF9-488C-AB88-2B02D58900D4}.Work|x86.ActiveCfg = Release|Any CPU
		{03416378-07C6-40AC-906B-E27F31E959F8}.Debug|Any CPU.ActiveCfg = Debug|Any CPU
		{03416378-07C6-40AC-906B-E27F31E959F8}.Debug|Any CPU.Build.0 = Debug|Any CPU
		{03416378-07C6-40AC-906B-E27F31E959F8}.Debug|x86.ActiveCfg = Debug|Any CPU
		{03416378-07C6-40AC-906B-E27F31E959F8}.Home|Any CPU.ActiveCfg = Release|Any CPU
		{03416378-07C6-40AC-906B-E27F31E959F8}.Home|Any CPU.Build.0 = Release|Any CPU
		{03416378-07C6-40AC-906B-E27F31E959F8}.Home|x86.ActiveCfg = Release|Any CPU
		{03416378-07C6-40AC-906B-E27F31E959F8}.Release|Any CPU.ActiveCfg = Release|Any CPU
		{03416378-07C6-40AC-906B-E27F31E959F8}.Release|Any CPU.Build.0 = Release|Any CPU
		{03416378-07C6-40AC-906B-E27F31E959F8}.Release|x86.ActiveCfg = Release|Any CPU
		{03416378-07C6-40AC-906B-E27F31E959F8}.Work|Any CPU.ActiveCfg = Release|Any CPU
		{03416378-07C6-40AC-906B-E27F31E959F8}.Work|Any CPU.Build.0 = Release|Any CPU
		{03416378-07C6-40AC-906B-E27F31E959F8}.Work|x86.ActiveCfg = Release|Any CPU
		{B89245A0-DE06-4DD9-A02E-CBDEABC209C8}.Debug|Any CPU.ActiveCfg = Debug|x86
		{B89245A0-DE06-4DD9-A02E-CBDEABC209C8}.Debug|Any CPU.Build.0 = Debug|x86
		{B89245A0-DE06-4DD9-A02E-CBDEABC209C8}.Debug|x86.ActiveCfg = Debug|Any CPU
		{B89245A0-DE06-4DD9-A02E-CBDEABC209C8}.Home|Any CPU.ActiveCfg = Release|Any CPU
		{B89245A0-DE06-4DD9-A02E-CBDEABC209C8}.Home|Any CPU.Build.0 = Release|Any CPU
		{B89245A0-DE06-4DD9-A02E-CBDEABC209C8}.Home|x86.ActiveCfg = Release|Any CPU
		{B89245A0-DE06-4DD9-A02E-CBDEABC209C8}.Release|Any CPU.ActiveCfg = Release|Any CPU
		{B89245A0-DE06-4DD9-A02E-CBDEABC209C8}.Release|Any CPU.Build.0 = Release|Any CPU
		{B89245A0-DE06-4DD9-A02E-CBDEABC209C8}.Release|x86.ActiveCfg = Release|Any CPU
		{B89245A0-DE06-4DD9-A02E-CBDEABC209C8}.Work|Any CPU.ActiveCfg = Release|Any CPU
		{B89245A0-DE06-4DD9-A02E-CBDEABC209C8}.Work|Any CPU.Build.0 = Release|Any CPU
		{B89245A0-DE06-4DD9-A02E-CBDEABC209C8}.Work|x86.ActiveCfg = Release|Any CPU
		{B6A78452-CA4D-442F-AAD4-A31647B18CB7}.Debug|Any CPU.ActiveCfg = Debug|Any CPU
		{B6A78452-CA4D-442F-AAD4-A31647B18CB7}.Debug|Any CPU.Build.0 = Debug|Any CPU
		{B6A78452-CA4D-442F-AAD4-A31647B18CB7}.Debug|x86.ActiveCfg = Debug|x86
		{B6A78452-CA4D-442F-AAD4-A31647B18CB7}.Debug|x86.Build.0 = Debug|x86
		{B6A78452-CA4D-442F-AAD4-A31647B18CB7}.Home|Any CPU.ActiveCfg = Home|Any CPU
		{B6A78452-CA4D-442F-AAD4-A31647B18CB7}.Home|Any CPU.Build.0 = Home|Any CPU
		{B6A78452-CA4D-442F-AAD4-A31647B18CB7}.Home|x86.ActiveCfg = Home|x86
		{B6A78452-CA4D-442F-AAD4-A31647B18CB7}.Home|x86.Build.0 = Home|x86
		{B6A78452-CA4D-442F-AAD4-A31647B18CB7}.Release|Any CPU.ActiveCfg = Release|Any CPU
		{B6A78452-CA4D-442F-AAD4-A31647B18CB7}.Release|Any CPU.Build.0 = Release|Any CPU
		{B6A78452-CA4D-442F-AAD4-A31647B18CB7}.Release|x86.ActiveCfg = Release|x86
		{B6A78452-CA4D-442F-AAD4-A31647B18CB7}.Release|x86.Build.0 = Release|x86
		{B6A78452-CA4D-442F-AAD4-A31647B18CB7}.Work|Any CPU.ActiveCfg = Work|Any CPU
		{B6A78452-CA4D-442F-AAD4-A31647B18CB7}.Work|Any CPU.Build.0 = Work|Any CPU
		{B6A78452-CA4D-442F-AAD4-A31647B18CB7}.Work|x86.ActiveCfg = Work|x86
		{B6A78452-CA4D-442F-AAD4-A31647B18CB7}.Work|x86.Build.0 = Work|x86
		{7F8A32C0-B452-4E30-9C23-6406DDC353DB}.Debug|Any CPU.ActiveCfg = Debug|Any CPU
		{7F8A32C0-B452-4E30-9C23-6406DDC353DB}.Debug|Any CPU.Build.0 = Debug|Any CPU
		{7F8A32C0-B452-4E30-9C23-6406DDC353DB}.Debug|x86.ActiveCfg = Debug|x86
		{7F8A32C0-B452-4E30-9C23-6406DDC353DB}.Debug|x86.Build.0 = Debug|x86
		{7F8A32C0-B452-4E30-9C23-6406DDC353DB}.Home|Any CPU.ActiveCfg = Home|Any CPU
		{7F8A32C0-B452-4E30-9C23-6406DDC353DB}.Home|Any CPU.Build.0 = Home|Any CPU
		{7F8A32C0-B452-4E30-9C23-6406DDC353DB}.Home|x86.ActiveCfg = Home|x86
		{7F8A32C0-B452-4E30-9C23-6406DDC353DB}.Home|x86.Build.0 = Home|x86
		{7F8A32C0-B452-4E30-9C23-6406DDC353DB}.Release|Any CPU.ActiveCfg = Release|Any CPU
		{7F8A32C0-B452-4E30-9C23-6406DDC353DB}.Release|Any CPU.Build.0 = Release|Any CPU
		{7F8A32C0-B452-4E30-9C23-6406DDC353DB}.Release|x86.ActiveCfg = Release|x86
		{7F8A32C0-B452-4E30-9C23-6406DDC353DB}.Release|x86.Build.0 = Release|x86
		{7F8A32C0-B452-4E30-9C23-6406DDC353DB}.Work|Any CPU.ActiveCfg = Work|Any CPU
		{7F8A32C0-B452-4E30-9C23-6406DDC353DB}.Work|Any CPU.Build.0 = Work|Any CPU
		{7F8A32C0-B452-4E30-9C23-6406DDC353DB}.Work|x86.ActiveCfg = Work|x86
		{7F8A32C0-B452-4E30-9C23-6406DDC353DB}.Work|x86.Build.0 = Work|x86
		{1FDEE5BD-A724-4478-BCA3-4C49DAEA291D}.Debug|Any CPU.ActiveCfg = Debug|x86
		{1FDEE5BD-A724-4478-BCA3-4C49DAEA291D}.Debug|Any CPU.Build.0 = Debug|x86
		{1FDEE5BD-A724-4478-BCA3-4C49DAEA291D}.Debug|x86.ActiveCfg = Debug|x86
		{1FDEE5BD-A724-4478-BCA3-4C49DAEA291D}.Debug|x86.Build.0 = Debug|x86
		{1FDEE5BD-A724-4478-BCA3-4C49DAEA291D}.Home|Any CPU.ActiveCfg = Home|Any CPU
		{1FDEE5BD-A724-4478-BCA3-4C49DAEA291D}.Home|Any CPU.Build.0 = Home|Any CPU
		{1FDEE5BD-A724-4478-BCA3-4C49DAEA291D}.Home|x86.ActiveCfg = Home|x86
		{1FDEE5BD-A724-4478-BCA3-4C49DAEA291D}.Home|x86.Build.0 = Home|x86
		{1FDEE5BD-A724-4478-BCA3-4C49DAEA291D}.Release|Any CPU.ActiveCfg = Release|Any CPU
		{1FDEE5BD-A724-4478-BCA3-4C49DAEA291D}.Release|Any CPU.Build.0 = Release|Any CPU
		{1FDEE5BD-A724-4478-BCA3-4C49DAEA291D}.Release|x86.ActiveCfg = Release|x86
		{1FDEE5BD-A724-4478-BCA3-4C49DAEA291D}.Release|x86.Build.0 = Release|x86
		{1FDEE5BD-A724-4478-BCA3-4C49DAEA291D}.Work|Any CPU.ActiveCfg = Work|Any CPU
		{1FDEE5BD-A724-4478-BCA3-4C49DAEA291D}.Work|Any CPU.Build.0 = Work|Any CPU
		{1FDEE5BD-A724-4478-BCA3-4C49DAEA291D}.Work|x86.ActiveCfg = Work|x86
		{1FDEE5BD-A724-4478-BCA3-4C49DAEA291D}.Work|x86.Build.0 = Work|x86
		{DD42338B-FE18-406E-8084-F606825771F6}.Debug|Any CPU.ActiveCfg = Debug|x86
		{DD42338B-FE18-406E-8084-F606825771F6}.Debug|Any CPU.Build.0 = Debug|x86
		{DD42338B-FE18-406E-8084-F606825771F6}.Debug|x86.ActiveCfg = Debug|x86
		{DD42338B-FE18-406E-8084-F606825771F6}.Debug|x86.Build.0 = Debug|x86
		{DD42338B-FE18-406E-8084-F606825771F6}.Home|Any CPU.ActiveCfg = Home|Any CPU
		{DD42338B-FE18-406E-8084-F606825771F6}.Home|Any CPU.Build.0 = Home|Any CPU
		{DD42338B-FE18-406E-8084-F606825771F6}.Home|x86.ActiveCfg = Home|x86
		{DD42338B-FE18-406E-8084-F606825771F6}.Home|x86.Build.0 = Home|x86
		{DD42338B-FE18-406E-8084-F606825771F6}.Release|Any CPU.ActiveCfg = Release|Any CPU
		{DD42338B-FE18-406E-8084-F606825771F6}.Release|Any CPU.Build.0 = Release|Any CPU
		{DD42338B-FE18-406E-8084-F606825771F6}.Release|x86.ActiveCfg = Release|x86
		{DD42338B-FE18-406E-8084-F606825771F6}.Release|x86.Build.0 = Release|x86
		{DD42338B-FE18-406E-8084-F606825771F6}.Work|Any CPU.ActiveCfg = Work|Any CPU
		{DD42338B-FE18-406E-8084-F606825771F6}.Work|Any CPU.Build.0 = Work|Any CPU
		{DD42338B-FE18-406E-8084-F606825771F6}.Work|x86.ActiveCfg = Work|x86
		{DD42338B-FE18-406E-8084-F606825771F6}.Work|x86.Build.0 = Work|x86
		{74A0765E-25AD-486E-8284-33FCECF636D1}.Debug|Any CPU.ActiveCfg = Debug|x86
		{74A0765E-25AD-486E-8284-33FCECF636D1}.Debug|Any CPU.Build.0 = Debug|x86
		{74A0765E-25AD-486E-8284-33FCECF636D1}.Debug|x86.ActiveCfg = Debug|x86
		{74A0765E-25AD-486E-8284-33FCECF636D1}.Debug|x86.Build.0 = Debug|x86
		{74A0765E-25AD-486E-8284-33FCECF636D1}.Home|Any CPU.ActiveCfg = Home|Any CPU
		{74A0765E-25AD-486E-8284-33FCECF636D1}.Home|Any CPU.Build.0 = Home|Any CPU
		{74A0765E-25AD-486E-8284-33FCECF636D1}.Home|x86.ActiveCfg = Home|x86
		{74A0765E-25AD-486E-8284-33FCECF636D1}.Home|x86.Build.0 = Home|x86
		{74A0765E-25AD-486E-8284-33FCECF636D1}.Release|Any CPU.ActiveCfg = Release|Any CPU
		{74A0765E-25AD-486E-8284-33FCECF636D1}.Release|Any CPU.Build.0 = Release|Any CPU
		{74A0765E-25AD-486E-8284-33FCECF636D1}.Release|x86.ActiveCfg = Release|x86
		{74A0765E-25AD-486E-8284-33FCECF636D1}.Release|x86.Build.0 = Release|x86
		{74A0765E-25AD-486E-8284-33FCECF636D1}.Work|Any CPU.ActiveCfg = Work|Any CPU
		{74A0765E-25AD-486E-8284-33FCECF636D1}.Work|Any CPU.Build.0 = Work|Any CPU
		{74A0765E-25AD-486E-8284-33FCECF636D1}.Work|x86.ActiveCfg = Work|x86
		{74A0765E-25AD-486E-8284-33FCECF636D1}.Work|x86.Build.0 = Work|x86
		{222CCE38-B286-44F0-B7F1-6AF8BA525FB6}.Debug|Any CPU.ActiveCfg = Debug|x86
		{222CCE38-B286-44F0-B7F1-6AF8BA525FB6}.Debug|Any CPU.Build.0 = Debug|x86
		{222CCE38-B286-44F0-B7F1-6AF8BA525FB6}.Debug|x86.ActiveCfg = Debug|x86
		{222CCE38-B286-44F0-B7F1-6AF8BA525FB6}.Debug|x86.Build.0 = Debug|x86
		{222CCE38-B286-44F0-B7F1-6AF8BA525FB6}.Home|Any CPU.ActiveCfg = Home|Any CPU
		{222CCE38-B286-44F0-B7F1-6AF8BA525FB6}.Home|Any CPU.Build.0 = Home|Any CPU
		{222CCE38-B286-44F0-B7F1-6AF8BA525FB6}.Home|x86.ActiveCfg = Home|x86
		{222CCE38-B286-44F0-B7F1-6AF8BA525FB6}.Home|x86.Build.0 = Home|x86
		{222CCE38-B286-44F0-B7F1-6AF8BA525FB6}.Release|Any CPU.ActiveCfg = Release|Any CPU
		{222CCE38-B286-44F0-B7F1-6AF8BA525FB6}.Release|Any CPU.Build.0 = Release|Any CPU
		{222CCE38-B286-44F0-B7F1-6AF8BA525FB6}.Release|x86.ActiveCfg = Release|x86
		{222CCE38-B286-44F0-B7F1-6AF8BA525FB6}.Release|x86.Build.0 = Release|x86
		{222CCE38-B286-44F0-B7F1-6AF8BA525FB6}.Work|Any CPU.ActiveCfg = Work|Any CPU
		{222CCE38-B286-44F0-B7F1-6AF8BA525FB6}.Work|Any CPU.Build.0 = Work|Any CPU
		{222CCE38-B286-44F0-B7F1-6AF8BA525FB6}.Work|x86.ActiveCfg = Work|x86
		{222CCE38-B286-44F0-B7F1-6AF8BA525FB6}.Work|x86.Build.0 = Work|x86
		{B459E90B-793A-48B1-B672-50D162EDC662}.Debug|Any CPU.ActiveCfg = Debug|x86
		{B459E90B-793A-48B1-B672-50D162EDC662}.Debug|Any CPU.Build.0 = Debug|x86
		{B459E90B-793A-48B1-B672-50D162EDC662}.Debug|x86.ActiveCfg = Debug|x86
		{B459E90B-793A-48B1-B672-50D162EDC662}.Debug|x86.Build.0 = Debug|x86
		{B459E90B-793A-48B1-B672-50D162EDC662}.Home|Any CPU.ActiveCfg = Home|Any CPU
		{B459E90B-793A-48B1-B672-50D162EDC662}.Home|Any CPU.Build.0 = Home|Any CPU
		{B459E90B-793A-48B1-B672-50D162EDC662}.Home|x86.ActiveCfg = Home|x86
		{B459E90B-793A-48B1-B672-50D162EDC662}.Home|x86.Build.0 = Home|x86
		{B459E90B-793A-48B1-B672-50D162EDC662}.Release|Any CPU.ActiveCfg = Release|Any CPU
		{B459E90B-793A-48B1-B672-50D162EDC662}.Release|Any CPU.Build.0 = Release|Any CPU
		{B459E90B-793A-48B1-B672-50D162EDC662}.Release|x86.ActiveCfg = Release|x86
		{B459E90B-793A-48B1-B672-50D162EDC662}.Release|x86.Build.0 = Release|x86
		{B459E90B-793A-48B1-B672-50D162EDC662}.Work|Any CPU.ActiveCfg = Work|Any CPU
		{B459E90B-793A-48B1-B672-50D162EDC662}.Work|Any CPU.Build.0 = Work|Any CPU
		{B459E90B-793A-48B1-B672-50D162EDC662}.Work|x86.ActiveCfg = Work|x86
		{B459E90B-793A-48B1-B672-50D162EDC662}.Work|x86.Build.0 = Work|x86
		{D2EBA739-4153-48FF-93F0-AAEB43D1AB7E}.Debug|Any CPU.ActiveCfg = Debug|x86
		{D2EBA739-4153-48FF-93F0-AAEB43D1AB7E}.Debug|Any CPU.Build.0 = Debug|x86
		{D2EBA739-4153-48FF-93F0-AAEB43D1AB7E}.Debug|x86.ActiveCfg = Debug|Any CPU
		{D2EBA739-4153-48FF-93F0-AAEB43D1AB7E}.Home|Any CPU.ActiveCfg = Release|Any CPU
		{D2EBA739-4153-48FF-93F0-AAEB43D1AB7E}.Home|Any CPU.Build.0 = Release|Any CPU
		{D2EBA739-4153-48FF-93F0-AAEB43D1AB7E}.Home|x86.ActiveCfg = Release|Any CPU
		{D2EBA739-4153-48FF-93F0-AAEB43D1AB7E}.Release|Any CPU.ActiveCfg = Release|Any CPU
		{D2EBA739-4153-48FF-93F0-AAEB43D1AB7E}.Release|Any CPU.Build.0 = Release|Any CPU
		{D2EBA739-4153-48FF-93F0-AAEB43D1AB7E}.Release|x86.ActiveCfg = Release|Any CPU
		{D2EBA739-4153-48FF-93F0-AAEB43D1AB7E}.Work|Any CPU.ActiveCfg = Release|Any CPU
		{D2EBA739-4153-48FF-93F0-AAEB43D1AB7E}.Work|Any CPU.Build.0 = Release|Any CPU
		{D2EBA739-4153-48FF-93F0-AAEB43D1AB7E}.Work|x86.ActiveCfg = Release|Any CPU
		{B78267E9-B883-4BDE-8883-99D8F5A09013}.Debug|Any CPU.ActiveCfg = Debug|Any CPU
		{B78267E9-B883-4BDE-8883-99D8F5A09013}.Debug|Any CPU.Build.0 = Debug|Any CPU
		{B78267E9-B883-4BDE-8883-99D8F5A09013}.Debug|x86.ActiveCfg = Debug|Any CPU
		{B78267E9-B883-4BDE-8883-99D8F5A09013}.Home|Any CPU.ActiveCfg = Release|Any CPU
		{B78267E9-B883-4BDE-8883-99D8F5A09013}.Home|Any CPU.Build.0 = Release|Any CPU
		{B78267E9-B883-4BDE-8883-99D8F5A09013}.Home|x86.ActiveCfg = Release|Any CPU
		{B78267E9-B883-4BDE-8883-99D8F5A09013}.Release|Any CPU.ActiveCfg = Release|Any CPU
		{B78267E9-B883-4BDE-8883-99D8F5A09013}.Release|Any CPU.Build.0 = Release|Any CPU
		{B78267E9-B883-4BDE-8883-99D8F5A09013}.Release|x86.ActiveCfg = Release|Any CPU
		{B78267E9-B883-4BDE-8883-99D8F5A09013}.Work|Any CPU.ActiveCfg = Release|Any CPU
		{B78267E9-B883-4BDE-8883-99D8F5A09013}.Work|Any CPU.Build.0 = Release|Any CPU
		{B78267E9-B883-4BDE-8883-99D8F5A09013}.Work|x86.ActiveCfg = Release|Any CPU
		{2BB2460C-A3C5-410B-B139-0E16E5077AAC}.Debug|Any CPU.ActiveCfg = Debug|x86
		{2BB2460C-A3C5-410B-B139-0E16E5077AAC}.Debug|Any CPU.Build.0 = Debug|x86
		{2BB2460C-A3C5-410B-B139-0E16E5077AAC}.Debug|x86.ActiveCfg = Debug|x86
		{2BB2460C-A3C5-410B-B139-0E16E5077AAC}.Debug|x86.Build.0 = Debug|x86
		{2BB2460C-A3C5-410B-B139-0E16E5077AAC}.Home|Any CPU.ActiveCfg = Home|Any CPU
		{2BB2460C-A3C5-410B-B139-0E16E5077AAC}.Home|Any CPU.Build.0 = Home|Any CPU
		{2BB2460C-A3C5-410B-B139-0E16E5077AAC}.Home|x86.ActiveCfg = Home|x86
		{2BB2460C-A3C5-410B-B139-0E16E5077AAC}.Home|x86.Build.0 = Home|x86
		{2BB2460C-A3C5-410B-B139-0E16E5077AAC}.Release|Any CPU.ActiveCfg = Release|Any CPU
		{2BB2460C-A3C5-410B-B139-0E16E5077AAC}.Release|Any CPU.Build.0 = Release|Any CPU
		{2BB2460C-A3C5-410B-B139-0E16E5077AAC}.Release|x86.ActiveCfg = Release|x86
		{2BB2460C-A3C5-410B-B139-0E16E5077AAC}.Release|x86.Build.0 = Release|x86
		{2BB2460C-A3C5-410B-B139-0E16E5077AAC}.Work|Any CPU.ActiveCfg = Work|Any CPU
		{2BB2460C-A3C5-410B-B139-0E16E5077AAC}.Work|Any CPU.Build.0 = Work|Any CPU
		{2BB2460C-A3C5-410B-B139-0E16E5077AAC}.Work|x86.ActiveCfg = Work|x86
		{2BB2460C-A3C5-410B-B139-0E16E5077AAC}.Work|x86.Build.0 = Work|x86
		{02B1394B-866D-42AD-B187-EF9D9D459EB0}.Debug|Any CPU.ActiveCfg = Debug|x86
		{02B1394B-866D-42AD-B187-EF9D9D459EB0}.Debug|Any CPU.Build.0 = Debug|x86
		{02B1394B-866D-42AD-B187-EF9D9D459EB0}.Debug|x86.ActiveCfg = Debug|x86
		{02B1394B-866D-42AD-B187-EF9D9D459EB0}.Debug|x86.Build.0 = Debug|x86
		{02B1394B-866D-42AD-B187-EF9D9D459EB0}.Home|Any CPU.ActiveCfg = Home|Any CPU
		{02B1394B-866D-42AD-B187-EF9D9D459EB0}.Home|Any CPU.Build.0 = Home|Any CPU
		{02B1394B-866D-42AD-B187-EF9D9D459EB0}.Home|x86.ActiveCfg = Home|x86
		{02B1394B-866D-42AD-B187-EF9D9D459EB0}.Home|x86.Build.0 = Home|x86
		{02B1394B-866D-42AD-B187-EF9D9D459EB0}.Release|Any CPU.ActiveCfg = Release|Any CPU
		{02B1394B-866D-42AD-B187-EF9D9D459EB0}.Release|Any CPU.Build.0 = Release|Any CPU
		{02B1394B-866D-42AD-B187-EF9D9D459EB0}.Release|x86.ActiveCfg = Release|x86
		{02B1394B-866D-42AD-B187-EF9D9D459EB0}.Release|x86.Build.0 = Release|x86
		{02B1394B-866D-42AD-B187-EF9D9D459EB0}.Work|Any CPU.ActiveCfg = Work|Any CPU
		{02B1394B-866D-42AD-B187-EF9D9D459EB0}.Work|Any CPU.Build.0 = Work|Any CPU
		{02B1394B-866D-42AD-B187-EF9D9D459EB0}.Work|x86.ActiveCfg = Work|x86
		{02B1394B-866D-42AD-B187-EF9D9D459EB0}.Work|x86.Build.0 = Work|x86
		{D822B027-D854-4081-B14D-8F7269207F61}.Debug|Any CPU.ActiveCfg = Debug|Any CPU
		{D822B027-D854-4081-B14D-8F7269207F61}.Debug|Any CPU.Build.0 = Debug|Any CPU
		{D822B027-D854-4081-B14D-8F7269207F61}.Debug|x86.ActiveCfg = Debug|x86
		{D822B027-D854-4081-B14D-8F7269207F61}.Debug|x86.Build.0 = Debug|x86
		{D822B027-D854-4081-B14D-8F7269207F61}.Home|Any CPU.ActiveCfg = Home|Any CPU
		{D822B027-D854-4081-B14D-8F7269207F61}.Home|Any CPU.Build.0 = Home|Any CPU
		{D822B027-D854-4081-B14D-8F7269207F61}.Home|x86.ActiveCfg = Home|x86
		{D822B027-D854-4081-B14D-8F7269207F61}.Home|x86.Build.0 = Home|x86
		{D822B027-D854-4081-B14D-8F7269207F61}.Release|Any CPU.ActiveCfg = Release|Any CPU
		{D822B027-D854-4081-B14D-8F7269207F61}.Release|Any CPU.Build.0 = Release|Any CPU
		{D822B027-D854-4081-B14D-8F7269207F61}.Release|x86.ActiveCfg = Release|x86
		{D822B027-D854-4081-B14D-8F7269207F61}.Release|x86.Build.0 = Release|x86
		{D822B027-D854-4081-B14D-8F7269207F61}.Work|Any CPU.ActiveCfg = Work|Any CPU
		{D822B027-D854-4081-B14D-8F7269207F61}.Work|Any CPU.Build.0 = Work|Any CPU
		{D822B027-D854-4081-B14D-8F7269207F61}.Work|x86.ActiveCfg = Work|x86
		{D822B027-D854-4081-B14D-8F7269207F61}.Work|x86.Build.0 = Work|x86
		{68F2E535-38B5-4A0F-BB8B-74E3FF486E83}.Debug|Any CPU.ActiveCfg = Debug|x86
		{68F2E535-38B5-4A0F-BB8B-74E3FF486E83}.Debug|Any CPU.Build.0 = Debug|x86
		{68F2E535-38B5-4A0F-BB8B-74E3FF486E83}.Debug|x86.ActiveCfg = Debug|Any CPU
		{68F2E535-38B5-4A0F-BB8B-74E3FF486E83}.Home|Any CPU.ActiveCfg = Release|Any CPU
		{68F2E535-38B5-4A0F-BB8B-74E3FF486E83}.Home|Any CPU.Build.0 = Release|Any CPU
		{68F2E535-38B5-4A0F-BB8B-74E3FF486E83}.Home|x86.ActiveCfg = Release|Any CPU
		{68F2E535-38B5-4A0F-BB8B-74E3FF486E83}.Release|Any CPU.ActiveCfg = Release|Any CPU
		{68F2E535-38B5-4A0F-BB8B-74E3FF486E83}.Release|Any CPU.Build.0 = Release|Any CPU
		{68F2E535-38B5-4A0F-BB8B-74E3FF486E83}.Release|x86.ActiveCfg = Release|Any CPU
		{68F2E535-38B5-4A0F-BB8B-74E3FF486E83}.Work|Any CPU.ActiveCfg = Release|Any CPU
		{68F2E535-38B5-4A0F-BB8B-74E3FF486E83}.Work|Any CPU.Build.0 = Release|Any CPU
		{68F2E535-38B5-4A0F-BB8B-74E3FF486E83}.Work|x86.ActiveCfg = Release|Any CPU
		{09CB479E-4286-4168-94DF-61777231F87C}.Debug|Any CPU.ActiveCfg = Debug|x86
		{09CB479E-4286-4168-94DF-61777231F87C}.Debug|Any CPU.Build.0 = Debug|x86
		{09CB479E-4286-4168-94DF-61777231F87C}.Debug|x86.ActiveCfg = Debug|Any CPU
		{09CB479E-4286-4168-94DF-61777231F87C}.Home|Any CPU.ActiveCfg = Release|Any CPU
		{09CB479E-4286-4168-94DF-61777231F87C}.Home|Any CPU.Build.0 = Release|Any CPU
		{09CB479E-4286-4168-94DF-61777231F87C}.Home|x86.ActiveCfg = Release|Any CPU
		{09CB479E-4286-4168-94DF-61777231F87C}.Release|Any CPU.ActiveCfg = Release|Any CPU
		{09CB479E-4286-4168-94DF-61777231F87C}.Release|Any CPU.Build.0 = Release|Any CPU
		{09CB479E-4286-4168-94DF-61777231F87C}.Release|x86.ActiveCfg = Release|Any CPU
		{09CB479E-4286-4168-94DF-61777231F87C}.Work|Any CPU.ActiveCfg = Release|Any CPU
		{09CB479E-4286-4168-94DF-61777231F87C}.Work|Any CPU.Build.0 = Release|Any CPU
		{09CB479E-4286-4168-94DF-61777231F87C}.Work|x86.ActiveCfg = Release|Any CPU
		{149A131D-F10D-43C2-B49E-BE0B56363A24}.Debug|Any CPU.ActiveCfg = Debug|x86
		{149A131D-F10D-43C2-B49E-BE0B56363A24}.Debug|Any CPU.Build.0 = Debug|x86
		{149A131D-F10D-43C2-B49E-BE0B56363A24}.Debug|x86.ActiveCfg = Debug|Any CPU
		{149A131D-F10D-43C2-B49E-BE0B56363A24}.Home|Any CPU.ActiveCfg = Release|Any CPU
		{149A131D-F10D-43C2-B49E-BE0B56363A24}.Home|Any CPU.Build.0 = Release|Any CPU
		{149A131D-F10D-43C2-B49E-BE0B56363A24}.Home|x86.ActiveCfg = Release|Any CPU
		{149A131D-F10D-43C2-B49E-BE0B56363A24}.Release|Any CPU.ActiveCfg = Release|Any CPU
		{149A131D-F10D-43C2-B49E-BE0B56363A24}.Release|Any CPU.Build.0 = Release|Any CPU
		{149A131D-F10D-43C2-B49E-BE0B56363A24}.Release|x86.ActiveCfg = Release|Any CPU
		{149A131D-F10D-43C2-B49E-BE0B56363A24}.Work|Any CPU.ActiveCfg = Release|Any CPU
		{149A131D-F10D-43C2-B49E-BE0B56363A24}.Work|Any CPU.Build.0 = Release|Any CPU
		{149A131D-F10D-43C2-B49E-BE0B56363A24}.Work|x86.ActiveCfg = Release|Any CPU
		{0E01A79F-5582-4797-AF09-12DE27901885}.Debug|Any CPU.ActiveCfg = Debug|x86
		{0E01A79F-5582-4797-AF09-12DE27901885}.Debug|Any CPU.Build.0 = Debug|x86
		{0E01A79F-5582-4797-AF09-12DE27901885}.Debug|x86.ActiveCfg = Debug|Any CPU
		{0E01A79F-5582-4797-AF09-12DE27901885}.Home|Any CPU.ActiveCfg = Release|Any CPU
		{0E01A79F-5582-4797-AF09-12DE27901885}.Home|Any CPU.Build.0 = Release|Any CPU
		{0E01A79F-5582-4797-AF09-12DE27901885}.Home|x86.ActiveCfg = Release|Any CPU
		{0E01A79F-5582-4797-AF09-12DE27901885}.Release|Any CPU.ActiveCfg = Release|Any CPU
		{0E01A79F-5582-4797-AF09-12DE27901885}.Release|Any CPU.Build.0 = Release|Any CPU
		{0E01A79F-5582-4797-AF09-12DE27901885}.Release|x86.ActiveCfg = Release|Any CPU
		{0E01A79F-5582-4797-AF09-12DE27901885}.Work|Any CPU.ActiveCfg = Release|Any CPU
		{0E01A79F-5582-4797-AF09-12DE27901885}.Work|Any CPU.Build.0 = Release|Any CPU
		{0E01A79F-5582-4797-AF09-12DE27901885}.Work|x86.ActiveCfg = Release|Any CPU
	EndGlobalSection
	GlobalSection(SolutionProperties) = preSolution
		HideSolutionNode = FALSE
	EndGlobalSection
	GlobalSection(NestedProjects) = preSolution
		{03416378-07C6-40AC-906B-E27F31E959F8} = {8C290C9F-8A88-4A34-AD47-6D0D9E188ECF}
		{B6A78452-CA4D-442F-AAD4-A31647B18CB7} = {8C290C9F-8A88-4A34-AD47-6D0D9E188ECF}
		{7F8A32C0-B452-4E30-9C23-6406DDC353DB} = {8C290C9F-8A88-4A34-AD47-6D0D9E188ECF}
		{B78267E9-B883-4BDE-8883-99D8F5A09013} = {8C290C9F-8A88-4A34-AD47-6D0D9E188ECF}
		{D822B027-D854-4081-B14D-8F7269207F61} = {8C290C9F-8A88-4A34-AD47-6D0D9E188ECF}
		{1FDEE5BD-A724-4478-BCA3-4C49DAEA291D} = {B9A26022-E8BF-4AB8-B5CE-198BABFABD70}
		{DD42338B-FE18-406E-8084-F606825771F6} = {B9A26022-E8BF-4AB8-B5CE-198BABFABD70}
		{74A0765E-25AD-486E-8284-33FCECF636D1} = {B9A26022-E8BF-4AB8-B5CE-198BABFABD70}
		{222CCE38-B286-44F0-B7F1-6AF8BA525FB6} = {B9A26022-E8BF-4AB8-B5CE-198BABFABD70}
		{B459E90B-793A-48B1-B672-50D162EDC662} = {B9A26022-E8BF-4AB8-B5CE-198BABFABD70}
		{D2EBA739-4153-48FF-93F0-AAEB43D1AB7E} = {B9A26022-E8BF-4AB8-B5CE-198BABFABD70}
		{2BB2460C-A3C5-410B-B139-0E16E5077AAC} = {B9A26022-E8BF-4AB8-B5CE-198BABFABD70}
		{02B1394B-866D-42AD-B187-EF9D9D459EB0} = {B9A26022-E8BF-4AB8-B5CE-198BABFABD70}
		{E74C8BB0-D610-4403-9D6B-64C1C65473B2} = {ED47B86C-FC5E-4F0D-9DCB-F5697F28DBC9}
		{7C54FF06-9C6B-43F9-BCCF-CD5685725E0F} = {ED47B86C-FC5E-4F0D-9DCB-F5697F28DBC9}
		{893C56A7-CDB7-4556-9CE2-1F85865587D1} = {ED47B86C-FC5E-4F0D-9DCB-F5697F28DBC9}
		{22E3EFB4-8CB5-4494-98D9-C6D91E094895} = {ED47B86C-FC5E-4F0D-9DCB-F5697F28DBC9}
		{10B1ED79-3B1C-45F4-A768-8C3F9CF1B809} = {ED47B86C-FC5E-4F0D-9DCB-F5697F28DBC9}
		{C7C6404D-0765-4356-9634-AFA16E71043E} = {ED47B86C-FC5E-4F0D-9DCB-F5697F28DBC9}
		{4154C014-3FB4-42C6-8874-6C56DA9E822C} = {ED47B86C-FC5E-4F0D-9DCB-F5697F28DBC9}
		{301B2B8C-B790-4394-BA5B-3A28CAA51670} = {ED47B86C-FC5E-4F0D-9DCB-F5697F28DBC9}
		{0F4EED1F-696A-41D2-A88D-8B6D46BF872D} = {ED47B86C-FC5E-4F0D-9DCB-F5697F28DBC9}
		{48A88E85-45BF-46F5-8722-B6F8BA2B1DA6} = {ED47B86C-FC5E-4F0D-9DCB-F5697F28DBC9}
		{E4EAFA0F-497E-479C-B15E-CA98E4F9B1F2} = {ED47B86C-FC5E-4F0D-9DCB-F5697F28DBC9}
		{7B298DBA-0A84-48E8-9BC9-072EAE306710} = {ED47B86C-FC5E-4F0D-9DCB-F5697F28DBC9}
		{6112574E-7533-4D87-BB51-2DFF6C9364FB} = {ED47B86C-FC5E-4F0D-9DCB-F5697F28DBC9}
		{C28149F0-D9AC-4485-914F-F798E7BB5BC3} = {ED47B86C-FC5E-4F0D-9DCB-F5697F28DBC9}
		{2BC26F47-22B4-4BE8-AAA9-64FB81430861} = {FF3CCE80-4483-42BB-A295-67F0C172EFB2}
		{1C88C8F6-11B5-4F07-80E7-BF73F0C6D95A} = {FF3CCE80-4483-42BB-A295-67F0C172EFB2}
	EndGlobalSection
EndGlobal
