
Microsoft Visual Studio Solution File, Format Version 12.00
# Visual Studio 2013
VisualStudioVersion = 12.0.31101.0
MinimumVisualStudioVersion = 10.0.40219.1
Project("{FAE04EC0-301F-11D3-BF4B-00C04F79EFBC}") = "SmaugCS", "SmaugCS\SmaugCS.csproj", "{30198591-FFF9-488C-AB88-2B02D58900D4}"
EndProject
Project("{FAE04EC0-301F-11D3-BF4B-00C04F79EFBC}") = "SmaugCS.Common", "SmaugCS.Common\SmaugCS.Common.csproj", "{B89245A0-DE06-4DD9-A02E-CBDEABC209C8}"
EndProject
Project("{2150E333-8FDC-42A3-9474-1A3956D46DE8}") = "Tests", "Tests", "{8C290C9F-8A88-4A34-AD47-6D0D9E188ECF}"
EndProject
Project("{FAE04EC0-301F-11D3-BF4B-00C04F79EFBC}") = "SmaugCS.Data", "SmaugCS.Data\SmaugCS.Data.csproj", "{68F2E535-38B5-4A0F-BB8B-74E3FF486E83}"
EndProject
Project("{FAE04EC0-301F-11D3-BF4B-00C04F79EFBC}") = "SmaugCS.Constants", "SmaugCS.Constants\SmaugCS.Constants.csproj", "{09CB479E-4286-4168-94DF-61777231F87C}"
	ProjectSection(ProjectDependencies) = postProject
		{1841B62B-C81E-4E08-962F-62CDB15A248D} = {1841B62B-C81E-4E08-962F-62CDB15A248D}
	EndProjectSection
EndProject
Project("{FAE04EC0-301F-11D3-BF4B-00C04F79EFBC}") = "SmaugCS.Weather", "SmaugCS.Weather\SmaugCS.Weather.csproj", "{149A131D-F10D-43C2-B49E-BE0B56363A24}"
EndProject
Project("{FAE04EC0-301F-11D3-BF4B-00C04F79EFBC}") = "SmaugCS.Language", "SmaugCS.Language\SmaugCS.Language.csproj", "{0E01A79F-5582-4797-AF09-12DE27901885}"
EndProject
Project("{FAE04EC0-301F-11D3-BF4B-00C04F79EFBC}") = "SmaugCS.Ban", "SmaugCS.Ban\SmaugCS.Ban.csproj", "{ADA623A7-32EF-402D-9A12-DB64077ED303}"
EndProject
Project("{FAE04EC0-301F-11D3-BF4B-00C04F79EFBC}") = "SmaugCS.Logging", "SmaugCS.Logging\SmaugCS.Logging.csproj", "{E2EA4786-9EF9-4FEE-8067-AC05989ECC50}"
EndProject
Project("{FAE04EC0-301F-11D3-BF4B-00C04F79EFBC}") = "SmaugCS.Board", "SmaugCS.Board\SmaugCS.Board.csproj", "{308D980E-AF66-4F6B-9BB9-69E3DCDC05CF}"
EndProject
Project("{FAE04EC0-301F-11D3-BF4B-00C04F79EFBC}") = "SmaugCS.News", "SmaugCS.News\SmaugCS.News.csproj", "{6F43C8D6-B168-4E77-B12A-EBB49DCE8019}"
EndProject
Project("{FAE04EC0-301F-11D3-BF4B-00C04F79EFBC}") = "SmaugCS.Ban.Tests", "Tests\SmaugCS.Ban.Tests\SmaugCS.Ban.Tests.csproj", "{F3A90F67-E5F7-400C-A324-28ACFA02F24F}"
EndProject
Project("{FAE04EC0-301F-11D3-BF4B-00C04F79EFBC}") = "SmaugCS.Board.Tests", "Tests\SmaugCS.Board.Tests\SmaugCS.Board.Tests.csproj", "{9FEBA9F9-0E3E-4080-8344-E6BF033448BE}"
EndProject
Project("{FAE04EC0-301F-11D3-BF4B-00C04F79EFBC}") = "SmaugCS.Common.Tests", "Tests\SmaugCS.Common.Tests\SmaugCS.Common.Tests.csproj", "{17D383F6-7651-42C0-AC15-06E4A1395D58}"
EndProject
Project("{FAE04EC0-301F-11D3-BF4B-00C04F79EFBC}") = "SmaugCS.Language.Tests", "Tests\SmaugCS.Language.Tests\SmaugCS.Language.Tests.csproj", "{16ED71A9-AAD3-4BF9-948D-F6F6E40686B7}"
EndProject
Project("{FAE04EC0-301F-11D3-BF4B-00C04F79EFBC}") = "SmaugCS.Logging.Tests", "Tests\SmaugCS.Logging.Tests\SmaugCS.Logging.Tests.csproj", "{AF2B844F-079D-4171-BEED-3999913EC4AB}"
EndProject
Project("{FAE04EC0-301F-11D3-BF4B-00C04F79EFBC}") = "SmaugCS.News.Tests", "Tests\SmaugCS.News.Tests\SmaugCS.News.Tests.csproj", "{79CE078A-1BE1-4809-8F14-09A885309EC2}"
EndProject
Project("{FAE04EC0-301F-11D3-BF4B-00C04F79EFBC}") = "SmaugCS.Tests", "Tests\SmaugCS.Tests\SmaugCS.Tests.csproj", "{03416378-07C6-40AC-906B-E27F31E959F8}"
EndProject
Project("{FAE04EC0-301F-11D3-BF4B-00C04F79EFBC}") = "SmaugCS.Weather.Tests", "Tests\SmaugCS.Weather.Tests\SmaugCS.Weather.Tests.csproj", "{E278D36A-8920-4D81-A6C3-0B4730433C8F}"
EndProject
Project("{FAE04EC0-301F-11D3-BF4B-00C04F79EFBC}") = "SmaugCS.Data.Test", "Tests\SmaugCS.Data.Test\SmaugCS.Data.Test.csproj", "{F2893C49-F696-4862-BD6F-B657EC59482A}"
EndProject
Project("{FAE04EC0-301F-11D3-BF4B-00C04F79EFBC}") = "SmaugCS.Communication", "SmaugCS.Communication\SmaugCS.Communication.csproj", "{F9AFFBF0-166C-4672-80BA-FABA59EF9E07}"
EndProject
Project("{FAE04EC0-301F-11D3-BF4B-00C04F79EFBC}") = "SmaugCS.Config", "SmaugCS.Config\SmaugCS.Config.csproj", "{1841B62B-C81E-4E08-962F-62CDB15A248D}"
EndProject
Project("{FAE04EC0-301F-11D3-BF4B-00C04F79EFBC}") = "SmaugCS.Auction", "SmaugCS.Auction\SmaugCS.Auction.csproj", "{101243BD-E350-43FF-944F-1A5A01D5B0D3}"
EndProject
Project("{FAE04EC0-301F-11D3-BF4B-00C04F79EFBC}") = "SmaugCS.Auction.Tests", "Tests\SmaugCS.Auction.Tests\SmaugCS.Auction.Tests.csproj", "{58161B57-13DE-417C-AEDD-E6DB96B432E2}"
EndProject
Project("{FAE04EC0-301F-11D3-BF4B-00C04F79EFBC}") = "SmaugCS.DAL", "SmaugCS.DAL\SmaugCS.DAL.csproj", "{157B6B68-68F7-414B-AE04-9CB80B9C68B4}"
EndProject
Project("{2150E333-8FDC-42A3-9474-1A3956D46DE8}") = "Libraries", "Libraries", "{AEB4E194-789C-491F-A78F-A030A633AF96}"
	ProjectSection(SolutionItems) = preProject
		..\Libraries\EntityFramework.dll = ..\Libraries\EntityFramework.dll
		..\Libraries\EntityFramework.SqlServer.dll = ..\Libraries\EntityFramework.SqlServer.dll
		..\Libraries\EntityFramework.xml = ..\Libraries\EntityFramework.xml
		..\Libraries\log4net.dll = ..\Libraries\log4net.dll
		..\Libraries\log4net.xml = ..\Libraries\log4net.xml
		..\Libraries\lua51.dll = ..\Libraries\lua51.dll
		..\Libraries\LuaInterface.dll = ..\Libraries\LuaInterface.dll
		..\Libraries\Moq.dll = ..\Libraries\Moq.dll
		..\Libraries\Moq.xml = ..\Libraries\Moq.xml
		..\Libraries\NCalc.dll = ..\Libraries\NCalc.dll
		..\Libraries\Ninject.dll = ..\Libraries\Ninject.dll
		..\Libraries\Ninject.xml = ..\Libraries\Ninject.xml
		..\Libraries\nunit.framework.dll = ..\Libraries\nunit.framework.dll
		..\Libraries\nunit.framework.xml = ..\Libraries\nunit.framework.xml
		..\Libraries\Realm.Library.Ai.dll = ..\Libraries\Realm.Library.Ai.dll
		..\Libraries\Realm.Library.Ai.pdb = ..\Libraries\Realm.Library.Ai.pdb
		..\Libraries\Realm.Library.Ai.xml = ..\Libraries\Realm.Library.Ai.xml
		..\Libraries\Realm.Library.Common.dll = ..\Libraries\Realm.Library.Common.dll
		..\Libraries\Realm.Library.Common.pdb = ..\Libraries\Realm.Library.Common.pdb
		..\Libraries\Realm.Library.Common.xml = ..\Libraries\Realm.Library.Common.xml
		..\Libraries\Realm.Library.Controls.dll = ..\Libraries\Realm.Library.Controls.dll
		..\Libraries\Realm.Library.Controls.pdb = ..\Libraries\Realm.Library.Controls.pdb
		..\Libraries\Realm.Library.Controls.xml = ..\Libraries\Realm.Library.Controls.xml
		..\Libraries\Realm.Library.Database.dll = ..\Libraries\Realm.Library.Database.dll
		..\Libraries\Realm.Library.Database.pdb = ..\Libraries\Realm.Library.Database.pdb
		..\Libraries\Realm.Library.Database.xml = ..\Libraries\Realm.Library.Database.xml
		..\Libraries\Realm.Library.dll = ..\Libraries\Realm.Library.dll
		..\Libraries\Realm.Library.Lua.dll = ..\Libraries\Realm.Library.Lua.dll
		..\Libraries\Realm.Library.Lua.pdb = ..\Libraries\Realm.Library.Lua.pdb
		..\Libraries\Realm.Library.Lua.xml = ..\Libraries\Realm.Library.Lua.xml
		..\Libraries\Realm.Library.NCalcExt.dll = ..\Libraries\Realm.Library.NCalcExt.dll
		..\Libraries\Realm.Library.NCalcExt.pdb = ..\Libraries\Realm.Library.NCalcExt.pdb
		..\Libraries\Realm.Library.NCalcExt.xml = ..\Libraries\Realm.Library.NCalcExt.xml
		..\Libraries\Realm.Library.Network.dll = ..\Libraries\Realm.Library.Network.dll
		..\Libraries\Realm.Library.Network.pdb = ..\Libraries\Realm.Library.Network.pdb
		..\Libraries\Realm.Library.Network.xml = ..\Libraries\Realm.Library.Network.xml
		..\Libraries\Realm.Library.Patterns.Command.dll = ..\Libraries\Realm.Library.Patterns.Command.dll
		..\Libraries\Realm.Library.Patterns.Command.pdb = ..\Libraries\Realm.Library.Patterns.Command.pdb
		..\Libraries\Realm.Library.Patterns.Command.xml = ..\Libraries\Realm.Library.Patterns.Command.xml
		..\Libraries\Realm.Library.Patterns.Decorator.dll = ..\Libraries\Realm.Library.Patterns.Decorator.dll
		..\Libraries\Realm.Library.Patterns.Decorator.pdb = ..\Libraries\Realm.Library.Patterns.Decorator.pdb
		..\Libraries\Realm.Library.Patterns.Decorator.xml = ..\Libraries\Realm.Library.Patterns.Decorator.xml
		..\Libraries\Realm.Library.Patterns.Factory.dll = ..\Libraries\Realm.Library.Patterns.Factory.dll
		..\Libraries\Realm.Library.Patterns.Factory.pdb = ..\Libraries\Realm.Library.Patterns.Factory.pdb
		..\Libraries\Realm.Library.Patterns.Factory.xml = ..\Libraries\Realm.Library.Patterns.Factory.xml
		..\Libraries\Realm.Library.Patterns.Repository.dll = ..\Libraries\Realm.Library.Patterns.Repository.dll
		..\Libraries\Realm.Library.Patterns.Repository.pdb = ..\Libraries\Realm.Library.Patterns.Repository.pdb
		..\Libraries\Realm.Library.Patterns.Repository.xml = ..\Libraries\Realm.Library.Patterns.Repository.xml
		..\Libraries\Realm.Library.Patterns.Singleton.dll = ..\Libraries\Realm.Library.Patterns.Singleton.dll
		..\Libraries\Realm.Library.Patterns.Singleton.pdb = ..\Libraries\Realm.Library.Patterns.Singleton.pdb
		..\Libraries\Realm.Library.Patterns.Singleton.xml = ..\Libraries\Realm.Library.Patterns.Singleton.xml
		..\Libraries\Realm.Library.pdb = ..\Libraries\Realm.Library.pdb
		..\Libraries\Realm.Library.SmallDb.dll = ..\Libraries\Realm.Library.SmallDb.dll
		..\Libraries\Realm.Library.SmallDb.pdb = ..\Libraries\Realm.Library.SmallDb.pdb
		..\Libraries\Realm.Library.SmallDb.xml = ..\Libraries\Realm.Library.SmallDb.xml
		..\Libraries\Realm.Library.XML = ..\Libraries\Realm.Library.XML
		..\Libraries\VikingErik.LuaInterface.dll = ..\Libraries\VikingErik.LuaInterface.dll
	EndProjectSection
EndProject
Project("{2150E333-8FDC-42A3-9474-1A3956D46DE8}") = "Documents", "Documents", "{29EA4E4A-C50F-4D83-B5C7-0F7BFDB67A13}"
	ProjectSection(SolutionItems) = preProject
		..\doc\act.txt = ..\doc\act.txt
		..\doc\area.txt = ..\doc\area.txt
		..\doc\AreaNumberingSchema.txt = ..\doc\AreaNumberingSchema.txt
		..\doc\Building and Creation Guide.docx = ..\doc\Building and Creation Guide.docx
		..\doc\class.txt = ..\doc\class.txt
		..\doc\command.txt = ..\doc\command.txt
		..\doc\contrib.txt = ..\doc\contrib.txt
		..\doc\DatabaseNotes.txt = ..\doc\DatabaseNotes.txt
		..\doc\drool.txt = ..\doc\drool.txt
		..\doc\FAQ.txt = ..\doc\FAQ.txt
		..\doc\hacker.txt = ..\doc\hacker.txt
		..\doc\hacker2.txt = ..\doc\hacker2.txt
		How To Do Migrations.txt = How To Do Migrations.txt
		..\doc\Immortal Rules.docx = ..\doc\Immortal Rules.docx
		..\doc\license.diku = ..\doc\license.diku
		..\doc\license.merc = ..\doc\license.merc
		..\doc\license.txt = ..\doc\license.txt
		..\doc\Mob.help = ..\doc\Mob.help
		..\doc\Mortal Rules.docx = ..\doc\Mortal Rules.docx
		..\doc\Notes.txt = ..\doc\Notes.txt
		..\doc\Object.help = ..\doc\Object.help
		..\doc\olc.txt = ..\doc\olc.txt
		..\doc\pfile.txt = ..\doc\pfile.txt
		..\doc\player.txt = ..\doc\player.txt
		..\doc\Prog.help = ..\doc\Prog.help
		..\doc\readme.txt = ..\doc\readme.txt
		..\doc\Resets.help = ..\doc\Resets.help
		..\doc\Resets.txt = ..\doc\Resets.txt
		..\doc\Room.help = ..\doc\Room.help
		..\doc\security.txt = ..\doc\security.txt
		..\doc\skill.txt = ..\doc\skill.txt
		..\doc\smaug.txt = ..\doc\smaug.txt
		..\doc\SMAUGDOC = ..\doc\SMAUGDOC
		..\doc\smaugspells.txt = ..\doc\smaugspells.txt
		..\doc\values.txt = ..\doc\values.txt
		..\doc\vnum.txt = ..\doc\vnum.txt
		..\doc\WeatherHowTo.txt = ..\doc\WeatherHowTo.txt
	EndProjectSection
EndProject
Project("{2150E333-8FDC-42A3-9474-1A3956D46DE8}") = "7RSourceMaterial", "7RSourceMaterial", "{B5B92604-2773-4A02-8DFF-DB83A4DF539E}"
	ProjectSection(SolutionItems) = preProject
		..\doc\7RSourceMaterial\7p and nwn discussion with todd.txt = ..\doc\7RSourceMaterial\7p and nwn discussion with todd.txt
		..\doc\7RSourceMaterial\alania conversation.txt = ..\doc\7RSourceMaterial\alania conversation.txt
		..\doc\7RSourceMaterial\aran conversation tree with bron maganor.txt = ..\doc\7RSourceMaterial\aran conversation tree with bron maganor.txt
		..\doc\7RSourceMaterial\Aran.are = ..\doc\7RSourceMaterial\Aran.are
		..\doc\7RSourceMaterial\CCOMBS.ARE = ..\doc\7RSourceMaterial\CCOMBS.ARE
		..\doc\7RSourceMaterial\conversations for aran module.txt = ..\doc\7RSourceMaterial\conversations for aran module.txt
		..\doc\7RSourceMaterial\Lesser Dushara - Cinematics.doc = ..\doc\7RSourceMaterial\Lesser Dushara - Cinematics.doc
		..\doc\7RSourceMaterial\Lesser Dushara - Enemies.doc = ..\doc\7RSourceMaterial\Lesser Dushara - Enemies.doc
		..\doc\7RSourceMaterial\Lesser Dushara - Items.doc = ..\doc\7RSourceMaterial\Lesser Dushara - Items.doc
		..\doc\7RSourceMaterial\Lesser Dushara - Locations.doc = ..\doc\7RSourceMaterial\Lesser Dushara - Locations.doc
		..\doc\7RSourceMaterial\Lesser Dushara - NPCs.doc = ..\doc\7RSourceMaterial\Lesser Dushara - NPCs.doc
		..\doc\7RSourceMaterial\Lesser Dushara - Quests.doc = ..\doc\7RSourceMaterial\Lesser Dushara - Quests.doc
		..\doc\7RSourceMaterial\Lesser Dushara - Variables.doc = ..\doc\7RSourceMaterial\Lesser Dushara - Variables.doc
		..\doc\7RSourceMaterial\LESSER DUSHARA.doc = ..\doc\7RSourceMaterial\LESSER DUSHARA.doc
	EndProjectSection
EndProject
Project("{2150E333-8FDC-42A3-9474-1A3956D46DE8}") = "mudprogs", "mudprogs", "{D07BE495-C585-43B6-859F-D4408EE66497}"
	ProjectSection(SolutionItems) = preProject
		..\doc\mudprogs\Beggar.prg = ..\doc\mudprogs\Beggar.prg
		..\doc\mudprogs\CHANGES = ..\doc\mudprogs\CHANGES
		..\doc\mudprogs\DOC = ..\doc\mudprogs\DOC
		..\doc\mudprogs\Example.are = ..\doc\mudprogs\Example.are
		..\doc\mudprogs\FOO = ..\doc\mudprogs\FOO
		..\doc\mudprogs\INSTALL = ..\doc\mudprogs\INSTALL
		..\doc\mudprogs\TRIGGER.txt = ..\doc\mudprogs\TRIGGER.txt
	EndProjectSection
EndProject
Project("{2150E333-8FDC-42A3-9474-1A3956D46DE8}") = "Data", "Data", "{1B2F8ECD-DD0F-44B1-AEB6-5EC30F066F7B}"
EndProject
Project("{2150E333-8FDC-42A3-9474-1A3956D46DE8}") = "Areas", "Areas", "{5944DFDB-E6DE-4A53-B04A-5F4254A20F73}"
	ProjectSection(SolutionItems) = preProject
		..\data\area\Aran.lua = ..\data\area\Aran.lua
		..\data\area\help.lua = ..\data\area\help.lua
		..\data\area\InnSevenRealms.lua = ..\data\area\InnSevenRealms.lua
		..\data\area\TheVoid.lua = ..\data\area\TheVoid.lua
	EndProjectSection
EndProject
Project("{2150E333-8FDC-42A3-9474-1A3956D46DE8}") = "Clans", "Clans", "{8F7BD344-5F04-4042-9824-63CA53B4AE3B}"
	ProjectSection(SolutionItems) = preProject
		..\data\clans\cleric.lua = ..\data\clans\cleric.lua
		..\data\clans\mage.lua = ..\data\clans\mage.lua
		..\data\clans\thief.lua = ..\data\clans\thief.lua
		..\data\clans\warrior.lua = ..\data\clans\warrior.lua
	EndProjectSection
EndProject
Project("{2150E333-8FDC-42A3-9474-1A3956D46DE8}") = "Classes", "Classes", "{112A74B0-47E3-4744-8CEE-DD18D742E5C1}"
	ProjectSection(SolutionItems) = preProject
		..\data\classes\Augurer.lua = ..\data\classes\Augurer.lua
		..\data\classes\class.lst = ..\data\classes\class.lst
		..\data\classes\Cleric.lua = ..\data\classes\Cleric.lua
		..\data\classes\Druid.lua = ..\data\classes\Druid.lua
		..\data\classes\Mage.lua = ..\data\classes\Mage.lua
		..\data\classes\Monger.lua = ..\data\classes\Monger.lua
		..\data\classes\Nephandi.lua = ..\data\classes\Nephandi.lua
		..\data\classes\Paladin.lua = ..\data\classes\Paladin.lua
		..\data\classes\Pirate.lua = ..\data\classes\Pirate.lua
		..\data\classes\Ranger.lua = ..\data\classes\Ranger.lua
		..\data\classes\Savage.lua = ..\data\classes\Savage.lua
		..\data\classes\Thief.lua = ..\data\classes\Thief.lua
		..\data\classes\Vampire.lua = ..\data\classes\Vampire.lua
		..\data\classes\Warrior.lua = ..\data\classes\Warrior.lua
	EndProjectSection
EndProject
Project("{2150E333-8FDC-42A3-9474-1A3956D46DE8}") = "Colors", "Colors", "{58DF0F5F-ABBF-4337-9A2B-9A811F50C801}"
	ProjectSection(SolutionItems) = preProject
		..\data\color\AFK = ..\data\color\AFK
		..\data\color\default = ..\data\color\default
		..\data\color\smaug = ..\data\color\smaug
	EndProjectSection
EndProject
Project("{2150E333-8FDC-42A3-9474-1A3956D46DE8}") = "Deities", "Deities", "{20BB9DDD-C2F7-4C8C-836E-A36EB9F08C52}"
	ProjectSection(SolutionItems) = preProject
		..\data\deity\maron.lua = ..\data\deity\maron.lua
	EndProjectSection
EndProject
Project("{2150E333-8FDC-42A3-9474-1A3956D46DE8}") = "Gods", "Gods", "{C231E9F1-D1AF-461B-9A6C-D4B9513B9239}"
	ProjectSection(SolutionItems) = preProject
		..\data\gods\Admin = ..\data\gods\Admin
	EndProjectSection
EndProject
Project("{2150E333-8FDC-42A3-9474-1A3956D46DE8}") = "Modules", "Modules", "{5A3161CD-B81E-4AC5-A964-5A31E3271F75}"
	ProjectSection(SolutionItems) = preProject
		..\data\modules\module_area.lua = ..\data\modules\module_area.lua
		..\data\modules\module_base.lua = ..\data\modules\module_base.lua
		..\data\modules\module_mobs.lua = ..\data\modules\module_mobs.lua
		..\data\modules\types.lua = ..\data\modules\types.lua
	EndProjectSection
EndProject
Project("{2150E333-8FDC-42A3-9474-1A3956D46DE8}") = "Old_Areas", "Old_Areas", "{DB8E28CF-593D-4981-B4B3-3252F11D1A02}"
	ProjectSection(SolutionItems) = preProject
		..\data\old_areas\area.lst = ..\data\old_areas\area.lst
		..\data\old_areas\astral.lua = ..\data\old_areas\astral.lua
		..\data\old_areas\Build.lua = ..\data\old_areas\Build.lua
		..\data\old_areas\chapel.lua = ..\data\old_areas\chapel.lua
		..\data\old_areas\daycare.lua = ..\data\old_areas\daycare.lua
		..\data\old_areas\dwarven.lua = ..\data\old_areas\dwarven.lua
		..\data\old_areas\export.lua = ..\data\old_areas\export.lua
		..\data\old_areas\gallery.lua = ..\data\old_areas\gallery.lua
		..\data\old_areas\gardenillusion.lua = ..\data\old_areas\gardenillusion.lua
		..\data\old_areas\gods.lua = ..\data\old_areas\gods.lua
		..\data\old_areas\grave.lua = ..\data\old_areas\grave.lua
		..\data\old_areas\grove.lua = ..\data\old_areas\grove.lua
		..\data\old_areas\haon.lua = ..\data\old_areas\haon.lua
		..\data\old_areas\manor.lua = ..\data\old_areas\manor.lua
		..\data\old_areas\midennir.lua = ..\data\old_areas\midennir.lua
		..\data\old_areas\newacad.lua = ..\data\old_areas\newacad.lua
		..\data\old_areas\newdark.lua = ..\data\old_areas\newdark.lua
		..\data\old_areas\newgate.lua = ..\data\old_areas\newgate.lua
		..\data\old_areas\pixie.lua = ..\data\old_areas\pixie.lua
		..\data\old_areas\plains.lua = ..\data\old_areas\plains.lua
		..\data\old_areas\redferne.lua = ..\data\old_areas\redferne.lua
		..\data\old_areas\sewer.lua = ..\data\old_areas\sewer.lua
		..\data\old_areas\srefuge.lua = ..\data\old_areas\srefuge.lua
		..\data\old_areas\tree.lua = ..\data\old_areas\tree.lua
		..\data\old_areas\trolls.lua = ..\data\old_areas\trolls.lua
		..\data\old_areas\unholy.lua = ..\data\old_areas\unholy.lua
	EndProjectSection
EndProject
Project("{2150E333-8FDC-42A3-9474-1A3956D46DE8}") = "Players", "Players", "{7877B3D0-29EF-4CBB-BB54-1ED6186947D1}"
	ProjectSection(SolutionItems) = preProject
		..\data\player\a\Admin = ..\data\player\a\Admin
	EndProjectSection
EndProject
Project("{2150E333-8FDC-42A3-9474-1A3956D46DE8}") = "Races", "Races", "{00BDA098-FE11-4BBE-AB98-672A76F36390}"
	ProjectSection(SolutionItems) = preProject
		..\data\races\Azurnim.lua = ..\data\races\Azurnim.lua
		..\data\races\Caorlei.lua = ..\data\races\Caorlei.lua
		..\data\races\Denorlei.lua = ..\data\races\Denorlei.lua
		..\data\races\Human.lua = ..\data\races\Human.lua
		..\data\races\Taemier.lua = ..\data\races\Taemier.lua
		..\data\races\Teralei.lua = ..\data\races\Teralei.lua
		..\data\races\Uralei.lua = ..\data\races\Uralei.lua
		..\data\races\Vampire.lua = ..\data\races\Vampire.lua
	EndProjectSection
EndProject
Project("{2150E333-8FDC-42A3-9474-1A3956D46DE8}") = "System", "System", "{4E1F08DF-62D6-4975-9328-C888AC0C9CE6}"
	ProjectSection(SolutionItems) = preProject
		..\data\system\colors.dat = ..\data\system\colors.dat
		..\data\system\commands.lua = ..\data\system\commands.lua
		..\data\system\herbs.lua = ..\data\system\herbs.lua
		..\data\system\immortal.host = ..\data\system\immortal.host
		..\data\system\liquids.lua = ..\data\system\liquids.lua
		..\data\system\login.msg = ..\data\system\login.msg
		..\data\system\Lookups.lua = ..\data\system\Lookups.lua
		..\data\system\mixtures.lua = ..\data\system\mixtures.lua
		..\data\system\MoonMap.txt = ..\data\system\MoonMap.txt
		..\data\system\morphs.lua = ..\data\system\morphs.lua
		..\data\system\mssp.dat = ..\data\system\mssp.dat
		..\data\system\mudrip.rip = ..\data\system\mudrip.rip
		..\data\system\mudtitle.ans = ..\data\system\mudtitle.ans
		..\data\system\mudtitle.asc = ..\data\system\mudtitle.asc
		..\data\system\mudtitle.rip = ..\data\system\mudtitle.rip
		..\data\system\news.dat = ..\data\system\news.dat
		..\data\system\planes.lua = ..\data\system\planes.lua
		..\data\system\skills.lua = ..\data\system\skills.lua
		..\data\system\socials.lua = ..\data\system\socials.lua
		..\data\system\specfuns.lua = ..\data\system\specfuns.lua
		..\data\system\StarMap.txt = ..\data\system\StarMap.txt
		..\data\system\SunMap.txt = ..\data\system\SunMap.txt
		..\data\system\sysdata.dat = ..\data\system\sysdata.dat
		..\data\system\time.dat = ..\data\system\time.dat
		..\data\system\tongues.lua = ..\data\system\tongues.lua
		..\data\system\weather.dat = ..\data\system\weather.dat
		..\data\system\weathermap.dat = ..\data\system\weathermap.dat
		..\data\system\WeatherMessages.txt = ..\data\system\WeatherMessages.txt
		..\data\system\WeatherRangeData.txt = ..\data\system\WeatherRangeData.txt
	EndProjectSection
EndProject
Project("{FAE04EC0-301F-11D3-BF4B-00C04F79EFBC}") = "SmaugCS.Lua", "SmaugCS.Lua\SmaugCS.Lua.csproj", "{55DCEBC5-8647-40F3-9FEA-2886A9FA7396}"
EndProject
Project("{FAE04EC0-301F-11D3-BF4B-00C04F79EFBC}") = "SmaugCS.Lua.Tests", "Tests\SmaugCS.Lua.Tests\SmaugCS.Lua.Tests.csproj", "{8F18A4F9-18D8-4D4A-9078-3361FA8119EA}"
EndProject
Project("{FAE04EC0-301F-11D3-BF4B-00C04F79EFBC}") = "SmaugCS.Time", "SmaugCS.Time\SmaugCS.Time.csproj", "{F68D623F-3C9D-4DEE-9C5C-D9673E3ABA9F}"
EndProject
Project("{FAE04EC0-301F-11D3-BF4B-00C04F79EFBC}") = "SmaugCS.Repository", "SmaugCS.Repository\SmaugCS.Repository.csproj", "{97267DBC-9414-497B-ADE8-9E3437DA6A7F}"
EndProject
Global
	GlobalSection(SolutionConfigurationPlatforms) = preSolution
		Debug|Any CPU = Debug|Any CPU
		Debug|x86 = Debug|x86
		Home|Any CPU = Home|Any CPU
		Home|x86 = Home|x86
		Release|Any CPU = Release|Any CPU
		Release|x86 = Release|x86
		Work|Any CPU = Work|Any CPU
		Work|x86 = Work|x86
	EndGlobalSection
	GlobalSection(ProjectConfigurationPlatforms) = postSolution
		{30198591-FFF9-488C-AB88-2B02D58900D4}.Debug|Any CPU.ActiveCfg = Debug|x86
		{30198591-FFF9-488C-AB88-2B02D58900D4}.Debug|Any CPU.Build.0 = Debug|x86
		{30198591-FFF9-488C-AB88-2B02D58900D4}.Debug|x86.ActiveCfg = Debug|x86
		{30198591-FFF9-488C-AB88-2B02D58900D4}.Debug|x86.Build.0 = Debug|x86
		{30198591-FFF9-488C-AB88-2B02D58900D4}.Home|Any CPU.ActiveCfg = Release|Any CPU
		{30198591-FFF9-488C-AB88-2B02D58900D4}.Home|Any CPU.Build.0 = Release|Any CPU
		{30198591-FFF9-488C-AB88-2B02D58900D4}.Home|x86.ActiveCfg = Release|Any CPU
		{30198591-FFF9-488C-AB88-2B02D58900D4}.Release|Any CPU.ActiveCfg = Release|Any CPU
		{30198591-FFF9-488C-AB88-2B02D58900D4}.Release|Any CPU.Build.0 = Release|Any CPU
		{30198591-FFF9-488C-AB88-2B02D58900D4}.Release|x86.ActiveCfg = Release|Any CPU
		{30198591-FFF9-488C-AB88-2B02D58900D4}.Work|Any CPU.ActiveCfg = Release|Any CPU
		{30198591-FFF9-488C-AB88-2B02D58900D4}.Work|Any CPU.Build.0 = Release|Any CPU
		{30198591-FFF9-488C-AB88-2B02D58900D4}.Work|x86.ActiveCfg = Release|Any CPU
		{B89245A0-DE06-4DD9-A02E-CBDEABC209C8}.Debug|Any CPU.ActiveCfg = Debug|x86
		{B89245A0-DE06-4DD9-A02E-CBDEABC209C8}.Debug|Any CPU.Build.0 = Debug|x86
		{B89245A0-DE06-4DD9-A02E-CBDEABC209C8}.Debug|x86.ActiveCfg = Debug|x86
		{B89245A0-DE06-4DD9-A02E-CBDEABC209C8}.Debug|x86.Build.0 = Debug|x86
		{B89245A0-DE06-4DD9-A02E-CBDEABC209C8}.Home|Any CPU.ActiveCfg = Release|Any CPU
		{B89245A0-DE06-4DD9-A02E-CBDEABC209C8}.Home|Any CPU.Build.0 = Release|Any CPU
		{B89245A0-DE06-4DD9-A02E-CBDEABC209C8}.Home|x86.ActiveCfg = Release|Any CPU
		{B89245A0-DE06-4DD9-A02E-CBDEABC209C8}.Release|Any CPU.ActiveCfg = Release|Any CPU
		{B89245A0-DE06-4DD9-A02E-CBDEABC209C8}.Release|Any CPU.Build.0 = Release|Any CPU
		{B89245A0-DE06-4DD9-A02E-CBDEABC209C8}.Release|x86.ActiveCfg = Release|Any CPU
		{B89245A0-DE06-4DD9-A02E-CBDEABC209C8}.Work|Any CPU.ActiveCfg = Release|Any CPU
		{B89245A0-DE06-4DD9-A02E-CBDEABC209C8}.Work|Any CPU.Build.0 = Release|Any CPU
		{B89245A0-DE06-4DD9-A02E-CBDEABC209C8}.Work|x86.ActiveCfg = Release|Any CPU
		{68F2E535-38B5-4A0F-BB8B-74E3FF486E83}.Debug|Any CPU.ActiveCfg = Debug|x86
		{68F2E535-38B5-4A0F-BB8B-74E3FF486E83}.Debug|Any CPU.Build.0 = Debug|x86
		{68F2E535-38B5-4A0F-BB8B-74E3FF486E83}.Debug|x86.ActiveCfg = Debug|x86
		{68F2E535-38B5-4A0F-BB8B-74E3FF486E83}.Debug|x86.Build.0 = Debug|x86
		{68F2E535-38B5-4A0F-BB8B-74E3FF486E83}.Home|Any CPU.ActiveCfg = Release|Any CPU
		{68F2E535-38B5-4A0F-BB8B-74E3FF486E83}.Home|Any CPU.Build.0 = Release|Any CPU
		{68F2E535-38B5-4A0F-BB8B-74E3FF486E83}.Home|x86.ActiveCfg = Release|Any CPU
		{68F2E535-38B5-4A0F-BB8B-74E3FF486E83}.Release|Any CPU.ActiveCfg = Release|Any CPU
		{68F2E535-38B5-4A0F-BB8B-74E3FF486E83}.Release|Any CPU.Build.0 = Release|Any CPU
		{68F2E535-38B5-4A0F-BB8B-74E3FF486E83}.Release|x86.ActiveCfg = Release|Any CPU
		{68F2E535-38B5-4A0F-BB8B-74E3FF486E83}.Work|Any CPU.ActiveCfg = Release|Any CPU
		{68F2E535-38B5-4A0F-BB8B-74E3FF486E83}.Work|Any CPU.Build.0 = Release|Any CPU
		{68F2E535-38B5-4A0F-BB8B-74E3FF486E83}.Work|x86.ActiveCfg = Release|Any CPU
		{09CB479E-4286-4168-94DF-61777231F87C}.Debug|Any CPU.ActiveCfg = Debug|x86
		{09CB479E-4286-4168-94DF-61777231F87C}.Debug|Any CPU.Build.0 = Debug|x86
		{09CB479E-4286-4168-94DF-61777231F87C}.Debug|x86.ActiveCfg = Debug|x86
		{09CB479E-4286-4168-94DF-61777231F87C}.Debug|x86.Build.0 = Debug|x86
		{09CB479E-4286-4168-94DF-61777231F87C}.Home|Any CPU.ActiveCfg = Release|Any CPU
		{09CB479E-4286-4168-94DF-61777231F87C}.Home|Any CPU.Build.0 = Release|Any CPU
		{09CB479E-4286-4168-94DF-61777231F87C}.Home|x86.ActiveCfg = Release|Any CPU
		{09CB479E-4286-4168-94DF-61777231F87C}.Release|Any CPU.ActiveCfg = Release|Any CPU
		{09CB479E-4286-4168-94DF-61777231F87C}.Release|Any CPU.Build.0 = Release|Any CPU
		{09CB479E-4286-4168-94DF-61777231F87C}.Release|x86.ActiveCfg = Release|Any CPU
		{09CB479E-4286-4168-94DF-61777231F87C}.Work|Any CPU.ActiveCfg = Release|Any CPU
		{09CB479E-4286-4168-94DF-61777231F87C}.Work|Any CPU.Build.0 = Release|Any CPU
		{09CB479E-4286-4168-94DF-61777231F87C}.Work|x86.ActiveCfg = Release|Any CPU
		{149A131D-F10D-43C2-B49E-BE0B56363A24}.Debug|Any CPU.ActiveCfg = Debug|x86
		{149A131D-F10D-43C2-B49E-BE0B56363A24}.Debug|Any CPU.Build.0 = Debug|x86
		{149A131D-F10D-43C2-B49E-BE0B56363A24}.Debug|x86.ActiveCfg = Debug|x86
		{149A131D-F10D-43C2-B49E-BE0B56363A24}.Debug|x86.Build.0 = Debug|x86
		{149A131D-F10D-43C2-B49E-BE0B56363A24}.Home|Any CPU.ActiveCfg = Release|Any CPU
		{149A131D-F10D-43C2-B49E-BE0B56363A24}.Home|Any CPU.Build.0 = Release|Any CPU
		{149A131D-F10D-43C2-B49E-BE0B56363A24}.Home|x86.ActiveCfg = Release|Any CPU
		{149A131D-F10D-43C2-B49E-BE0B56363A24}.Release|Any CPU.ActiveCfg = Release|Any CPU
		{149A131D-F10D-43C2-B49E-BE0B56363A24}.Release|Any CPU.Build.0 = Release|Any CPU
		{149A131D-F10D-43C2-B49E-BE0B56363A24}.Release|x86.ActiveCfg = Release|Any CPU
		{149A131D-F10D-43C2-B49E-BE0B56363A24}.Work|Any CPU.ActiveCfg = Release|Any CPU
		{149A131D-F10D-43C2-B49E-BE0B56363A24}.Work|Any CPU.Build.0 = Release|Any CPU
		{149A131D-F10D-43C2-B49E-BE0B56363A24}.Work|x86.ActiveCfg = Release|Any CPU
		{0E01A79F-5582-4797-AF09-12DE27901885}.Debug|Any CPU.ActiveCfg = Debug|x86
		{0E01A79F-5582-4797-AF09-12DE27901885}.Debug|Any CPU.Build.0 = Debug|x86
		{0E01A79F-5582-4797-AF09-12DE27901885}.Debug|x86.ActiveCfg = Debug|x86
		{0E01A79F-5582-4797-AF09-12DE27901885}.Debug|x86.Build.0 = Debug|x86
		{0E01A79F-5582-4797-AF09-12DE27901885}.Home|Any CPU.ActiveCfg = Release|Any CPU
		{0E01A79F-5582-4797-AF09-12DE27901885}.Home|Any CPU.Build.0 = Release|Any CPU
		{0E01A79F-5582-4797-AF09-12DE27901885}.Home|x86.ActiveCfg = Release|Any CPU
		{0E01A79F-5582-4797-AF09-12DE27901885}.Release|Any CPU.ActiveCfg = Release|Any CPU
		{0E01A79F-5582-4797-AF09-12DE27901885}.Release|Any CPU.Build.0 = Release|Any CPU
		{0E01A79F-5582-4797-AF09-12DE27901885}.Release|x86.ActiveCfg = Release|Any CPU
		{0E01A79F-5582-4797-AF09-12DE27901885}.Work|Any CPU.ActiveCfg = Release|Any CPU
		{0E01A79F-5582-4797-AF09-12DE27901885}.Work|Any CPU.Build.0 = Release|Any CPU
		{0E01A79F-5582-4797-AF09-12DE27901885}.Work|x86.ActiveCfg = Release|Any CPU
		{ADA623A7-32EF-402D-9A12-DB64077ED303}.Debug|Any CPU.ActiveCfg = Debug|x86
		{ADA623A7-32EF-402D-9A12-DB64077ED303}.Debug|Any CPU.Build.0 = Debug|x86
		{ADA623A7-32EF-402D-9A12-DB64077ED303}.Debug|x86.ActiveCfg = Debug|x86
		{ADA623A7-32EF-402D-9A12-DB64077ED303}.Debug|x86.Build.0 = Debug|x86
		{ADA623A7-32EF-402D-9A12-DB64077ED303}.Home|Any CPU.ActiveCfg = Release|Any CPU
		{ADA623A7-32EF-402D-9A12-DB64077ED303}.Home|Any CPU.Build.0 = Release|Any CPU
		{ADA623A7-32EF-402D-9A12-DB64077ED303}.Home|x86.ActiveCfg = Release|Any CPU
		{ADA623A7-32EF-402D-9A12-DB64077ED303}.Release|Any CPU.ActiveCfg = Release|Any CPU
		{ADA623A7-32EF-402D-9A12-DB64077ED303}.Release|Any CPU.Build.0 = Release|Any CPU
		{ADA623A7-32EF-402D-9A12-DB64077ED303}.Release|x86.ActiveCfg = Release|Any CPU
		{ADA623A7-32EF-402D-9A12-DB64077ED303}.Work|Any CPU.ActiveCfg = Release|Any CPU
		{ADA623A7-32EF-402D-9A12-DB64077ED303}.Work|Any CPU.Build.0 = Release|Any CPU
		{ADA623A7-32EF-402D-9A12-DB64077ED303}.Work|x86.ActiveCfg = Release|Any CPU
		{E2EA4786-9EF9-4FEE-8067-AC05989ECC50}.Debug|Any CPU.ActiveCfg = Debug|x86
		{E2EA4786-9EF9-4FEE-8067-AC05989ECC50}.Debug|Any CPU.Build.0 = Debug|x86
		{E2EA4786-9EF9-4FEE-8067-AC05989ECC50}.Debug|x86.ActiveCfg = Debug|x86
		{E2EA4786-9EF9-4FEE-8067-AC05989ECC50}.Debug|x86.Build.0 = Debug|x86
		{E2EA4786-9EF9-4FEE-8067-AC05989ECC50}.Home|Any CPU.ActiveCfg = Release|Any CPU
		{E2EA4786-9EF9-4FEE-8067-AC05989ECC50}.Home|Any CPU.Build.0 = Release|Any CPU
		{E2EA4786-9EF9-4FEE-8067-AC05989ECC50}.Home|x86.ActiveCfg = Release|Any CPU
		{E2EA4786-9EF9-4FEE-8067-AC05989ECC50}.Release|Any CPU.ActiveCfg = Release|Any CPU
		{E2EA4786-9EF9-4FEE-8067-AC05989ECC50}.Release|Any CPU.Build.0 = Release|Any CPU
		{E2EA4786-9EF9-4FEE-8067-AC05989ECC50}.Release|x86.ActiveCfg = Release|Any CPU
		{E2EA4786-9EF9-4FEE-8067-AC05989ECC50}.Work|Any CPU.ActiveCfg = Release|Any CPU
		{E2EA4786-9EF9-4FEE-8067-AC05989ECC50}.Work|Any CPU.Build.0 = Release|Any CPU
		{E2EA4786-9EF9-4FEE-8067-AC05989ECC50}.Work|x86.ActiveCfg = Release|Any CPU
		{308D980E-AF66-4F6B-9BB9-69E3DCDC05CF}.Debug|Any CPU.ActiveCfg = Debug|x86
		{308D980E-AF66-4F6B-9BB9-69E3DCDC05CF}.Debug|Any CPU.Build.0 = Debug|x86
		{308D980E-AF66-4F6B-9BB9-69E3DCDC05CF}.Debug|x86.ActiveCfg = Debug|x86
		{308D980E-AF66-4F6B-9BB9-69E3DCDC05CF}.Debug|x86.Build.0 = Debug|x86
		{308D980E-AF66-4F6B-9BB9-69E3DCDC05CF}.Home|Any CPU.ActiveCfg = Release|Any CPU
		{308D980E-AF66-4F6B-9BB9-69E3DCDC05CF}.Home|Any CPU.Build.0 = Release|Any CPU
		{308D980E-AF66-4F6B-9BB9-69E3DCDC05CF}.Home|x86.ActiveCfg = Release|Any CPU
		{308D980E-AF66-4F6B-9BB9-69E3DCDC05CF}.Release|Any CPU.ActiveCfg = Release|Any CPU
		{308D980E-AF66-4F6B-9BB9-69E3DCDC05CF}.Release|Any CPU.Build.0 = Release|Any CPU
		{308D980E-AF66-4F6B-9BB9-69E3DCDC05CF}.Release|x86.ActiveCfg = Release|Any CPU
		{308D980E-AF66-4F6B-9BB9-69E3DCDC05CF}.Work|Any CPU.ActiveCfg = Release|Any CPU
		{308D980E-AF66-4F6B-9BB9-69E3DCDC05CF}.Work|Any CPU.Build.0 = Release|Any CPU
		{308D980E-AF66-4F6B-9BB9-69E3DCDC05CF}.Work|x86.ActiveCfg = Release|Any CPU
		{6F43C8D6-B168-4E77-B12A-EBB49DCE8019}.Debug|Any CPU.ActiveCfg = Debug|x86
		{6F43C8D6-B168-4E77-B12A-EBB49DCE8019}.Debug|Any CPU.Build.0 = Debug|x86
		{6F43C8D6-B168-4E77-B12A-EBB49DCE8019}.Debug|x86.ActiveCfg = Debug|x86
		{6F43C8D6-B168-4E77-B12A-EBB49DCE8019}.Debug|x86.Build.0 = Debug|x86
		{6F43C8D6-B168-4E77-B12A-EBB49DCE8019}.Home|Any CPU.ActiveCfg = Release|Any CPU
		{6F43C8D6-B168-4E77-B12A-EBB49DCE8019}.Home|Any CPU.Build.0 = Release|Any CPU
		{6F43C8D6-B168-4E77-B12A-EBB49DCE8019}.Home|x86.ActiveCfg = Release|Any CPU
		{6F43C8D6-B168-4E77-B12A-EBB49DCE8019}.Release|Any CPU.ActiveCfg = Release|Any CPU
		{6F43C8D6-B168-4E77-B12A-EBB49DCE8019}.Release|Any CPU.Build.0 = Release|Any CPU
		{6F43C8D6-B168-4E77-B12A-EBB49DCE8019}.Release|x86.ActiveCfg = Release|Any CPU
		{6F43C8D6-B168-4E77-B12A-EBB49DCE8019}.Work|Any CPU.ActiveCfg = Release|Any CPU
		{6F43C8D6-B168-4E77-B12A-EBB49DCE8019}.Work|Any CPU.Build.0 = Release|Any CPU
		{6F43C8D6-B168-4E77-B12A-EBB49DCE8019}.Work|x86.ActiveCfg = Release|Any CPU
		{F3A90F67-E5F7-400C-A324-28ACFA02F24F}.Debug|Any CPU.ActiveCfg = Debug|x86
		{F3A90F67-E5F7-400C-A324-28ACFA02F24F}.Debug|Any CPU.Build.0 = Debug|x86
		{F3A90F67-E5F7-400C-A324-28ACFA02F24F}.Debug|x86.ActiveCfg = Debug|x86
		{F3A90F67-E5F7-400C-A324-28ACFA02F24F}.Debug|x86.Build.0 = Debug|x86
		{F3A90F67-E5F7-400C-A324-28ACFA02F24F}.Home|Any CPU.ActiveCfg = Release|Any CPU
		{F3A90F67-E5F7-400C-A324-28ACFA02F24F}.Home|Any CPU.Build.0 = Release|Any CPU
		{F3A90F67-E5F7-400C-A324-28ACFA02F24F}.Home|x86.ActiveCfg = Release|x86
		{F3A90F67-E5F7-400C-A324-28ACFA02F24F}.Home|x86.Build.0 = Release|x86
		{F3A90F67-E5F7-400C-A324-28ACFA02F24F}.Release|Any CPU.ActiveCfg = Release|Any CPU
		{F3A90F67-E5F7-400C-A324-28ACFA02F24F}.Release|Any CPU.Build.0 = Release|Any CPU
		{F3A90F67-E5F7-400C-A324-28ACFA02F24F}.Release|x86.ActiveCfg = Release|x86
		{F3A90F67-E5F7-400C-A324-28ACFA02F24F}.Release|x86.Build.0 = Release|x86
		{F3A90F67-E5F7-400C-A324-28ACFA02F24F}.Work|Any CPU.ActiveCfg = Release|Any CPU
		{F3A90F67-E5F7-400C-A324-28ACFA02F24F}.Work|Any CPU.Build.0 = Release|Any CPU
		{F3A90F67-E5F7-400C-A324-28ACFA02F24F}.Work|x86.ActiveCfg = Release|x86
		{F3A90F67-E5F7-400C-A324-28ACFA02F24F}.Work|x86.Build.0 = Release|x86
		{9FEBA9F9-0E3E-4080-8344-E6BF033448BE}.Debug|Any CPU.ActiveCfg = Debug|x86
		{9FEBA9F9-0E3E-4080-8344-E6BF033448BE}.Debug|Any CPU.Build.0 = Debug|x86
		{9FEBA9F9-0E3E-4080-8344-E6BF033448BE}.Debug|x86.ActiveCfg = Debug|x86
		{9FEBA9F9-0E3E-4080-8344-E6BF033448BE}.Debug|x86.Build.0 = Debug|x86
		{9FEBA9F9-0E3E-4080-8344-E6BF033448BE}.Home|Any CPU.ActiveCfg = Release|Any CPU
		{9FEBA9F9-0E3E-4080-8344-E6BF033448BE}.Home|Any CPU.Build.0 = Release|Any CPU
		{9FEBA9F9-0E3E-4080-8344-E6BF033448BE}.Home|x86.ActiveCfg = Release|x86
		{9FEBA9F9-0E3E-4080-8344-E6BF033448BE}.Home|x86.Build.0 = Release|x86
		{9FEBA9F9-0E3E-4080-8344-E6BF033448BE}.Release|Any CPU.ActiveCfg = Release|Any CPU
		{9FEBA9F9-0E3E-4080-8344-E6BF033448BE}.Release|Any CPU.Build.0 = Release|Any CPU
		{9FEBA9F9-0E3E-4080-8344-E6BF033448BE}.Release|x86.ActiveCfg = Release|x86
		{9FEBA9F9-0E3E-4080-8344-E6BF033448BE}.Release|x86.Build.0 = Release|x86
		{9FEBA9F9-0E3E-4080-8344-E6BF033448BE}.Work|Any CPU.ActiveCfg = Release|Any CPU
		{9FEBA9F9-0E3E-4080-8344-E6BF033448BE}.Work|Any CPU.Build.0 = Release|Any CPU
		{9FEBA9F9-0E3E-4080-8344-E6BF033448BE}.Work|x86.ActiveCfg = Release|x86
		{9FEBA9F9-0E3E-4080-8344-E6BF033448BE}.Work|x86.Build.0 = Release|x86
		{17D383F6-7651-42C0-AC15-06E4A1395D58}.Debug|Any CPU.ActiveCfg = Debug|x86
		{17D383F6-7651-42C0-AC15-06E4A1395D58}.Debug|Any CPU.Build.0 = Debug|x86
		{17D383F6-7651-42C0-AC15-06E4A1395D58}.Debug|x86.ActiveCfg = Debug|x86
		{17D383F6-7651-42C0-AC15-06E4A1395D58}.Debug|x86.Build.0 = Debug|x86
		{17D383F6-7651-42C0-AC15-06E4A1395D58}.Home|Any CPU.ActiveCfg = Release|Any CPU
		{17D383F6-7651-42C0-AC15-06E4A1395D58}.Home|Any CPU.Build.0 = Release|Any CPU
		{17D383F6-7651-42C0-AC15-06E4A1395D58}.Home|x86.ActiveCfg = Release|x86
		{17D383F6-7651-42C0-AC15-06E4A1395D58}.Home|x86.Build.0 = Release|x86
		{17D383F6-7651-42C0-AC15-06E4A1395D58}.Release|Any CPU.ActiveCfg = Release|Any CPU
		{17D383F6-7651-42C0-AC15-06E4A1395D58}.Release|Any CPU.Build.0 = Release|Any CPU
		{17D383F6-7651-42C0-AC15-06E4A1395D58}.Release|x86.ActiveCfg = Release|x86
		{17D383F6-7651-42C0-AC15-06E4A1395D58}.Release|x86.Build.0 = Release|x86
		{17D383F6-7651-42C0-AC15-06E4A1395D58}.Work|Any CPU.ActiveCfg = Release|Any CPU
		{17D383F6-7651-42C0-AC15-06E4A1395D58}.Work|Any CPU.Build.0 = Release|Any CPU
		{17D383F6-7651-42C0-AC15-06E4A1395D58}.Work|x86.ActiveCfg = Release|x86
		{17D383F6-7651-42C0-AC15-06E4A1395D58}.Work|x86.Build.0 = Release|x86
		{16ED71A9-AAD3-4BF9-948D-F6F6E40686B7}.Debug|Any CPU.ActiveCfg = Debug|x86
		{16ED71A9-AAD3-4BF9-948D-F6F6E40686B7}.Debug|Any CPU.Build.0 = Debug|x86
		{16ED71A9-AAD3-4BF9-948D-F6F6E40686B7}.Debug|x86.ActiveCfg = Debug|x86
		{16ED71A9-AAD3-4BF9-948D-F6F6E40686B7}.Debug|x86.Build.0 = Debug|x86
		{16ED71A9-AAD3-4BF9-948D-F6F6E40686B7}.Home|Any CPU.ActiveCfg = Release|Any CPU
		{16ED71A9-AAD3-4BF9-948D-F6F6E40686B7}.Home|Any CPU.Build.0 = Release|Any CPU
		{16ED71A9-AAD3-4BF9-948D-F6F6E40686B7}.Home|x86.ActiveCfg = Release|x86
		{16ED71A9-AAD3-4BF9-948D-F6F6E40686B7}.Home|x86.Build.0 = Release|x86
		{16ED71A9-AAD3-4BF9-948D-F6F6E40686B7}.Release|Any CPU.ActiveCfg = Release|Any CPU
		{16ED71A9-AAD3-4BF9-948D-F6F6E40686B7}.Release|Any CPU.Build.0 = Release|Any CPU
		{16ED71A9-AAD3-4BF9-948D-F6F6E40686B7}.Release|x86.ActiveCfg = Release|x86
		{16ED71A9-AAD3-4BF9-948D-F6F6E40686B7}.Release|x86.Build.0 = Release|x86
		{16ED71A9-AAD3-4BF9-948D-F6F6E40686B7}.Work|Any CPU.ActiveCfg = Release|Any CPU
		{16ED71A9-AAD3-4BF9-948D-F6F6E40686B7}.Work|Any CPU.Build.0 = Release|Any CPU
		{16ED71A9-AAD3-4BF9-948D-F6F6E40686B7}.Work|x86.ActiveCfg = Release|x86
		{16ED71A9-AAD3-4BF9-948D-F6F6E40686B7}.Work|x86.Build.0 = Release|x86
		{AF2B844F-079D-4171-BEED-3999913EC4AB}.Debug|Any CPU.ActiveCfg = Debug|x86
		{AF2B844F-079D-4171-BEED-3999913EC4AB}.Debug|Any CPU.Build.0 = Debug|x86
		{AF2B844F-079D-4171-BEED-3999913EC4AB}.Debug|x86.ActiveCfg = Debug|x86
		{AF2B844F-079D-4171-BEED-3999913EC4AB}.Debug|x86.Build.0 = Debug|x86
		{AF2B844F-079D-4171-BEED-3999913EC4AB}.Home|Any CPU.ActiveCfg = Release|Any CPU
		{AF2B844F-079D-4171-BEED-3999913EC4AB}.Home|Any CPU.Build.0 = Release|Any CPU
		{AF2B844F-079D-4171-BEED-3999913EC4AB}.Home|x86.ActiveCfg = Release|x86
		{AF2B844F-079D-4171-BEED-3999913EC4AB}.Home|x86.Build.0 = Release|x86
		{AF2B844F-079D-4171-BEED-3999913EC4AB}.Release|Any CPU.ActiveCfg = Release|Any CPU
		{AF2B844F-079D-4171-BEED-3999913EC4AB}.Release|Any CPU.Build.0 = Release|Any CPU
		{AF2B844F-079D-4171-BEED-3999913EC4AB}.Release|x86.ActiveCfg = Release|x86
		{AF2B844F-079D-4171-BEED-3999913EC4AB}.Release|x86.Build.0 = Release|x86
		{AF2B844F-079D-4171-BEED-3999913EC4AB}.Work|Any CPU.ActiveCfg = Release|Any CPU
		{AF2B844F-079D-4171-BEED-3999913EC4AB}.Work|Any CPU.Build.0 = Release|Any CPU
		{AF2B844F-079D-4171-BEED-3999913EC4AB}.Work|x86.ActiveCfg = Release|x86
		{AF2B844F-079D-4171-BEED-3999913EC4AB}.Work|x86.Build.0 = Release|x86
		{79CE078A-1BE1-4809-8F14-09A885309EC2}.Debug|Any CPU.ActiveCfg = Debug|x86
		{79CE078A-1BE1-4809-8F14-09A885309EC2}.Debug|Any CPU.Build.0 = Debug|x86
		{79CE078A-1BE1-4809-8F14-09A885309EC2}.Debug|x86.ActiveCfg = Debug|x86
		{79CE078A-1BE1-4809-8F14-09A885309EC2}.Debug|x86.Build.0 = Debug|x86
		{79CE078A-1BE1-4809-8F14-09A885309EC2}.Home|Any CPU.ActiveCfg = Release|Any CPU
		{79CE078A-1BE1-4809-8F14-09A885309EC2}.Home|Any CPU.Build.0 = Release|Any CPU
		{79CE078A-1BE1-4809-8F14-09A885309EC2}.Home|x86.ActiveCfg = Release|x86
		{79CE078A-1BE1-4809-8F14-09A885309EC2}.Home|x86.Build.0 = Release|x86
		{79CE078A-1BE1-4809-8F14-09A885309EC2}.Release|Any CPU.ActiveCfg = Release|Any CPU
		{79CE078A-1BE1-4809-8F14-09A885309EC2}.Release|Any CPU.Build.0 = Release|Any CPU
		{79CE078A-1BE1-4809-8F14-09A885309EC2}.Release|x86.ActiveCfg = Release|x86
		{79CE078A-1BE1-4809-8F14-09A885309EC2}.Release|x86.Build.0 = Release|x86
		{79CE078A-1BE1-4809-8F14-09A885309EC2}.Work|Any CPU.ActiveCfg = Release|Any CPU
		{79CE078A-1BE1-4809-8F14-09A885309EC2}.Work|Any CPU.Build.0 = Release|Any CPU
		{79CE078A-1BE1-4809-8F14-09A885309EC2}.Work|x86.ActiveCfg = Release|x86
		{79CE078A-1BE1-4809-8F14-09A885309EC2}.Work|x86.Build.0 = Release|x86
		{03416378-07C6-40AC-906B-E27F31E959F8}.Debug|Any CPU.ActiveCfg = Debug|x86
		{03416378-07C6-40AC-906B-E27F31E959F8}.Debug|Any CPU.Build.0 = Debug|x86
		{03416378-07C6-40AC-906B-E27F31E959F8}.Debug|x86.ActiveCfg = Debug|x86
		{03416378-07C6-40AC-906B-E27F31E959F8}.Debug|x86.Build.0 = Debug|x86
		{03416378-07C6-40AC-906B-E27F31E959F8}.Home|Any CPU.ActiveCfg = Release|Any CPU
		{03416378-07C6-40AC-906B-E27F31E959F8}.Home|Any CPU.Build.0 = Release|Any CPU
		{03416378-07C6-40AC-906B-E27F31E959F8}.Home|x86.ActiveCfg = Release|x86
		{03416378-07C6-40AC-906B-E27F31E959F8}.Home|x86.Build.0 = Release|x86
		{03416378-07C6-40AC-906B-E27F31E959F8}.Release|Any CPU.ActiveCfg = Release|Any CPU
		{03416378-07C6-40AC-906B-E27F31E959F8}.Release|Any CPU.Build.0 = Release|Any CPU
		{03416378-07C6-40AC-906B-E27F31E959F8}.Release|x86.ActiveCfg = Release|x86
		{03416378-07C6-40AC-906B-E27F31E959F8}.Release|x86.Build.0 = Release|x86
		{03416378-07C6-40AC-906B-E27F31E959F8}.Work|Any CPU.ActiveCfg = Release|Any CPU
		{03416378-07C6-40AC-906B-E27F31E959F8}.Work|Any CPU.Build.0 = Release|Any CPU
		{03416378-07C6-40AC-906B-E27F31E959F8}.Work|x86.ActiveCfg = Release|x86
		{03416378-07C6-40AC-906B-E27F31E959F8}.Work|x86.Build.0 = Release|x86
		{E278D36A-8920-4D81-A6C3-0B4730433C8F}.Debug|Any CPU.ActiveCfg = Debug|x86
		{E278D36A-8920-4D81-A6C3-0B4730433C8F}.Debug|Any CPU.Build.0 = Debug|x86
		{E278D36A-8920-4D81-A6C3-0B4730433C8F}.Debug|x86.ActiveCfg = Debug|x86
		{E278D36A-8920-4D81-A6C3-0B4730433C8F}.Debug|x86.Build.0 = Debug|x86
		{E278D36A-8920-4D81-A6C3-0B4730433C8F}.Home|Any CPU.ActiveCfg = Release|Any CPU
		{E278D36A-8920-4D81-A6C3-0B4730433C8F}.Home|Any CPU.Build.0 = Release|Any CPU
		{E278D36A-8920-4D81-A6C3-0B4730433C8F}.Home|x86.ActiveCfg = Release|x86
		{E278D36A-8920-4D81-A6C3-0B4730433C8F}.Home|x86.Build.0 = Release|x86
		{E278D36A-8920-4D81-A6C3-0B4730433C8F}.Release|Any CPU.ActiveCfg = Release|Any CPU
		{E278D36A-8920-4D81-A6C3-0B4730433C8F}.Release|Any CPU.Build.0 = Release|Any CPU
		{E278D36A-8920-4D81-A6C3-0B4730433C8F}.Release|x86.ActiveCfg = Release|x86
		{E278D36A-8920-4D81-A6C3-0B4730433C8F}.Release|x86.Build.0 = Release|x86
		{E278D36A-8920-4D81-A6C3-0B4730433C8F}.Work|Any CPU.ActiveCfg = Release|Any CPU
		{E278D36A-8920-4D81-A6C3-0B4730433C8F}.Work|Any CPU.Build.0 = Release|Any CPU
		{E278D36A-8920-4D81-A6C3-0B4730433C8F}.Work|x86.ActiveCfg = Release|x86
		{E278D36A-8920-4D81-A6C3-0B4730433C8F}.Work|x86.Build.0 = Release|x86
		{F2893C49-F696-4862-BD6F-B657EC59482A}.Debug|Any CPU.ActiveCfg = Debug|x86
		{F2893C49-F696-4862-BD6F-B657EC59482A}.Debug|Any CPU.Build.0 = Debug|x86
		{F2893C49-F696-4862-BD6F-B657EC59482A}.Debug|x86.ActiveCfg = Debug|x86
		{F2893C49-F696-4862-BD6F-B657EC59482A}.Debug|x86.Build.0 = Debug|x86
		{F2893C49-F696-4862-BD6F-B657EC59482A}.Home|Any CPU.ActiveCfg = Release|Any CPU
		{F2893C49-F696-4862-BD6F-B657EC59482A}.Home|Any CPU.Build.0 = Release|Any CPU
		{F2893C49-F696-4862-BD6F-B657EC59482A}.Home|x86.ActiveCfg = Release|Any CPU
		{F2893C49-F696-4862-BD6F-B657EC59482A}.Release|Any CPU.ActiveCfg = Release|Any CPU
		{F2893C49-F696-4862-BD6F-B657EC59482A}.Release|Any CPU.Build.0 = Release|Any CPU
		{F2893C49-F696-4862-BD6F-B657EC59482A}.Release|x86.ActiveCfg = Release|Any CPU
		{F2893C49-F696-4862-BD6F-B657EC59482A}.Work|Any CPU.ActiveCfg = Release|Any CPU
		{F2893C49-F696-4862-BD6F-B657EC59482A}.Work|Any CPU.Build.0 = Release|Any CPU
		{F2893C49-F696-4862-BD6F-B657EC59482A}.Work|x86.ActiveCfg = Release|Any CPU
		{F9AFFBF0-166C-4672-80BA-FABA59EF9E07}.Debug|Any CPU.ActiveCfg = Debug|x86
		{F9AFFBF0-166C-4672-80BA-FABA59EF9E07}.Debug|Any CPU.Build.0 = Debug|x86
		{F9AFFBF0-166C-4672-80BA-FABA59EF9E07}.Debug|x86.ActiveCfg = Debug|x86
		{F9AFFBF0-166C-4672-80BA-FABA59EF9E07}.Debug|x86.Build.0 = Debug|x86
		{F9AFFBF0-166C-4672-80BA-FABA59EF9E07}.Home|Any CPU.ActiveCfg = Release|Any CPU
		{F9AFFBF0-166C-4672-80BA-FABA59EF9E07}.Home|Any CPU.Build.0 = Release|Any CPU
		{F9AFFBF0-166C-4672-80BA-FABA59EF9E07}.Home|x86.ActiveCfg = Release|Any CPU
		{F9AFFBF0-166C-4672-80BA-FABA59EF9E07}.Release|Any CPU.ActiveCfg = Release|Any CPU
		{F9AFFBF0-166C-4672-80BA-FABA59EF9E07}.Release|Any CPU.Build.0 = Release|Any CPU
		{F9AFFBF0-166C-4672-80BA-FABA59EF9E07}.Release|x86.ActiveCfg = Release|Any CPU
		{F9AFFBF0-166C-4672-80BA-FABA59EF9E07}.Work|Any CPU.ActiveCfg = Release|Any CPU
		{F9AFFBF0-166C-4672-80BA-FABA59EF9E07}.Work|Any CPU.Build.0 = Release|Any CPU
		{F9AFFBF0-166C-4672-80BA-FABA59EF9E07}.Work|x86.ActiveCfg = Release|Any CPU
		{1841B62B-C81E-4E08-962F-62CDB15A248D}.Debug|Any CPU.ActiveCfg = Debug|x86
		{1841B62B-C81E-4E08-962F-62CDB15A248D}.Debug|Any CPU.Build.0 = Debug|x86
		{1841B62B-C81E-4E08-962F-62CDB15A248D}.Debug|x86.ActiveCfg = Debug|x86
		{1841B62B-C81E-4E08-962F-62CDB15A248D}.Debug|x86.Build.0 = Debug|x86
		{1841B62B-C81E-4E08-962F-62CDB15A248D}.Home|Any CPU.ActiveCfg = Release|Any CPU
		{1841B62B-C81E-4E08-962F-62CDB15A248D}.Home|Any CPU.Build.0 = Release|Any CPU
		{1841B62B-C81E-4E08-962F-62CDB15A248D}.Home|x86.ActiveCfg = Release|Any CPU
		{1841B62B-C81E-4E08-962F-62CDB15A248D}.Release|Any CPU.ActiveCfg = Release|Any CPU
		{1841B62B-C81E-4E08-962F-62CDB15A248D}.Release|Any CPU.Build.0 = Release|Any CPU
		{1841B62B-C81E-4E08-962F-62CDB15A248D}.Release|x86.ActiveCfg = Release|Any CPU
		{1841B62B-C81E-4E08-962F-62CDB15A248D}.Work|Any CPU.ActiveCfg = Release|Any CPU
		{1841B62B-C81E-4E08-962F-62CDB15A248D}.Work|Any CPU.Build.0 = Release|Any CPU
		{1841B62B-C81E-4E08-962F-62CDB15A248D}.Work|x86.ActiveCfg = Release|Any CPU
		{101243BD-E350-43FF-944F-1A5A01D5B0D3}.Debug|Any CPU.ActiveCfg = Debug|Any CPU
		{101243BD-E350-43FF-944F-1A5A01D5B0D3}.Debug|Any CPU.Build.0 = Debug|Any CPU
		{101243BD-E350-43FF-944F-1A5A01D5B0D3}.Debug|x86.ActiveCfg = Debug|x86
		{101243BD-E350-43FF-944F-1A5A01D5B0D3}.Debug|x86.Build.0 = Debug|x86
		{101243BD-E350-43FF-944F-1A5A01D5B0D3}.Home|Any CPU.ActiveCfg = Release|Any CPU
		{101243BD-E350-43FF-944F-1A5A01D5B0D3}.Home|Any CPU.Build.0 = Release|Any CPU
		{101243BD-E350-43FF-944F-1A5A01D5B0D3}.Home|x86.ActiveCfg = Release|Any CPU
		{101243BD-E350-43FF-944F-1A5A01D5B0D3}.Release|Any CPU.ActiveCfg = Release|Any CPU
		{101243BD-E350-43FF-944F-1A5A01D5B0D3}.Release|Any CPU.Build.0 = Release|Any CPU
		{101243BD-E350-43FF-944F-1A5A01D5B0D3}.Release|x86.ActiveCfg = Release|Any CPU
		{101243BD-E350-43FF-944F-1A5A01D5B0D3}.Work|Any CPU.ActiveCfg = Release|Any CPU
		{101243BD-E350-43FF-944F-1A5A01D5B0D3}.Work|Any CPU.Build.0 = Release|Any CPU
		{101243BD-E350-43FF-944F-1A5A01D5B0D3}.Work|x86.ActiveCfg = Release|Any CPU
		{58161B57-13DE-417C-AEDD-E6DB96B432E2}.Debug|Any CPU.ActiveCfg = Debug|Any CPU
		{58161B57-13DE-417C-AEDD-E6DB96B432E2}.Debug|Any CPU.Build.0 = Debug|Any CPU
		{58161B57-13DE-417C-AEDD-E6DB96B432E2}.Debug|x86.ActiveCfg = Debug|x86
		{58161B57-13DE-417C-AEDD-E6DB96B432E2}.Debug|x86.Build.0 = Debug|x86
		{58161B57-13DE-417C-AEDD-E6DB96B432E2}.Home|Any CPU.ActiveCfg = Release|Any CPU
		{58161B57-13DE-417C-AEDD-E6DB96B432E2}.Home|Any CPU.Build.0 = Release|Any CPU
		{58161B57-13DE-417C-AEDD-E6DB96B432E2}.Home|x86.ActiveCfg = Release|Any CPU
		{58161B57-13DE-417C-AEDD-E6DB96B432E2}.Release|Any CPU.ActiveCfg = Release|Any CPU
		{58161B57-13DE-417C-AEDD-E6DB96B432E2}.Release|Any CPU.Build.0 = Release|Any CPU
		{58161B57-13DE-417C-AEDD-E6DB96B432E2}.Release|x86.ActiveCfg = Release|Any CPU
		{58161B57-13DE-417C-AEDD-E6DB96B432E2}.Work|Any CPU.ActiveCfg = Release|Any CPU
		{58161B57-13DE-417C-AEDD-E6DB96B432E2}.Work|Any CPU.Build.0 = Release|Any CPU
		{58161B57-13DE-417C-AEDD-E6DB96B432E2}.Work|x86.ActiveCfg = Release|Any CPU
		{157B6B68-68F7-414B-AE04-9CB80B9C68B4}.Debug|Any CPU.ActiveCfg = Debug|Any CPU
		{157B6B68-68F7-414B-AE04-9CB80B9C68B4}.Debug|Any CPU.Build.0 = Debug|Any CPU
		{157B6B68-68F7-414B-AE04-9CB80B9C68B4}.Debug|x86.ActiveCfg = Debug|x86
		{157B6B68-68F7-414B-AE04-9CB80B9C68B4}.Debug|x86.Build.0 = Debug|x86
		{157B6B68-68F7-414B-AE04-9CB80B9C68B4}.Home|Any CPU.ActiveCfg = Release|Any CPU
		{157B6B68-68F7-414B-AE04-9CB80B9C68B4}.Home|Any CPU.Build.0 = Release|Any CPU
		{157B6B68-68F7-414B-AE04-9CB80B9C68B4}.Home|x86.ActiveCfg = Release|Any CPU
		{157B6B68-68F7-414B-AE04-9CB80B9C68B4}.Release|Any CPU.ActiveCfg = Release|Any CPU
		{157B6B68-68F7-414B-AE04-9CB80B9C68B4}.Release|Any CPU.Build.0 = Release|Any CPU
		{157B6B68-68F7-414B-AE04-9CB80B9C68B4}.Release|x86.ActiveCfg = Release|Any CPU
		{157B6B68-68F7-414B-AE04-9CB80B9C68B4}.Work|Any CPU.ActiveCfg = Release|Any CPU
		{157B6B68-68F7-414B-AE04-9CB80B9C68B4}.Work|Any CPU.Build.0 = Release|Any CPU
		{157B6B68-68F7-414B-AE04-9CB80B9C68B4}.Work|x86.ActiveCfg = Release|Any CPU
		{55DCEBC5-8647-40F3-9FEA-2886A9FA7396}.Debug|Any CPU.ActiveCfg = Debug|x86
		{55DCEBC5-8647-40F3-9FEA-2886A9FA7396}.Debug|Any CPU.Build.0 = Debug|x86
		{55DCEBC5-8647-40F3-9FEA-2886A9FA7396}.Debug|x86.ActiveCfg = Debug|x86
		{55DCEBC5-8647-40F3-9FEA-2886A9FA7396}.Debug|x86.Build.0 = Debug|x86
		{55DCEBC5-8647-40F3-9FEA-2886A9FA7396}.Home|Any CPU.ActiveCfg = Release|Any CPU
		{55DCEBC5-8647-40F3-9FEA-2886A9FA7396}.Home|Any CPU.Build.0 = Release|Any CPU
		{55DCEBC5-8647-40F3-9FEA-2886A9FA7396}.Home|x86.ActiveCfg = Release|Any CPU
		{55DCEBC5-8647-40F3-9FEA-2886A9FA7396}.Release|Any CPU.ActiveCfg = Release|Any CPU
		{55DCEBC5-8647-40F3-9FEA-2886A9FA7396}.Release|Any CPU.Build.0 = Release|Any CPU
		{55DCEBC5-8647-40F3-9FEA-2886A9FA7396}.Release|x86.ActiveCfg = Release|Any CPU
		{55DCEBC5-8647-40F3-9FEA-2886A9FA7396}.Work|Any CPU.ActiveCfg = Release|Any CPU
		{55DCEBC5-8647-40F3-9FEA-2886A9FA7396}.Work|Any CPU.Build.0 = Release|Any CPU
		{55DCEBC5-8647-40F3-9FEA-2886A9FA7396}.Work|x86.ActiveCfg = Release|Any CPU
		{8F18A4F9-18D8-4D4A-9078-3361FA8119EA}.Debug|Any CPU.ActiveCfg = Debug|x86
		{8F18A4F9-18D8-4D4A-9078-3361FA8119EA}.Debug|Any CPU.Build.0 = Debug|x86
		{8F18A4F9-18D8-4D4A-9078-3361FA8119EA}.Debug|x86.ActiveCfg = Debug|x86
		{8F18A4F9-18D8-4D4A-9078-3361FA8119EA}.Debug|x86.Build.0 = Debug|x86
		{8F18A4F9-18D8-4D4A-9078-3361FA8119EA}.Home|Any CPU.ActiveCfg = Release|Any CPU
		{8F18A4F9-18D8-4D4A-9078-3361FA8119EA}.Home|Any CPU.Build.0 = Release|Any CPU
		{8F18A4F9-18D8-4D4A-9078-3361FA8119EA}.Home|x86.ActiveCfg = Release|Any CPU
		{8F18A4F9-18D8-4D4A-9078-3361FA8119EA}.Release|Any CPU.ActiveCfg = Release|Any CPU
		{8F18A4F9-18D8-4D4A-9078-3361FA8119EA}.Release|Any CPU.Build.0 = Release|Any CPU
		{8F18A4F9-18D8-4D4A-9078-3361FA8119EA}.Release|x86.ActiveCfg = Release|Any CPU
		{8F18A4F9-18D8-4D4A-9078-3361FA8119EA}.Work|Any CPU.ActiveCfg = Release|Any CPU
		{8F18A4F9-18D8-4D4A-9078-3361FA8119EA}.Work|Any CPU.Build.0 = Release|Any CPU
		{8F18A4F9-18D8-4D4A-9078-3361FA8119EA}.Work|x86.ActiveCfg = Release|Any CPU
		{F68D623F-3C9D-4DEE-9C5C-D9673E3ABA9F}.Debug|Any CPU.ActiveCfg = Debug|Any CPU
		{F68D623F-3C9D-4DEE-9C5C-D9673E3ABA9F}.Debug|Any CPU.Build.0 = Debug|Any CPU
		{F68D623F-3C9D-4DEE-9C5C-D9673E3ABA9F}.Debug|x86.ActiveCfg = Debug|x86
		{F68D623F-3C9D-4DEE-9C5C-D9673E3ABA9F}.Debug|x86.Build.0 = Debug|x86
		{F68D623F-3C9D-4DEE-9C5C-D9673E3ABA9F}.Home|Any CPU.ActiveCfg = Release|Any CPU
		{F68D623F-3C9D-4DEE-9C5C-D9673E3ABA9F}.Home|Any CPU.Build.0 = Release|Any CPU
		{F68D623F-3C9D-4DEE-9C5C-D9673E3ABA9F}.Home|x86.ActiveCfg = Release|Any CPU
		{F68D623F-3C9D-4DEE-9C5C-D9673E3ABA9F}.Release|Any CPU.ActiveCfg = Release|Any CPU
		{F68D623F-3C9D-4DEE-9C5C-D9673E3ABA9F}.Release|Any CPU.Build.0 = Release|Any CPU
		{F68D623F-3C9D-4DEE-9C5C-D9673E3ABA9F}.Release|x86.ActiveCfg = Release|Any CPU
		{F68D623F-3C9D-4DEE-9C5C-D9673E3ABA9F}.Work|Any CPU.ActiveCfg = Release|Any CPU
		{F68D623F-3C9D-4DEE-9C5C-D9673E3ABA9F}.Work|Any CPU.Build.0 = Release|Any CPU
		{F68D623F-3C9D-4DEE-9C5C-D9673E3ABA9F}.Work|x86.ActiveCfg = Release|Any CPU
		{97267DBC-9414-497B-ADE8-9E3437DA6A7F}.Debug|Any CPU.ActiveCfg = Debug|x86
		{97267DBC-9414-497B-ADE8-9E3437DA6A7F}.Debug|Any CPU.Build.0 = Debug|x86
		{97267DBC-9414-497B-ADE8-9E3437DA6A7F}.Debug|x86.ActiveCfg = Debug|x86
		{97267DBC-9414-497B-ADE8-9E3437DA6A7F}.Debug|x86.Build.0 = Debug|x86
		{97267DBC-9414-497B-ADE8-9E3437DA6A7F}.Home|Any CPU.ActiveCfg = Release|Any CPU
		{97267DBC-9414-497B-ADE8-9E3437DA6A7F}.Home|Any CPU.Build.0 = Release|Any CPU
		{97267DBC-9414-497B-ADE8-9E3437DA6A7F}.Home|x86.ActiveCfg = Release|Any CPU
		{97267DBC-9414-497B-ADE8-9E3437DA6A7F}.Release|Any CPU.ActiveCfg = Release|Any CPU
		{97267DBC-9414-497B-ADE8-9E3437DA6A7F}.Release|Any CPU.Build.0 = Release|Any CPU
		{97267DBC-9414-497B-ADE8-9E3437DA6A7F}.Release|x86.ActiveCfg = Release|Any CPU
		{97267DBC-9414-497B-ADE8-9E3437DA6A7F}.Work|Any CPU.ActiveCfg = Release|Any CPU
		{97267DBC-9414-497B-ADE8-9E3437DA6A7F}.Work|Any CPU.Build.0 = Release|Any CPU
		{97267DBC-9414-497B-ADE8-9E3437DA6A7F}.Work|x86.ActiveCfg = Release|Any CPU
	EndGlobalSection
	GlobalSection(SolutionProperties) = preSolution
		HideSolutionNode = FALSE
	EndGlobalSection
	GlobalSection(NestedProjects) = preSolution
		{F3A90F67-E5F7-400C-A324-28ACFA02F24F} = {8C290C9F-8A88-4A34-AD47-6D0D9E188ECF}
		{9FEBA9F9-0E3E-4080-8344-E6BF033448BE} = {8C290C9F-8A88-4A34-AD47-6D0D9E188ECF}
		{17D383F6-7651-42C0-AC15-06E4A1395D58} = {8C290C9F-8A88-4A34-AD47-6D0D9E188ECF}
		{16ED71A9-AAD3-4BF9-948D-F6F6E40686B7} = {8C290C9F-8A88-4A34-AD47-6D0D9E188ECF}
		{AF2B844F-079D-4171-BEED-3999913EC4AB} = {8C290C9F-8A88-4A34-AD47-6D0D9E188ECF}
		{79CE078A-1BE1-4809-8F14-09A885309EC2} = {8C290C9F-8A88-4A34-AD47-6D0D9E188ECF}
		{03416378-07C6-40AC-906B-E27F31E959F8} = {8C290C9F-8A88-4A34-AD47-6D0D9E188ECF}
		{E278D36A-8920-4D81-A6C3-0B4730433C8F} = {8C290C9F-8A88-4A34-AD47-6D0D9E188ECF}
		{F2893C49-F696-4862-BD6F-B657EC59482A} = {8C290C9F-8A88-4A34-AD47-6D0D9E188ECF}
		{58161B57-13DE-417C-AEDD-E6DB96B432E2} = {8C290C9F-8A88-4A34-AD47-6D0D9E188ECF}
		{B5B92604-2773-4A02-8DFF-DB83A4DF539E} = {29EA4E4A-C50F-4D83-B5C7-0F7BFDB67A13}
		{D07BE495-C585-43B6-859F-D4408EE66497} = {29EA4E4A-C50F-4D83-B5C7-0F7BFDB67A13}
		{5944DFDB-E6DE-4A53-B04A-5F4254A20F73} = {1B2F8ECD-DD0F-44B1-AEB6-5EC30F066F7B}
		{8F7BD344-5F04-4042-9824-63CA53B4AE3B} = {1B2F8ECD-DD0F-44B1-AEB6-5EC30F066F7B}
		{112A74B0-47E3-4744-8CEE-DD18D742E5C1} = {1B2F8ECD-DD0F-44B1-AEB6-5EC30F066F7B}
		{58DF0F5F-ABBF-4337-9A2B-9A811F50C801} = {1B2F8ECD-DD0F-44B1-AEB6-5EC30F066F7B}
		{20BB9DDD-C2F7-4C8C-836E-A36EB9F08C52} = {1B2F8ECD-DD0F-44B1-AEB6-5EC30F066F7B}
		{C231E9F1-D1AF-461B-9A6C-D4B9513B9239} = {1B2F8ECD-DD0F-44B1-AEB6-5EC30F066F7B}
		{5A3161CD-B81E-4AC5-A964-5A31E3271F75} = {1B2F8ECD-DD0F-44B1-AEB6-5EC30F066F7B}
		{DB8E28CF-593D-4981-B4B3-3252F11D1A02} = {1B2F8ECD-DD0F-44B1-AEB6-5EC30F066F7B}
		{7877B3D0-29EF-4CBB-BB54-1ED6186947D1} = {1B2F8ECD-DD0F-44B1-AEB6-5EC30F066F7B}
		{00BDA098-FE11-4BBE-AB98-672A76F36390} = {1B2F8ECD-DD0F-44B1-AEB6-5EC30F066F7B}
		{4E1F08DF-62D6-4975-9328-C888AC0C9CE6} = {1B2F8ECD-DD0F-44B1-AEB6-5EC30F066F7B}
		{8F18A4F9-18D8-4D4A-9078-3361FA8119EA} = {8C290C9F-8A88-4A34-AD47-6D0D9E188ECF}
	EndGlobalSection
EndGlobal
