
Microsoft Visual Studio Solution File, Format Version 12.00
# Visual Studio 2013
VisualStudioVersion = 12.0.31101.0
MinimumVisualStudioVersion = 10.0.40219.1
Project("{FAE04EC0-301F-11D3-BF4B-00C04F79EFBC}") = "SmaugCS", "SmaugCS\SmaugCS.csproj", "{30198591-FFF9-488C-AB88-2B02D58900D4}"
EndProject
Project("{FAE04EC0-301F-11D3-BF4B-00C04F79EFBC}") = "SmaugCS.Common", "SmaugCS.Common\SmaugCS.Common.csproj", "{B89245A0-DE06-4DD9-A02E-CBDEABC209C8}"
EndProject
Project("{2150E333-8FDC-42A3-9474-1A3956D46DE8}") = "Tests", "Tests", "{8C290C9F-8A88-4A34-AD47-6D0D9E188ECF}"
EndProject
Project("{2150E333-8FDC-42A3-9474-1A3956D46DE8}") = ".nuget", ".nuget", "{4DE84B61-11A8-43D2-9095-74E0C6799276}"
	ProjectSection(SolutionItems) = preProject
		.nuget\NuGet.Config = .nuget\NuGet.Config
		.nuget\NuGet.exe = .nuget\NuGet.exe
		.nuget\NuGet.targets = .nuget\NuGet.targets
	EndProjectSection
EndProject
Project("{FAE04EC0-301F-11D3-BF4B-00C04F79EFBC}") = "SmaugCS.Data", "SmaugCS.Data\SmaugCS.Data.csproj", "{68F2E535-38B5-4A0F-BB8B-74E3FF486E83}"
EndProject
Project("{FAE04EC0-301F-11D3-BF4B-00C04F79EFBC}") = "SmaugCS.Constants", "SmaugCS.Constants\SmaugCS.Constants.csproj", "{09CB479E-4286-4168-94DF-61777231F87C}"
	ProjectSection(ProjectDependencies) = postProject
		{1841B62B-C81E-4E08-962F-62CDB15A248D} = {1841B62B-C81E-4E08-962F-62CDB15A248D}
	EndProjectSection
EndProject
Project("{FAE04EC0-301F-11D3-BF4B-00C04F79EFBC}") = "SmaugCS.Weather", "SmaugCS.Weather\SmaugCS.Weather.csproj", "{149A131D-F10D-43C2-B49E-BE0B56363A24}"
EndProject
Project("{FAE04EC0-301F-11D3-BF4B-00C04F79EFBC}") = "SmaugCS.Language", "SmaugCS.Language\SmaugCS.Language.csproj", "{0E01A79F-5582-4797-AF09-12DE27901885}"
EndProject
Project("{FAE04EC0-301F-11D3-BF4B-00C04F79EFBC}") = "SmaugCS.Ban", "SmaugCS.Ban\SmaugCS.Ban.csproj", "{ADA623A7-32EF-402D-9A12-DB64077ED303}"
EndProject
Project("{FAE04EC0-301F-11D3-BF4B-00C04F79EFBC}") = "SmaugCS.Logging", "SmaugCS.Logging\SmaugCS.Logging.csproj", "{E2EA4786-9EF9-4FEE-8067-AC05989ECC50}"
EndProject
Project("{FAE04EC0-301F-11D3-BF4B-00C04F79EFBC}") = "SmaugCS.Board", "SmaugCS.Board\SmaugCS.Board.csproj", "{308D980E-AF66-4F6B-9BB9-69E3DCDC05CF}"
EndProject
Project("{FAE04EC0-301F-11D3-BF4B-00C04F79EFBC}") = "SmaugCS.News", "SmaugCS.News\SmaugCS.News.csproj", "{6F43C8D6-B168-4E77-B12A-EBB49DCE8019}"
EndProject
Project("{FAE04EC0-301F-11D3-BF4B-00C04F79EFBC}") = "SmaugCS.Ban.Tests", "Tests\SmaugCS.Ban.Tests\SmaugCS.Ban.Tests.csproj", "{F3A90F67-E5F7-400C-A324-28ACFA02F24F}"
EndProject
Project("{FAE04EC0-301F-11D3-BF4B-00C04F79EFBC}") = "SmaugCS.Board.Tests", "Tests\SmaugCS.Board.Tests\SmaugCS.Board.Tests.csproj", "{9FEBA9F9-0E3E-4080-8344-E6BF033448BE}"
EndProject
Project("{FAE04EC0-301F-11D3-BF4B-00C04F79EFBC}") = "SmaugCS.Common.Tests", "Tests\SmaugCS.Common.Tests\SmaugCS.Common.Tests.csproj", "{17D383F6-7651-42C0-AC15-06E4A1395D58}"
EndProject
Project("{FAE04EC0-301F-11D3-BF4B-00C04F79EFBC}") = "SmaugCS.Language.Tests", "Tests\SmaugCS.Language.Tests\SmaugCS.Language.Tests.csproj", "{16ED71A9-AAD3-4BF9-948D-F6F6E40686B7}"
EndProject
Project("{FAE04EC0-301F-11D3-BF4B-00C04F79EFBC}") = "SmaugCS.Logging.Tests", "Tests\SmaugCS.Logging.Tests\SmaugCS.Logging.Tests.csproj", "{AF2B844F-079D-4171-BEED-3999913EC4AB}"
EndProject
Project("{FAE04EC0-301F-11D3-BF4B-00C04F79EFBC}") = "SmaugCS.News.Tests", "Tests\SmaugCS.News.Tests\SmaugCS.News.Tests.csproj", "{79CE078A-1BE1-4809-8F14-09A885309EC2}"
EndProject
Project("{FAE04EC0-301F-11D3-BF4B-00C04F79EFBC}") = "SmaugCS.Tests", "Tests\SmaugCS.Tests\SmaugCS.Tests.csproj", "{03416378-07C6-40AC-906B-E27F31E959F8}"
EndProject
Project("{FAE04EC0-301F-11D3-BF4B-00C04F79EFBC}") = "SmaugCS.Weather.Tests", "Tests\SmaugCS.Weather.Tests\SmaugCS.Weather.Tests.csproj", "{E278D36A-8920-4D81-A6C3-0B4730433C8F}"
EndProject
Project("{FAE04EC0-301F-11D3-BF4B-00C04F79EFBC}") = "SmaugCS.Data.Test", "Tests\SmaugCS.Data.Test\SmaugCS.Data.Test.csproj", "{F2893C49-F696-4862-BD6F-B657EC59482A}"
EndProject
Project("{FAE04EC0-301F-11D3-BF4B-00C04F79EFBC}") = "SmaugCS.Communication", "SmaugCS.Communication\SmaugCS.Communication.csproj", "{F9AFFBF0-166C-4672-80BA-FABA59EF9E07}"
EndProject
Project("{FAE04EC0-301F-11D3-BF4B-00C04F79EFBC}") = "SmaugCS.Config", "SmaugCS.Config\SmaugCS.Config.csproj", "{1841B62B-C81E-4E08-962F-62CDB15A248D}"
EndProject
Project("{FAE04EC0-301F-11D3-BF4B-00C04F79EFBC}") = "SmaugCS.Auction", "SmaugCS.Auction\SmaugCS.Auction.csproj", "{101243BD-E350-43FF-944F-1A5A01D5B0D3}"
EndProject
Project("{FAE04EC0-301F-11D3-BF4B-00C04F79EFBC}") = "SmaugCS.Auction.Tests", "Tests\SmaugCS.Auction.Tests\SmaugCS.Auction.Tests.csproj", "{58161B57-13DE-417C-AEDD-E6DB96B432E2}"
EndProject
Global
	GlobalSection(SolutionConfigurationPlatforms) = preSolution
		Debug|Any CPU = Debug|Any CPU
		Debug|x86 = Debug|x86
		Home|Any CPU = Home|Any CPU
		Home|x86 = Home|x86
		Release|Any CPU = Release|Any CPU
		Release|x86 = Release|x86
		Work|Any CPU = Work|Any CPU
		Work|x86 = Work|x86
	EndGlobalSection
	GlobalSection(ProjectConfigurationPlatforms) = postSolution
		{30198591-FFF9-488C-AB88-2B02D58900D4}.Debug|Any CPU.ActiveCfg = Debug|x86
		{30198591-FFF9-488C-AB88-2B02D58900D4}.Debug|Any CPU.Build.0 = Debug|x86
		{30198591-FFF9-488C-AB88-2B02D58900D4}.Debug|x86.ActiveCfg = Debug|Any CPU
		{30198591-FFF9-488C-AB88-2B02D58900D4}.Home|Any CPU.ActiveCfg = Release|Any CPU
		{30198591-FFF9-488C-AB88-2B02D58900D4}.Home|Any CPU.Build.0 = Release|Any CPU
		{30198591-FFF9-488C-AB88-2B02D58900D4}.Home|x86.ActiveCfg = Release|Any CPU
		{30198591-FFF9-488C-AB88-2B02D58900D4}.Release|Any CPU.ActiveCfg = Release|Any CPU
		{30198591-FFF9-488C-AB88-2B02D58900D4}.Release|Any CPU.Build.0 = Release|Any CPU
		{30198591-FFF9-488C-AB88-2B02D58900D4}.Release|x86.ActiveCfg = Release|Any CPU
		{30198591-FFF9-488C-AB88-2B02D58900D4}.Work|Any CPU.ActiveCfg = Release|Any CPU
		{30198591-FFF9-488C-AB88-2B02D58900D4}.Work|Any CPU.Build.0 = Release|Any CPU
		{30198591-FFF9-488C-AB88-2B02D58900D4}.Work|x86.ActiveCfg = Release|Any CPU
		{B89245A0-DE06-4DD9-A02E-CBDEABC209C8}.Debug|Any CPU.ActiveCfg = Debug|x86
		{B89245A0-DE06-4DD9-A02E-CBDEABC209C8}.Debug|Any CPU.Build.0 = Debug|x86
		{B89245A0-DE06-4DD9-A02E-CBDEABC209C8}.Debug|x86.ActiveCfg = Debug|Any CPU
		{B89245A0-DE06-4DD9-A02E-CBDEABC209C8}.Home|Any CPU.ActiveCfg = Release|Any CPU
		{B89245A0-DE06-4DD9-A02E-CBDEABC209C8}.Home|Any CPU.Build.0 = Release|Any CPU
		{B89245A0-DE06-4DD9-A02E-CBDEABC209C8}.Home|x86.ActiveCfg = Release|Any CPU
		{B89245A0-DE06-4DD9-A02E-CBDEABC209C8}.Release|Any CPU.ActiveCfg = Release|Any CPU
		{B89245A0-DE06-4DD9-A02E-CBDEABC209C8}.Release|Any CPU.Build.0 = Release|Any CPU
		{B89245A0-DE06-4DD9-A02E-CBDEABC209C8}.Release|x86.ActiveCfg = Release|Any CPU
		{B89245A0-DE06-4DD9-A02E-CBDEABC209C8}.Work|Any CPU.ActiveCfg = Release|Any CPU
		{B89245A0-DE06-4DD9-A02E-CBDEABC209C8}.Work|Any CPU.Build.0 = Release|Any CPU
		{B89245A0-DE06-4DD9-A02E-CBDEABC209C8}.Work|x86.ActiveCfg = Release|Any CPU
		{68F2E535-38B5-4A0F-BB8B-74E3FF486E83}.Debug|Any CPU.ActiveCfg = Debug|x86
		{68F2E535-38B5-4A0F-BB8B-74E3FF486E83}.Debug|Any CPU.Build.0 = Debug|x86
		{68F2E535-38B5-4A0F-BB8B-74E3FF486E83}.Debug|x86.ActiveCfg = Debug|Any CPU
		{68F2E535-38B5-4A0F-BB8B-74E3FF486E83}.Home|Any CPU.ActiveCfg = Release|Any CPU
		{68F2E535-38B5-4A0F-BB8B-74E3FF486E83}.Home|Any CPU.Build.0 = Release|Any CPU
		{68F2E535-38B5-4A0F-BB8B-74E3FF486E83}.Home|x86.ActiveCfg = Release|Any CPU
		{68F2E535-38B5-4A0F-BB8B-74E3FF486E83}.Release|Any CPU.ActiveCfg = Release|Any CPU
		{68F2E535-38B5-4A0F-BB8B-74E3FF486E83}.Release|Any CPU.Build.0 = Release|Any CPU
		{68F2E535-38B5-4A0F-BB8B-74E3FF486E83}.Release|x86.ActiveCfg = Release|Any CPU
		{68F2E535-38B5-4A0F-BB8B-74E3FF486E83}.Work|Any CPU.ActiveCfg = Release|Any CPU
		{68F2E535-38B5-4A0F-BB8B-74E3FF486E83}.Work|Any CPU.Build.0 = Release|Any CPU
		{68F2E535-38B5-4A0F-BB8B-74E3FF486E83}.Work|x86.ActiveCfg = Release|Any CPU
		{09CB479E-4286-4168-94DF-61777231F87C}.Debug|Any CPU.ActiveCfg = Debug|x86
		{09CB479E-4286-4168-94DF-61777231F87C}.Debug|Any CPU.Build.0 = Debug|x86
		{09CB479E-4286-4168-94DF-61777231F87C}.Debug|x86.ActiveCfg = Debug|Any CPU
		{09CB479E-4286-4168-94DF-61777231F87C}.Home|Any CPU.ActiveCfg = Release|Any CPU
		{09CB479E-4286-4168-94DF-61777231F87C}.Home|Any CPU.Build.0 = Release|Any CPU
		{09CB479E-4286-4168-94DF-61777231F87C}.Home|x86.ActiveCfg = Release|Any CPU
		{09CB479E-4286-4168-94DF-61777231F87C}.Release|Any CPU.ActiveCfg = Release|Any CPU
		{09CB479E-4286-4168-94DF-61777231F87C}.Release|Any CPU.Build.0 = Release|Any CPU
		{09CB479E-4286-4168-94DF-61777231F87C}.Release|x86.ActiveCfg = Release|Any CPU
		{09CB479E-4286-4168-94DF-61777231F87C}.Work|Any CPU.ActiveCfg = Release|Any CPU
		{09CB479E-4286-4168-94DF-61777231F87C}.Work|Any CPU.Build.0 = Release|Any CPU
		{09CB479E-4286-4168-94DF-61777231F87C}.Work|x86.ActiveCfg = Release|Any CPU
		{149A131D-F10D-43C2-B49E-BE0B56363A24}.Debug|Any CPU.ActiveCfg = Debug|x86
		{149A131D-F10D-43C2-B49E-BE0B56363A24}.Debug|Any CPU.Build.0 = Debug|x86
		{149A131D-F10D-43C2-B49E-BE0B56363A24}.Debug|x86.ActiveCfg = Debug|Any CPU
		{149A131D-F10D-43C2-B49E-BE0B56363A24}.Home|Any CPU.ActiveCfg = Release|Any CPU
		{149A131D-F10D-43C2-B49E-BE0B56363A24}.Home|Any CPU.Build.0 = Release|Any CPU
		{149A131D-F10D-43C2-B49E-BE0B56363A24}.Home|x86.ActiveCfg = Release|Any CPU
		{149A131D-F10D-43C2-B49E-BE0B56363A24}.Release|Any CPU.ActiveCfg = Release|Any CPU
		{149A131D-F10D-43C2-B49E-BE0B56363A24}.Release|Any CPU.Build.0 = Release|Any CPU
		{149A131D-F10D-43C2-B49E-BE0B56363A24}.Release|x86.ActiveCfg = Release|Any CPU
		{149A131D-F10D-43C2-B49E-BE0B56363A24}.Work|Any CPU.ActiveCfg = Release|Any CPU
		{149A131D-F10D-43C2-B49E-BE0B56363A24}.Work|Any CPU.Build.0 = Release|Any CPU
		{149A131D-F10D-43C2-B49E-BE0B56363A24}.Work|x86.ActiveCfg = Release|Any CPU
		{0E01A79F-5582-4797-AF09-12DE27901885}.Debug|Any CPU.ActiveCfg = Debug|x86
		{0E01A79F-5582-4797-AF09-12DE27901885}.Debug|Any CPU.Build.0 = Debug|x86
		{0E01A79F-5582-4797-AF09-12DE27901885}.Debug|x86.ActiveCfg = Debug|Any CPU
		{0E01A79F-5582-4797-AF09-12DE27901885}.Home|Any CPU.ActiveCfg = Release|Any CPU
		{0E01A79F-5582-4797-AF09-12DE27901885}.Home|Any CPU.Build.0 = Release|Any CPU
		{0E01A79F-5582-4797-AF09-12DE27901885}.Home|x86.ActiveCfg = Release|Any CPU
		{0E01A79F-5582-4797-AF09-12DE27901885}.Release|Any CPU.ActiveCfg = Release|Any CPU
		{0E01A79F-5582-4797-AF09-12DE27901885}.Release|Any CPU.Build.0 = Release|Any CPU
		{0E01A79F-5582-4797-AF09-12DE27901885}.Release|x86.ActiveCfg = Release|Any CPU
		{0E01A79F-5582-4797-AF09-12DE27901885}.Work|Any CPU.ActiveCfg = Release|Any CPU
		{0E01A79F-5582-4797-AF09-12DE27901885}.Work|Any CPU.Build.0 = Release|Any CPU
		{0E01A79F-5582-4797-AF09-12DE27901885}.Work|x86.ActiveCfg = Release|Any CPU
		{ADA623A7-32EF-402D-9A12-DB64077ED303}.Debug|Any CPU.ActiveCfg = Debug|x86
		{ADA623A7-32EF-402D-9A12-DB64077ED303}.Debug|Any CPU.Build.0 = Debug|x86
		{ADA623A7-32EF-402D-9A12-DB64077ED303}.Debug|x86.ActiveCfg = Debug|Any CPU
		{ADA623A7-32EF-402D-9A12-DB64077ED303}.Home|Any CPU.ActiveCfg = Release|Any CPU
		{ADA623A7-32EF-402D-9A12-DB64077ED303}.Home|Any CPU.Build.0 = Release|Any CPU
		{ADA623A7-32EF-402D-9A12-DB64077ED303}.Home|x86.ActiveCfg = Release|Any CPU
		{ADA623A7-32EF-402D-9A12-DB64077ED303}.Release|Any CPU.ActiveCfg = Release|Any CPU
		{ADA623A7-32EF-402D-9A12-DB64077ED303}.Release|Any CPU.Build.0 = Release|Any CPU
		{ADA623A7-32EF-402D-9A12-DB64077ED303}.Release|x86.ActiveCfg = Release|Any CPU
		{ADA623A7-32EF-402D-9A12-DB64077ED303}.Work|Any CPU.ActiveCfg = Release|Any CPU
		{ADA623A7-32EF-402D-9A12-DB64077ED303}.Work|Any CPU.Build.0 = Release|Any CPU
		{ADA623A7-32EF-402D-9A12-DB64077ED303}.Work|x86.ActiveCfg = Release|Any CPU
		{E2EA4786-9EF9-4FEE-8067-AC05989ECC50}.Debug|Any CPU.ActiveCfg = Debug|x86
		{E2EA4786-9EF9-4FEE-8067-AC05989ECC50}.Debug|Any CPU.Build.0 = Debug|x86
		{E2EA4786-9EF9-4FEE-8067-AC05989ECC50}.Debug|x86.ActiveCfg = Debug|Any CPU
		{E2EA4786-9EF9-4FEE-8067-AC05989ECC50}.Home|Any CPU.ActiveCfg = Release|Any CPU
		{E2EA4786-9EF9-4FEE-8067-AC05989ECC50}.Home|Any CPU.Build.0 = Release|Any CPU
		{E2EA4786-9EF9-4FEE-8067-AC05989ECC50}.Home|x86.ActiveCfg = Release|Any CPU
		{E2EA4786-9EF9-4FEE-8067-AC05989ECC50}.Release|Any CPU.ActiveCfg = Release|Any CPU
		{E2EA4786-9EF9-4FEE-8067-AC05989ECC50}.Release|Any CPU.Build.0 = Release|Any CPU
		{E2EA4786-9EF9-4FEE-8067-AC05989ECC50}.Release|x86.ActiveCfg = Release|Any CPU
		{E2EA4786-9EF9-4FEE-8067-AC05989ECC50}.Work|Any CPU.ActiveCfg = Release|Any CPU
		{E2EA4786-9EF9-4FEE-8067-AC05989ECC50}.Work|Any CPU.Build.0 = Release|Any CPU
		{E2EA4786-9EF9-4FEE-8067-AC05989ECC50}.Work|x86.ActiveCfg = Release|Any CPU
		{308D980E-AF66-4F6B-9BB9-69E3DCDC05CF}.Debug|Any CPU.ActiveCfg = Debug|x86
		{308D980E-AF66-4F6B-9BB9-69E3DCDC05CF}.Debug|Any CPU.Build.0 = Debug|x86
		{308D980E-AF66-4F6B-9BB9-69E3DCDC05CF}.Debug|x86.ActiveCfg = Debug|Any CPU
		{308D980E-AF66-4F6B-9BB9-69E3DCDC05CF}.Home|Any CPU.ActiveCfg = Release|Any CPU
		{308D980E-AF66-4F6B-9BB9-69E3DCDC05CF}.Home|Any CPU.Build.0 = Release|Any CPU
		{308D980E-AF66-4F6B-9BB9-69E3DCDC05CF}.Home|x86.ActiveCfg = Release|Any CPU
		{308D980E-AF66-4F6B-9BB9-69E3DCDC05CF}.Release|Any CPU.ActiveCfg = Release|Any CPU
		{308D980E-AF66-4F6B-9BB9-69E3DCDC05CF}.Release|Any CPU.Build.0 = Release|Any CPU
		{308D980E-AF66-4F6B-9BB9-69E3DCDC05CF}.Release|x86.ActiveCfg = Release|Any CPU
		{308D980E-AF66-4F6B-9BB9-69E3DCDC05CF}.Work|Any CPU.ActiveCfg = Release|Any CPU
		{308D980E-AF66-4F6B-9BB9-69E3DCDC05CF}.Work|Any CPU.Build.0 = Release|Any CPU
		{308D980E-AF66-4F6B-9BB9-69E3DCDC05CF}.Work|x86.ActiveCfg = Release|Any CPU
		{6F43C8D6-B168-4E77-B12A-EBB49DCE8019}.Debug|Any CPU.ActiveCfg = Debug|x86
		{6F43C8D6-B168-4E77-B12A-EBB49DCE8019}.Debug|Any CPU.Build.0 = Debug|x86
		{6F43C8D6-B168-4E77-B12A-EBB49DCE8019}.Debug|x86.ActiveCfg = Debug|Any CPU
		{6F43C8D6-B168-4E77-B12A-EBB49DCE8019}.Home|Any CPU.ActiveCfg = Release|Any CPU
		{6F43C8D6-B168-4E77-B12A-EBB49DCE8019}.Home|Any CPU.Build.0 = Release|Any CPU
		{6F43C8D6-B168-4E77-B12A-EBB49DCE8019}.Home|x86.ActiveCfg = Release|Any CPU
		{6F43C8D6-B168-4E77-B12A-EBB49DCE8019}.Release|Any CPU.ActiveCfg = Release|Any CPU
		{6F43C8D6-B168-4E77-B12A-EBB49DCE8019}.Release|Any CPU.Build.0 = Release|Any CPU
		{6F43C8D6-B168-4E77-B12A-EBB49DCE8019}.Release|x86.ActiveCfg = Release|Any CPU
		{6F43C8D6-B168-4E77-B12A-EBB49DCE8019}.Work|Any CPU.ActiveCfg = Release|Any CPU
		{6F43C8D6-B168-4E77-B12A-EBB49DCE8019}.Work|Any CPU.Build.0 = Release|Any CPU
		{6F43C8D6-B168-4E77-B12A-EBB49DCE8019}.Work|x86.ActiveCfg = Release|Any CPU
		{F3A90F67-E5F7-400C-A324-28ACFA02F24F}.Debug|Any CPU.ActiveCfg = Debug|x86
		{F3A90F67-E5F7-400C-A324-28ACFA02F24F}.Debug|Any CPU.Build.0 = Debug|x86
		{F3A90F67-E5F7-400C-A324-28ACFA02F24F}.Debug|x86.ActiveCfg = Debug|x86
		{F3A90F67-E5F7-400C-A324-28ACFA02F24F}.Debug|x86.Build.0 = Debug|x86
		{F3A90F67-E5F7-400C-A324-28ACFA02F24F}.Home|Any CPU.ActiveCfg = Release|Any CPU
		{F3A90F67-E5F7-400C-A324-28ACFA02F24F}.Home|Any CPU.Build.0 = Release|Any CPU
		{F3A90F67-E5F7-400C-A324-28ACFA02F24F}.Home|x86.ActiveCfg = Release|x86
		{F3A90F67-E5F7-400C-A324-28ACFA02F24F}.Home|x86.Build.0 = Release|x86
		{F3A90F67-E5F7-400C-A324-28ACFA02F24F}.Release|Any CPU.ActiveCfg = Release|Any CPU
		{F3A90F67-E5F7-400C-A324-28ACFA02F24F}.Release|Any CPU.Build.0 = Release|Any CPU
		{F3A90F67-E5F7-400C-A324-28ACFA02F24F}.Release|x86.ActiveCfg = Release|x86
		{F3A90F67-E5F7-400C-A324-28ACFA02F24F}.Release|x86.Build.0 = Release|x86
		{F3A90F67-E5F7-400C-A324-28ACFA02F24F}.Work|Any CPU.ActiveCfg = Release|Any CPU
		{F3A90F67-E5F7-400C-A324-28ACFA02F24F}.Work|Any CPU.Build.0 = Release|Any CPU
		{F3A90F67-E5F7-400C-A324-28ACFA02F24F}.Work|x86.ActiveCfg = Release|x86
		{F3A90F67-E5F7-400C-A324-28ACFA02F24F}.Work|x86.Build.0 = Release|x86
		{9FEBA9F9-0E3E-4080-8344-E6BF033448BE}.Debug|Any CPU.ActiveCfg = Debug|x86
		{9FEBA9F9-0E3E-4080-8344-E6BF033448BE}.Debug|Any CPU.Build.0 = Debug|x86
		{9FEBA9F9-0E3E-4080-8344-E6BF033448BE}.Debug|x86.ActiveCfg = Debug|x86
		{9FEBA9F9-0E3E-4080-8344-E6BF033448BE}.Debug|x86.Build.0 = Debug|x86
		{9FEBA9F9-0E3E-4080-8344-E6BF033448BE}.Home|Any CPU.ActiveCfg = Release|Any CPU
		{9FEBA9F9-0E3E-4080-8344-E6BF033448BE}.Home|Any CPU.Build.0 = Release|Any CPU
		{9FEBA9F9-0E3E-4080-8344-E6BF033448BE}.Home|x86.ActiveCfg = Release|x86
		{9FEBA9F9-0E3E-4080-8344-E6BF033448BE}.Home|x86.Build.0 = Release|x86
		{9FEBA9F9-0E3E-4080-8344-E6BF033448BE}.Release|Any CPU.ActiveCfg = Release|Any CPU
		{9FEBA9F9-0E3E-4080-8344-E6BF033448BE}.Release|Any CPU.Build.0 = Release|Any CPU
		{9FEBA9F9-0E3E-4080-8344-E6BF033448BE}.Release|x86.ActiveCfg = Release|x86
		{9FEBA9F9-0E3E-4080-8344-E6BF033448BE}.Release|x86.Build.0 = Release|x86
		{9FEBA9F9-0E3E-4080-8344-E6BF033448BE}.Work|Any CPU.ActiveCfg = Release|Any CPU
		{9FEBA9F9-0E3E-4080-8344-E6BF033448BE}.Work|Any CPU.Build.0 = Release|Any CPU
		{9FEBA9F9-0E3E-4080-8344-E6BF033448BE}.Work|x86.ActiveCfg = Release|x86
		{9FEBA9F9-0E3E-4080-8344-E6BF033448BE}.Work|x86.Build.0 = Release|x86
		{17D383F6-7651-42C0-AC15-06E4A1395D58}.Debug|Any CPU.ActiveCfg = Debug|x86
		{17D383F6-7651-42C0-AC15-06E4A1395D58}.Debug|Any CPU.Build.0 = Debug|x86
		{17D383F6-7651-42C0-AC15-06E4A1395D58}.Debug|x86.ActiveCfg = Debug|x86
		{17D383F6-7651-42C0-AC15-06E4A1395D58}.Debug|x86.Build.0 = Debug|x86
		{17D383F6-7651-42C0-AC15-06E4A1395D58}.Home|Any CPU.ActiveCfg = Release|Any CPU
		{17D383F6-7651-42C0-AC15-06E4A1395D58}.Home|Any CPU.Build.0 = Release|Any CPU
		{17D383F6-7651-42C0-AC15-06E4A1395D58}.Home|x86.ActiveCfg = Release|x86
		{17D383F6-7651-42C0-AC15-06E4A1395D58}.Home|x86.Build.0 = Release|x86
		{17D383F6-7651-42C0-AC15-06E4A1395D58}.Release|Any CPU.ActiveCfg = Release|Any CPU
		{17D383F6-7651-42C0-AC15-06E4A1395D58}.Release|Any CPU.Build.0 = Release|Any CPU
		{17D383F6-7651-42C0-AC15-06E4A1395D58}.Release|x86.ActiveCfg = Release|x86
		{17D383F6-7651-42C0-AC15-06E4A1395D58}.Release|x86.Build.0 = Release|x86
		{17D383F6-7651-42C0-AC15-06E4A1395D58}.Work|Any CPU.ActiveCfg = Release|Any CPU
		{17D383F6-7651-42C0-AC15-06E4A1395D58}.Work|Any CPU.Build.0 = Release|Any CPU
		{17D383F6-7651-42C0-AC15-06E4A1395D58}.Work|x86.ActiveCfg = Release|x86
		{17D383F6-7651-42C0-AC15-06E4A1395D58}.Work|x86.Build.0 = Release|x86
		{16ED71A9-AAD3-4BF9-948D-F6F6E40686B7}.Debug|Any CPU.ActiveCfg = Debug|x86
		{16ED71A9-AAD3-4BF9-948D-F6F6E40686B7}.Debug|Any CPU.Build.0 = Debug|x86
		{16ED71A9-AAD3-4BF9-948D-F6F6E40686B7}.Debug|x86.ActiveCfg = Debug|x86
		{16ED71A9-AAD3-4BF9-948D-F6F6E40686B7}.Debug|x86.Build.0 = Debug|x86
		{16ED71A9-AAD3-4BF9-948D-F6F6E40686B7}.Home|Any CPU.ActiveCfg = Release|Any CPU
		{16ED71A9-AAD3-4BF9-948D-F6F6E40686B7}.Home|Any CPU.Build.0 = Release|Any CPU
		{16ED71A9-AAD3-4BF9-948D-F6F6E40686B7}.Home|x86.ActiveCfg = Release|x86
		{16ED71A9-AAD3-4BF9-948D-F6F6E40686B7}.Home|x86.Build.0 = Release|x86
		{16ED71A9-AAD3-4BF9-948D-F6F6E40686B7}.Release|Any CPU.ActiveCfg = Release|Any CPU
		{16ED71A9-AAD3-4BF9-948D-F6F6E40686B7}.Release|Any CPU.Build.0 = Release|Any CPU
		{16ED71A9-AAD3-4BF9-948D-F6F6E40686B7}.Release|x86.ActiveCfg = Release|x86
		{16ED71A9-AAD3-4BF9-948D-F6F6E40686B7}.Release|x86.Build.0 = Release|x86
		{16ED71A9-AAD3-4BF9-948D-F6F6E40686B7}.Work|Any CPU.ActiveCfg = Release|Any CPU
		{16ED71A9-AAD3-4BF9-948D-F6F6E40686B7}.Work|Any CPU.Build.0 = Release|Any CPU
		{16ED71A9-AAD3-4BF9-948D-F6F6E40686B7}.Work|x86.ActiveCfg = Release|x86
		{16ED71A9-AAD3-4BF9-948D-F6F6E40686B7}.Work|x86.Build.0 = Release|x86
		{AF2B844F-079D-4171-BEED-3999913EC4AB}.Debug|Any CPU.ActiveCfg = Debug|x86
		{AF2B844F-079D-4171-BEED-3999913EC4AB}.Debug|Any CPU.Build.0 = Debug|x86
		{AF2B844F-079D-4171-BEED-3999913EC4AB}.Debug|x86.ActiveCfg = Debug|x86
		{AF2B844F-079D-4171-BEED-3999913EC4AB}.Debug|x86.Build.0 = Debug|x86
		{AF2B844F-079D-4171-BEED-3999913EC4AB}.Home|Any CPU.ActiveCfg = Release|Any CPU
		{AF2B844F-079D-4171-BEED-3999913EC4AB}.Home|Any CPU.Build.0 = Release|Any CPU
		{AF2B844F-079D-4171-BEED-3999913EC4AB}.Home|x86.ActiveCfg = Release|x86
		{AF2B844F-079D-4171-BEED-3999913EC4AB}.Home|x86.Build.0 = Release|x86
		{AF2B844F-079D-4171-BEED-3999913EC4AB}.Release|Any CPU.ActiveCfg = Release|Any CPU
		{AF2B844F-079D-4171-BEED-3999913EC4AB}.Release|Any CPU.Build.0 = Release|Any CPU
		{AF2B844F-079D-4171-BEED-3999913EC4AB}.Release|x86.ActiveCfg = Release|x86
		{AF2B844F-079D-4171-BEED-3999913EC4AB}.Release|x86.Build.0 = Release|x86
		{AF2B844F-079D-4171-BEED-3999913EC4AB}.Work|Any CPU.ActiveCfg = Release|Any CPU
		{AF2B844F-079D-4171-BEED-3999913EC4AB}.Work|Any CPU.Build.0 = Release|Any CPU
		{AF2B844F-079D-4171-BEED-3999913EC4AB}.Work|x86.ActiveCfg = Release|x86
		{AF2B844F-079D-4171-BEED-3999913EC4AB}.Work|x86.Build.0 = Release|x86
		{79CE078A-1BE1-4809-8F14-09A885309EC2}.Debug|Any CPU.ActiveCfg = Debug|x86
		{79CE078A-1BE1-4809-8F14-09A885309EC2}.Debug|Any CPU.Build.0 = Debug|x86
		{79CE078A-1BE1-4809-8F14-09A885309EC2}.Debug|x86.ActiveCfg = Debug|x86
		{79CE078A-1BE1-4809-8F14-09A885309EC2}.Debug|x86.Build.0 = Debug|x86
		{79CE078A-1BE1-4809-8F14-09A885309EC2}.Home|Any CPU.ActiveCfg = Release|Any CPU
		{79CE078A-1BE1-4809-8F14-09A885309EC2}.Home|Any CPU.Build.0 = Release|Any CPU
		{79CE078A-1BE1-4809-8F14-09A885309EC2}.Home|x86.ActiveCfg = Release|x86
		{79CE078A-1BE1-4809-8F14-09A885309EC2}.Home|x86.Build.0 = Release|x86
		{79CE078A-1BE1-4809-8F14-09A885309EC2}.Release|Any CPU.ActiveCfg = Release|Any CPU
		{79CE078A-1BE1-4809-8F14-09A885309EC2}.Release|Any CPU.Build.0 = Release|Any CPU
		{79CE078A-1BE1-4809-8F14-09A885309EC2}.Release|x86.ActiveCfg = Release|x86
		{79CE078A-1BE1-4809-8F14-09A885309EC2}.Release|x86.Build.0 = Release|x86
		{79CE078A-1BE1-4809-8F14-09A885309EC2}.Work|Any CPU.ActiveCfg = Release|Any CPU
		{79CE078A-1BE1-4809-8F14-09A885309EC2}.Work|Any CPU.Build.0 = Release|Any CPU
		{79CE078A-1BE1-4809-8F14-09A885309EC2}.Work|x86.ActiveCfg = Release|x86
		{79CE078A-1BE1-4809-8F14-09A885309EC2}.Work|x86.Build.0 = Release|x86
		{03416378-07C6-40AC-906B-E27F31E959F8}.Debug|Any CPU.ActiveCfg = Debug|x86
		{03416378-07C6-40AC-906B-E27F31E959F8}.Debug|Any CPU.Build.0 = Debug|x86
		{03416378-07C6-40AC-906B-E27F31E959F8}.Debug|x86.ActiveCfg = Debug|x86
		{03416378-07C6-40AC-906B-E27F31E959F8}.Debug|x86.Build.0 = Debug|x86
		{03416378-07C6-40AC-906B-E27F31E959F8}.Home|Any CPU.ActiveCfg = Release|Any CPU
		{03416378-07C6-40AC-906B-E27F31E959F8}.Home|Any CPU.Build.0 = Release|Any CPU
		{03416378-07C6-40AC-906B-E27F31E959F8}.Home|x86.ActiveCfg = Release|x86
		{03416378-07C6-40AC-906B-E27F31E959F8}.Home|x86.Build.0 = Release|x86
		{03416378-07C6-40AC-906B-E27F31E959F8}.Release|Any CPU.ActiveCfg = Release|Any CPU
		{03416378-07C6-40AC-906B-E27F31E959F8}.Release|Any CPU.Build.0 = Release|Any CPU
		{03416378-07C6-40AC-906B-E27F31E959F8}.Release|x86.ActiveCfg = Release|x86
		{03416378-07C6-40AC-906B-E27F31E959F8}.Release|x86.Build.0 = Release|x86
		{03416378-07C6-40AC-906B-E27F31E959F8}.Work|Any CPU.ActiveCfg = Release|Any CPU
		{03416378-07C6-40AC-906B-E27F31E959F8}.Work|Any CPU.Build.0 = Release|Any CPU
		{03416378-07C6-40AC-906B-E27F31E959F8}.Work|x86.ActiveCfg = Release|x86
		{03416378-07C6-40AC-906B-E27F31E959F8}.Work|x86.Build.0 = Release|x86
		{E278D36A-8920-4D81-A6C3-0B4730433C8F}.Debug|Any CPU.ActiveCfg = Debug|x86
		{E278D36A-8920-4D81-A6C3-0B4730433C8F}.Debug|Any CPU.Build.0 = Debug|x86
		{E278D36A-8920-4D81-A6C3-0B4730433C8F}.Debug|x86.ActiveCfg = Debug|x86
		{E278D36A-8920-4D81-A6C3-0B4730433C8F}.Debug|x86.Build.0 = Debug|x86
		{E278D36A-8920-4D81-A6C3-0B4730433C8F}.Home|Any CPU.ActiveCfg = Release|Any CPU
		{E278D36A-8920-4D81-A6C3-0B4730433C8F}.Home|Any CPU.Build.0 = Release|Any CPU
		{E278D36A-8920-4D81-A6C3-0B4730433C8F}.Home|x86.ActiveCfg = Release|x86
		{E278D36A-8920-4D81-A6C3-0B4730433C8F}.Home|x86.Build.0 = Release|x86
		{E278D36A-8920-4D81-A6C3-0B4730433C8F}.Release|Any CPU.ActiveCfg = Release|Any CPU
		{E278D36A-8920-4D81-A6C3-0B4730433C8F}.Release|Any CPU.Build.0 = Release|Any CPU
		{E278D36A-8920-4D81-A6C3-0B4730433C8F}.Release|x86.ActiveCfg = Release|x86
		{E278D36A-8920-4D81-A6C3-0B4730433C8F}.Release|x86.Build.0 = Release|x86
		{E278D36A-8920-4D81-A6C3-0B4730433C8F}.Work|Any CPU.ActiveCfg = Release|Any CPU
		{E278D36A-8920-4D81-A6C3-0B4730433C8F}.Work|Any CPU.Build.0 = Release|Any CPU
		{E278D36A-8920-4D81-A6C3-0B4730433C8F}.Work|x86.ActiveCfg = Release|x86
		{E278D36A-8920-4D81-A6C3-0B4730433C8F}.Work|x86.Build.0 = Release|x86
		{F2893C49-F696-4862-BD6F-B657EC59482A}.Debug|Any CPU.ActiveCfg = Debug|x86
		{F2893C49-F696-4862-BD6F-B657EC59482A}.Debug|Any CPU.Build.0 = Debug|x86
		{F2893C49-F696-4862-BD6F-B657EC59482A}.Debug|x86.ActiveCfg = Debug|Any CPU
		{F2893C49-F696-4862-BD6F-B657EC59482A}.Home|Any CPU.ActiveCfg = Release|Any CPU
		{F2893C49-F696-4862-BD6F-B657EC59482A}.Home|Any CPU.Build.0 = Release|Any CPU
		{F2893C49-F696-4862-BD6F-B657EC59482A}.Home|x86.ActiveCfg = Release|Any CPU
		{F2893C49-F696-4862-BD6F-B657EC59482A}.Release|Any CPU.ActiveCfg = Release|Any CPU
		{F2893C49-F696-4862-BD6F-B657EC59482A}.Release|Any CPU.Build.0 = Release|Any CPU
		{F2893C49-F696-4862-BD6F-B657EC59482A}.Release|x86.ActiveCfg = Release|Any CPU
		{F2893C49-F696-4862-BD6F-B657EC59482A}.Work|Any CPU.ActiveCfg = Release|Any CPU
		{F2893C49-F696-4862-BD6F-B657EC59482A}.Work|Any CPU.Build.0 = Release|Any CPU
		{F2893C49-F696-4862-BD6F-B657EC59482A}.Work|x86.ActiveCfg = Release|Any CPU
		{F9AFFBF0-166C-4672-80BA-FABA59EF9E07}.Debug|Any CPU.ActiveCfg = Debug|x86
		{F9AFFBF0-166C-4672-80BA-FABA59EF9E07}.Debug|Any CPU.Build.0 = Debug|x86
		{F9AFFBF0-166C-4672-80BA-FABA59EF9E07}.Debug|x86.ActiveCfg = Debug|Any CPU
		{F9AFFBF0-166C-4672-80BA-FABA59EF9E07}.Home|Any CPU.ActiveCfg = Release|Any CPU
		{F9AFFBF0-166C-4672-80BA-FABA59EF9E07}.Home|Any CPU.Build.0 = Release|Any CPU
		{F9AFFBF0-166C-4672-80BA-FABA59EF9E07}.Home|x86.ActiveCfg = Release|Any CPU
		{F9AFFBF0-166C-4672-80BA-FABA59EF9E07}.Release|Any CPU.ActiveCfg = Release|Any CPU
		{F9AFFBF0-166C-4672-80BA-FABA59EF9E07}.Release|Any CPU.Build.0 = Release|Any CPU
		{F9AFFBF0-166C-4672-80BA-FABA59EF9E07}.Release|x86.ActiveCfg = Release|Any CPU
		{F9AFFBF0-166C-4672-80BA-FABA59EF9E07}.Work|Any CPU.ActiveCfg = Release|Any CPU
		{F9AFFBF0-166C-4672-80BA-FABA59EF9E07}.Work|Any CPU.Build.0 = Release|Any CPU
		{F9AFFBF0-166C-4672-80BA-FABA59EF9E07}.Work|x86.ActiveCfg = Release|Any CPU
		{1841B62B-C81E-4E08-962F-62CDB15A248D}.Debug|Any CPU.ActiveCfg = Debug|x86
		{1841B62B-C81E-4E08-962F-62CDB15A248D}.Debug|Any CPU.Build.0 = Debug|x86
		{1841B62B-C81E-4E08-962F-62CDB15A248D}.Debug|x86.ActiveCfg = Debug|Any CPU
		{1841B62B-C81E-4E08-962F-62CDB15A248D}.Home|Any CPU.ActiveCfg = Release|Any CPU
		{1841B62B-C81E-4E08-962F-62CDB15A248D}.Home|Any CPU.Build.0 = Release|Any CPU
		{1841B62B-C81E-4E08-962F-62CDB15A248D}.Home|x86.ActiveCfg = Release|Any CPU
		{1841B62B-C81E-4E08-962F-62CDB15A248D}.Release|Any CPU.ActiveCfg = Release|Any CPU
		{1841B62B-C81E-4E08-962F-62CDB15A248D}.Release|Any CPU.Build.0 = Release|Any CPU
		{1841B62B-C81E-4E08-962F-62CDB15A248D}.Release|x86.ActiveCfg = Release|Any CPU
		{1841B62B-C81E-4E08-962F-62CDB15A248D}.Work|Any CPU.ActiveCfg = Release|Any CPU
		{1841B62B-C81E-4E08-962F-62CDB15A248D}.Work|Any CPU.Build.0 = Release|Any CPU
		{1841B62B-C81E-4E08-962F-62CDB15A248D}.Work|x86.ActiveCfg = Release|Any CPU
		{101243BD-E350-43FF-944F-1A5A01D5B0D3}.Debug|Any CPU.ActiveCfg = Debug|Any CPU
		{101243BD-E350-43FF-944F-1A5A01D5B0D3}.Debug|Any CPU.Build.0 = Debug|Any CPU
		{101243BD-E350-43FF-944F-1A5A01D5B0D3}.Debug|x86.ActiveCfg = Debug|Any CPU
		{101243BD-E350-43FF-944F-1A5A01D5B0D3}.Home|Any CPU.ActiveCfg = Release|Any CPU
		{101243BD-E350-43FF-944F-1A5A01D5B0D3}.Home|Any CPU.Build.0 = Release|Any CPU
		{101243BD-E350-43FF-944F-1A5A01D5B0D3}.Home|x86.ActiveCfg = Release|Any CPU
		{101243BD-E350-43FF-944F-1A5A01D5B0D3}.Release|Any CPU.ActiveCfg = Release|Any CPU
		{101243BD-E350-43FF-944F-1A5A01D5B0D3}.Release|Any CPU.Build.0 = Release|Any CPU
		{101243BD-E350-43FF-944F-1A5A01D5B0D3}.Release|x86.ActiveCfg = Release|Any CPU
		{101243BD-E350-43FF-944F-1A5A01D5B0D3}.Work|Any CPU.ActiveCfg = Release|Any CPU
		{101243BD-E350-43FF-944F-1A5A01D5B0D3}.Work|Any CPU.Build.0 = Release|Any CPU
		{101243BD-E350-43FF-944F-1A5A01D5B0D3}.Work|x86.ActiveCfg = Release|Any CPU
		{58161B57-13DE-417C-AEDD-E6DB96B432E2}.Debug|Any CPU.ActiveCfg = Debug|Any CPU
		{58161B57-13DE-417C-AEDD-E6DB96B432E2}.Debug|Any CPU.Build.0 = Debug|Any CPU
		{58161B57-13DE-417C-AEDD-E6DB96B432E2}.Debug|x86.ActiveCfg = Debug|Any CPU
		{58161B57-13DE-417C-AEDD-E6DB96B432E2}.Home|Any CPU.ActiveCfg = Release|Any CPU
		{58161B57-13DE-417C-AEDD-E6DB96B432E2}.Home|Any CPU.Build.0 = Release|Any CPU
		{58161B57-13DE-417C-AEDD-E6DB96B432E2}.Home|x86.ActiveCfg = Release|Any CPU
		{58161B57-13DE-417C-AEDD-E6DB96B432E2}.Release|Any CPU.ActiveCfg = Release|Any CPU
		{58161B57-13DE-417C-AEDD-E6DB96B432E2}.Release|Any CPU.Build.0 = Release|Any CPU
		{58161B57-13DE-417C-AEDD-E6DB96B432E2}.Release|x86.ActiveCfg = Release|Any CPU
		{58161B57-13DE-417C-AEDD-E6DB96B432E2}.Work|Any CPU.ActiveCfg = Release|Any CPU
		{58161B57-13DE-417C-AEDD-E6DB96B432E2}.Work|Any CPU.Build.0 = Release|Any CPU
		{58161B57-13DE-417C-AEDD-E6DB96B432E2}.Work|x86.ActiveCfg = Release|Any CPU
	EndGlobalSection
	GlobalSection(SolutionProperties) = preSolution
		HideSolutionNode = FALSE
	EndGlobalSection
	GlobalSection(NestedProjects) = preSolution
		{F3A90F67-E5F7-400C-A324-28ACFA02F24F} = {8C290C9F-8A88-4A34-AD47-6D0D9E188ECF}
		{9FEBA9F9-0E3E-4080-8344-E6BF033448BE} = {8C290C9F-8A88-4A34-AD47-6D0D9E188ECF}
		{17D383F6-7651-42C0-AC15-06E4A1395D58} = {8C290C9F-8A88-4A34-AD47-6D0D9E188ECF}
		{16ED71A9-AAD3-4BF9-948D-F6F6E40686B7} = {8C290C9F-8A88-4A34-AD47-6D0D9E188ECF}
		{AF2B844F-079D-4171-BEED-3999913EC4AB} = {8C290C9F-8A88-4A34-AD47-6D0D9E188ECF}
		{79CE078A-1BE1-4809-8F14-09A885309EC2} = {8C290C9F-8A88-4A34-AD47-6D0D9E188ECF}
		{03416378-07C6-40AC-906B-E27F31E959F8} = {8C290C9F-8A88-4A34-AD47-6D0D9E188ECF}
		{E278D36A-8920-4D81-A6C3-0B4730433C8F} = {8C290C9F-8A88-4A34-AD47-6D0D9E188ECF}
		{F2893C49-F696-4862-BD6F-B657EC59482A} = {8C290C9F-8A88-4A34-AD47-6D0D9E188ECF}
		{58161B57-13DE-417C-AEDD-E6DB96B432E2} = {8C290C9F-8A88-4A34-AD47-6D0D9E188ECF}
	EndGlobalSection
EndGlobal
